{
  "version": 4,
  "terraform_version": "0.14.8",
  "serial": 57,
  "lineage": "8d53079a-3ae9-2c12-59d5-dadcf2cac93b",
  "outputs": {
    "app-publicip": {
      "value": "152.67.113.103",
      "type": "string"
    },
    "mysql-ip": {
      "value": "172.16.2.3",
      "type": "string"
    },
    "show-ads": {
      "value": [
        {
          "compartment_id": "ocid1.compartment.oc1..aaaaaaaacmdop4fwrdak5aunv6aeex3trwbujhk4jdqegna4lo7ittea5wdq",
          "id": "ocid1.availabilitydomain.oc1..aaaaaaaalhnzffyixz4hyhp7gtcdskahy22cekpcgndvwdjffrdv6d5iqi5a",
          "name": "dTZF:AP-SYDNEY-1-AD-1"
        }
      ],
      "type": [
        "list",
        [
          "object",
          {
            "compartment_id": "string",
            "id": "string",
            "name": "string"
          }
        ]
      ]
    }
  },
  "resources": [
    {
      "mode": "data",
      "type": "oci_identity_availability_domains",
      "name": "ads",
      "provider": "provider[\"registry.terraform.io/hashicorp/oci\"]",
      "instances": [
        {
          "schema_version": 0,
          "attributes": {
            "availability_domains": [
              {
                "compartment_id": "ocid1.compartment.oc1..aaaaaaaacmdop4fwrdak5aunv6aeex3trwbujhk4jdqegna4lo7ittea5wdq",
                "id": "ocid1.availabilitydomain.oc1..aaaaaaaalhnzffyixz4hyhp7gtcdskahy22cekpcgndvwdjffrdv6d5iqi5a",
                "name": "dTZF:AP-SYDNEY-1-AD-1"
              }
            ],
            "compartment_id": "ocid1.compartment.oc1..aaaaaaaacmdop4fwrdak5aunv6aeex3trwbujhk4jdqegna4lo7ittea5wdq",
            "filter": null,
            "id": "IdentityAvailabilityDomainsDataSource-1899402908"
          },
          "sensitive_attributes": []
        }
      ]
    },
    {
      "mode": "data",
      "type": "oci_mysql_mysql_configurations",
      "name": "shape",
      "provider": "provider[\"registry.terraform.io/hashicorp/oci\"]",
      "instances": [
        {
          "schema_version": 0,
          "attributes": {
            "compartment_id": "ocid1.compartment.oc1..aaaaaaaacmdop4fwrdak5aunv6aeex3trwbujhk4jdqegna4lo7ittea5wdq",
            "configuration_id": null,
            "configurations": [
              {
                "compartment_id": "",
                "defined_tags": {},
                "description": "Default Standalone configuration for the MySQL.VM.Standard.E3.1.8GB MySQL Shape",
                "display_name": "MySQL.VM.Standard.E3.1.8GB.Standalone",
                "freeform_tags": {},
                "id": "ocid1.mysqlconfiguration.oc1..aaaaaaaalwzc2a22xqm56fwjwfymixnulmbq3v77p5v4lcbb6qhkftxf2trq",
                "parent_configuration_id": "",
                "shape_name": "MySQL.VM.Standard.E3.1.8GB",
                "state": "ACTIVE",
                "time_created": "2018-09-21 10:00:00 +0000 UTC",
                "time_updated": "",
                "type": "DEFAULT",
                "variables": []
              },
              {
                "compartment_id": "",
                "defined_tags": {},
                "description": "Default HA configuration for the MySQL.VM.Standard.E3.1.8GB MySQL Shape",
                "display_name": "MySQL.VM.Standard.E3.1.8GB.HA",
                "freeform_tags": {},
                "id": "ocid1.mysqlconfiguration.oc1..aaaaaaaantprksu6phqfgr5xvyut46wdfesdszonbclybfwvahgysfjbrb4q",
                "parent_configuration_id": "",
                "shape_name": "MySQL.VM.Standard.E3.1.8GB",
                "state": "ACTIVE",
                "time_created": "2018-09-21 10:00:00 +0000 UTC",
                "time_updated": "",
                "type": "DEFAULT",
                "variables": []
              }
            ],
            "display_name": null,
            "filter": null,
            "id": "MysqlMysqlConfigurationsDataSource-268080294",
            "shape_name": "MySQL.VM.Standard.E3.1.8GB",
            "state": null,
            "type": [
              "DEFAULT"
            ]
          },
          "sensitive_attributes": []
        }
      ]
    },
    {
      "mode": "managed",
      "type": "tls_private_key",
      "name": "public_private_key_pair",
      "provider": "provider[\"registry.terraform.io/hashicorp/tls\"]",
      "instances": [
        {
          "schema_version": 0,
          "attributes": {
            "algorithm": "RSA",
            "ecdsa_curve": "P224",
            "id": "ef8c852940bd068582315ed2ea663abfdc98c1ef",
            "private_key_pem": "-----BEGIN RSA PRIVATE KEY-----\nMIIEogIBAAKCAQEA4hQOzb0fV8khjCMCg9RnoBF37HAyhYhr8KpVoKt4+Woa4paI\nDD4F72E8F/vNV9FGe5eoVlFulSjbxeQ7yClTnaQDBvGpxzGB1rrp92cQqxYwRYHx\nnVuWPxQQzQlGWhbyj27BmWZ6SxUE2FsRokKJWT8UlVF2j3RsPoGA73lgUkARYLK4\nnjOQYQrJP0xJKWSu/N+WFg2SHo0mHzFh/PFeT87rGg1sQ50n02Mvxu7bk5ei8/D5\neLl9nKf9m3mRugVSbWRxVgeoJDcQ5/hP8nvrhwNI3EV9y3EJ6EsH9gG1jxWKOK7Y\nAlMvPe+1Q+tak1/USdizruJ7ueWvKzANh/LFrQIDAQABAoIBAFwoJvyw+kTTpUw1\nvUG15OP4GvWTqtSKDs4U8UDEhVTObtUs3Zp38f1pmpCAQW1pzpx07tb47OX6uNPL\nPJ9UUVRyVhWPj1C2mqHIobULG11SdyzuUmp9uhpOeKbMABSbRBc548s/XdybXdVA\nEkkdbFWoBCD2CylhIPq92axEwwHjfXYlglXIiFnYvpN32w97ufgS97WVQmT/ySXD\nK3AMJUocq4DrVxVTgsa5LTTto17XxuCqt9EPXsQ7zhqJlGjHDOIrt6zXPlUTKgQj\nLEjZ8Ioj8iW0+Qtv5bk9VIpgZp1mwIo0Aomj9PKm9QHL3cNIoqQoSfTjGJntoV1W\nosfF0/UCgYEA/1uDcdwPusD3KgiCnI/GRms6LQZqgkKfvQesMkuuNeN6IXM0S4oO\nU9aoo6S9IvQV+8TbISu4gkXXXSNLFE71kOk7fP961E/f6XUkDx3bzU3MciMzr145\n3Vl/b7J0RuvkBCO0ztockzFbGwsMMuHeeEBck4IrStYghAvs4jplQk8CgYEA4qWv\nOBWk8KKWHTk8n1WfWlJLxFcHIjKhGkT8n08QQuXDQBjVxh1a90SqfNHMJHYeHvZq\n4tp4blMterN2eaOkgDLsGLy2GSM4TBIK7/F+64pJx+bkfhKEN4Td/tu8G/hScM8V\n1mRDT3zXh+Ij+N8HUNspwJYTfHe7vvQj+f8TJUMCgYB3XqQ3mZOQzZu8/nVwEpWx\nXXa4jYNEmThq+Sc5677oWgpBkMUlesfv0SzMMrpnmIqeQwvcmb+KxnNCirkSKUcK\nEr1IVXVpwlz9mVDd8CtL8c5cnLAQjo+mNawo3tcUQDk65iYjfDpXZH8eSS/OqV+B\n/zRHkFYEicxxbdGyf3HOaQKBgFXdyZVo9dVI87Bcp/ABo163wQbApe452jk2m7LL\nZHDD1YYqIottQbJebGzfmwTRTzYRy4rolCnQD3HmHeOVsNP09uekTyUU59ZCG6yu\nBJS+DpfSjQyKfVb/Wo+cthaurKUaf756u9mYhZtwfIpkDMSAU8An23gTcKi2nA6x\nqZI7AoGAPJ18/7g/eBkOnr/kMoGcPM2ZnBgUlIEEbz1SrfGThOY5FdVk3aGmUx3l\nIcXF++ACpXOJLRcYcaFrolm3UrJ5fo4YTSHWSIoQVHabiWTTZhI6PTTan8GScgMB\n2X+Hhxgw7mJe9o+EUHVXL2+YVnOF4Ozwe6TaXmkhlckr8QjfNX4=\n-----END RSA PRIVATE KEY-----\n",
            "public_key_fingerprint_md5": "9b:de:6e:48:4b:7e:ac:40:f6:63:19:96:cb:53:64:ee",
            "public_key_openssh": "ssh-rsa AAAAB3NzaC1yc2EAAAADAQABAAABAQDiFA7NvR9XySGMIwKD1GegEXfscDKFiGvwqlWgq3j5ahrilogMPgXvYTwX+81X0UZ7l6hWUW6VKNvF5DvIKVOdpAMG8anHMYHWuun3ZxCrFjBFgfGdW5Y/FBDNCUZaFvKPbsGZZnpLFQTYWxGiQolZPxSVUXaPdGw+gYDveWBSQBFgsrieM5BhCsk/TEkpZK7835YWDZIejSYfMWH88V5PzusaDWxDnSfTYy/G7tuTl6Lz8Pl4uX2cp/2beZG6BVJtZHFWB6gkNxDn+E/ye+uHA0jcRX3LcQnoSwf2AbWPFYo4rtgCUy8977VD61qTX9RJ2LOu4nu55a8rMA2H8sWt\n",
            "public_key_pem": "-----BEGIN PUBLIC KEY-----\nMIIBIjANBgkqhkiG9w0BAQEFAAOCAQ8AMIIBCgKCAQEA4hQOzb0fV8khjCMCg9Rn\noBF37HAyhYhr8KpVoKt4+Woa4paIDD4F72E8F/vNV9FGe5eoVlFulSjbxeQ7yClT\nnaQDBvGpxzGB1rrp92cQqxYwRYHxnVuWPxQQzQlGWhbyj27BmWZ6SxUE2FsRokKJ\nWT8UlVF2j3RsPoGA73lgUkARYLK4njOQYQrJP0xJKWSu/N+WFg2SHo0mHzFh/PFe\nT87rGg1sQ50n02Mvxu7bk5ei8/D5eLl9nKf9m3mRugVSbWRxVgeoJDcQ5/hP8nvr\nhwNI3EV9y3EJ6EsH9gG1jxWKOK7YAlMvPe+1Q+tak1/USdizruJ7ueWvKzANh/LF\nrQIDAQAB\n-----END PUBLIC KEY-----\n",
            "rsa_bits": 2048
          },
          "sensitive_attributes": [],
          "private": "bnVsbA=="
        }
      ]
    },
    {
      "module": "module.a_vcn",
      "mode": "managed",
      "type": "oci_core_internet_gateway",
      "name": "ig01",
      "provider": "provider[\"registry.terraform.io/hashicorp/oci\"]",
      "instances": [
        {
          "schema_version": 0,
          "attributes": {
            "compartment_id": "ocid1.compartment.oc1..aaaaaaaacmdop4fwrdak5aunv6aeex3trwbujhk4jdqegna4lo7ittea5wdq",
            "defined_tags": {
              "owner.owner": "speciallist2.admin02"
            },
            "display_name": "ig01",
            "enabled": true,
            "freeform_tags": {},
            "id": "ocid1.internetgateway.oc1.ap-sydney-1.aaaaaaaacdbynoonls5uic3rsy3anlekfobot26diwhefjhzupgx5zwoefqa",
            "state": "AVAILABLE",
            "time_created": "2021-03-23 13:45:23.792 +0000 UTC",
            "timeouts": null,
            "vcn_id": "ocid1.vcn.oc1.ap-sydney-1.amaaaaaacuco5yqa43nqksxdtzwce6l5vem5judzhn2pxkuud7k57yhcqteq"
          },
          "sensitive_attributes": [],
          "private": "eyJlMmJmYjczMC1lY2FhLTExZTYtOGY4OC0zNDM2M2JjN2M0YzAiOnsiY3JlYXRlIjoxMjAwMDAwMDAwMDAwLCJkZWxldGUiOjEyMDAwMDAwMDAwMDAsInVwZGF0ZSI6MTIwMDAwMDAwMDAwMH19",
          "dependencies": [
            "module.a_vcn.oci_core_vcn.prod_vcn"
          ]
        }
      ]
    },
    {
      "module": "module.a_vcn",
      "mode": "managed",
      "type": "oci_core_nat_gateway",
      "name": "nat_gateway",
      "provider": "provider[\"registry.terraform.io/hashicorp/oci\"]",
      "instances": [
        {
          "schema_version": 0,
          "attributes": {
            "block_traffic": false,
            "compartment_id": "ocid1.compartment.oc1..aaaaaaaacmdop4fwrdak5aunv6aeex3trwbujhk4jdqegna4lo7ittea5wdq",
            "defined_tags": {
              "owner.owner": "speciallist2.admin02"
            },
            "display_name": "nat-gw",
            "freeform_tags": {},
            "id": "ocid1.natgateway.oc1.ap-sydney-1.aaaaaaaalebtoyvltyfsxfe7nu5e6i77kw2aeooxs5oqrmj5wwrbgohb3aza",
            "nat_ip": "168.138.104.89",
            "public_ip_id": "ocid1.publicip.oc1.ap-sydney-1.aaaaaaaavscsm2gosfvurozxl7d6ok5yhm2h7tnnbctg7k7km2dshrmldk5q",
            "state": "AVAILABLE",
            "time_created": "2021-03-23 13:45:23.264 +0000 UTC",
            "timeouts": null,
            "vcn_id": "ocid1.vcn.oc1.ap-sydney-1.amaaaaaacuco5yqa43nqksxdtzwce6l5vem5judzhn2pxkuud7k57yhcqteq"
          },
          "sensitive_attributes": [],
          "private": "eyJlMmJmYjczMC1lY2FhLTExZTYtOGY4OC0zNDM2M2JjN2M0YzAiOnsiY3JlYXRlIjoxMjAwMDAwMDAwMDAwLCJkZWxldGUiOjEyMDAwMDAwMDAwMDAsInVwZGF0ZSI6MTIwMDAwMDAwMDAwMH19",
          "dependencies": [
            "module.a_vcn.oci_core_vcn.prod_vcn"
          ]
        }
      ]
    },
    {
      "module": "module.a_vcn",
      "mode": "managed",
      "type": "oci_core_route_table",
      "name": "ig_route",
      "provider": "provider[\"registry.terraform.io/hashicorp/oci\"]",
      "instances": [
        {
          "schema_version": 0,
          "attributes": {
            "compartment_id": "ocid1.compartment.oc1..aaaaaaaacmdop4fwrdak5aunv6aeex3trwbujhk4jdqegna4lo7ittea5wdq",
            "defined_tags": {
              "owner.owner": "speciallist2.admin02"
            },
            "display_name": "public-route-table",
            "freeform_tags": {},
            "id": "ocid1.routetable.oc1.ap-sydney-1.aaaaaaaavsjcybypnk2mpdyp5nzfvh2hxf5inebcam7cf3ue2xrmg4ohjy2a",
            "route_rules": [
              {
                "cidr_block": "",
                "description": "",
                "destination": "0.0.0.0/0",
                "destination_type": "CIDR_BLOCK",
                "network_entity_id": "ocid1.internetgateway.oc1.ap-sydney-1.aaaaaaaacdbynoonls5uic3rsy3anlekfobot26diwhefjhzupgx5zwoefqa"
              }
            ],
            "state": "AVAILABLE",
            "time_created": "2021-03-23 13:45:24.848 +0000 UTC",
            "timeouts": null,
            "vcn_id": "ocid1.vcn.oc1.ap-sydney-1.amaaaaaacuco5yqa43nqksxdtzwce6l5vem5judzhn2pxkuud7k57yhcqteq"
          },
          "sensitive_attributes": [],
          "private": "eyJlMmJmYjczMC1lY2FhLTExZTYtOGY4OC0zNDM2M2JjN2M0YzAiOnsiY3JlYXRlIjoxMjAwMDAwMDAwMDAwLCJkZWxldGUiOjEyMDAwMDAwMDAwMDAsInVwZGF0ZSI6MTIwMDAwMDAwMDAwMH19",
          "dependencies": [
            "module.a_vcn.oci_core_internet_gateway.ig01",
            "module.a_vcn.oci_core_vcn.prod_vcn"
          ]
        }
      ]
    },
    {
      "module": "module.a_vcn",
      "mode": "managed",
      "type": "oci_core_route_table",
      "name": "nat_route",
      "provider": "provider[\"registry.terraform.io/hashicorp/oci\"]",
      "instances": [
        {
          "schema_version": 0,
          "attributes": {
            "compartment_id": "ocid1.compartment.oc1..aaaaaaaacmdop4fwrdak5aunv6aeex3trwbujhk4jdqegna4lo7ittea5wdq",
            "defined_tags": {
              "owner.owner": "speciallist2.admin02"
            },
            "display_name": "private-route-table",
            "freeform_tags": {},
            "id": "ocid1.routetable.oc1.ap-sydney-1.aaaaaaaa7olam7c4hgbjae653b4feuwbu7ioqiqov4qqodsqusqn3a5w6bgq",
            "route_rules": [
              {
                "cidr_block": "",
                "description": "",
                "destination": "0.0.0.0/0",
                "destination_type": "CIDR_BLOCK",
                "network_entity_id": "ocid1.natgateway.oc1.ap-sydney-1.aaaaaaaalebtoyvltyfsxfe7nu5e6i77kw2aeooxs5oqrmj5wwrbgohb3aza"
              }
            ],
            "state": "AVAILABLE",
            "time_created": "2021-03-23 13:45:24.97 +0000 UTC",
            "timeouts": null,
            "vcn_id": "ocid1.vcn.oc1.ap-sydney-1.amaaaaaacuco5yqa43nqksxdtzwce6l5vem5judzhn2pxkuud7k57yhcqteq"
          },
          "sensitive_attributes": [],
          "private": "eyJlMmJmYjczMC1lY2FhLTExZTYtOGY4OC0zNDM2M2JjN2M0YzAiOnsiY3JlYXRlIjoxMjAwMDAwMDAwMDAwLCJkZWxldGUiOjEyMDAwMDAwMDAwMDAsInVwZGF0ZSI6MTIwMDAwMDAwMDAwMH19",
          "dependencies": [
            "module.a_vcn.oci_core_nat_gateway.nat_gateway",
            "module.a_vcn.oci_core_vcn.prod_vcn"
          ]
        }
      ]
    },
    {
      "module": "module.a_vcn",
      "mode": "managed",
      "type": "oci_core_security_list",
      "name": "app-security-list",
      "provider": "provider[\"registry.terraform.io/hashicorp/oci\"]",
      "instances": [
        {
          "schema_version": 0,
          "attributes": {
            "compartment_id": "ocid1.compartment.oc1..aaaaaaaacmdop4fwrdak5aunv6aeex3trwbujhk4jdqegna4lo7ittea5wdq",
            "defined_tags": {
              "owner.owner": "speciallist2.admin02"
            },
            "display_name": "app-security-list",
            "egress_security_rules": [
              {
                "description": "",
                "destination": "0.0.0.0/0",
                "destination_type": "CIDR_BLOCK",
                "icmp_options": [],
                "protocol": "all",
                "stateless": false,
                "tcp_options": [],
                "udp_options": []
              }
            ],
            "freeform_tags": {},
            "id": "ocid1.securitylist.oc1.ap-sydney-1.aaaaaaaa7btttvdm5624ooc3ihy4pdtmptaw7kqgknx7vd4dbhiqzkqz6yva",
            "ingress_security_rules": [
              {
                "description": "",
                "icmp_options": [],
                "protocol": "6",
                "source": "0.0.0.0/0",
                "source_type": "CIDR_BLOCK",
                "stateless": false,
                "tcp_options": [
                  {
                    "max": 22,
                    "min": 22,
                    "source_port_range": []
                  }
                ],
                "udp_options": []
              },
              {
                "description": "",
                "icmp_options": [],
                "protocol": "6",
                "source": "0.0.0.0/0",
                "source_type": "CIDR_BLOCK",
                "stateless": false,
                "tcp_options": [
                  {
                    "max": 80,
                    "min": 80,
                    "source_port_range": []
                  }
                ],
                "udp_options": []
              }
            ],
            "state": "AVAILABLE",
            "time_created": "2021-03-23 13:45:24.12 +0000 UTC",
            "timeouts": null,
            "vcn_id": "ocid1.vcn.oc1.ap-sydney-1.amaaaaaacuco5yqa43nqksxdtzwce6l5vem5judzhn2pxkuud7k57yhcqteq"
          },
          "sensitive_attributes": [],
          "private": "eyJlMmJmYjczMC1lY2FhLTExZTYtOGY4OC0zNDM2M2JjN2M0YzAiOnsiY3JlYXRlIjoxMjAwMDAwMDAwMDAwLCJkZWxldGUiOjEyMDAwMDAwMDAwMDAsInVwZGF0ZSI6MTIwMDAwMDAwMDAwMH19",
          "dependencies": [
            "module.a_vcn.oci_core_vcn.prod_vcn"
          ]
        }
      ]
    },
    {
      "module": "module.a_vcn",
      "mode": "managed",
      "type": "oci_core_security_list",
      "name": "db-security-list",
      "provider": "provider[\"registry.terraform.io/hashicorp/oci\"]",
      "instances": [
        {
          "schema_version": 0,
          "attributes": {
            "compartment_id": "ocid1.compartment.oc1..aaaaaaaacmdop4fwrdak5aunv6aeex3trwbujhk4jdqegna4lo7ittea5wdq",
            "defined_tags": {
              "owner.owner": "speciallist2.admin02"
            },
            "display_name": "db-security-list",
            "egress_security_rules": [
              {
                "description": "",
                "destination": "0.0.0.0/0",
                "destination_type": "CIDR_BLOCK",
                "icmp_options": [],
                "protocol": "all",
                "stateless": false,
                "tcp_options": [],
                "udp_options": []
              }
            ],
            "freeform_tags": {},
            "id": "ocid1.securitylist.oc1.ap-sydney-1.aaaaaaaatpwvxyodeu64h2hgjf522fdszai4jo5mmh6acjrw3qs6rcthzyua",
            "ingress_security_rules": [
              {
                "description": "",
                "icmp_options": [],
                "protocol": "6",
                "source": "172.16.1.0/24",
                "source_type": "CIDR_BLOCK",
                "stateless": false,
                "tcp_options": [
                  {
                    "max": 22,
                    "min": 22,
                    "source_port_range": []
                  }
                ],
                "udp_options": []
              },
              {
                "description": "",
                "icmp_options": [],
                "protocol": "6",
                "source": "172.16.1.0/24",
                "source_type": "CIDR_BLOCK",
                "stateless": false,
                "tcp_options": [
                  {
                    "max": 33061,
                    "min": 33060,
                    "source_port_range": []
                  }
                ],
                "udp_options": []
              },
              {
                "description": "",
                "icmp_options": [],
                "protocol": "6",
                "source": "172.16.1.0/24",
                "source_type": "CIDR_BLOCK",
                "stateless": false,
                "tcp_options": [
                  {
                    "max": 3306,
                    "min": 3306,
                    "source_port_range": []
                  }
                ],
                "udp_options": []
              }
            ],
            "state": "AVAILABLE",
            "time_created": "2021-03-23 13:45:24.304 +0000 UTC",
            "timeouts": null,
            "vcn_id": "ocid1.vcn.oc1.ap-sydney-1.amaaaaaacuco5yqa43nqksxdtzwce6l5vem5judzhn2pxkuud7k57yhcqteq"
          },
          "sensitive_attributes": [],
          "private": "eyJlMmJmYjczMC1lY2FhLTExZTYtOGY4OC0zNDM2M2JjN2M0YzAiOnsiY3JlYXRlIjoxMjAwMDAwMDAwMDAwLCJkZWxldGUiOjEyMDAwMDAwMDAwMDAsInVwZGF0ZSI6MTIwMDAwMDAwMDAwMH19",
          "dependencies": [
            "module.a_vcn.oci_core_vcn.prod_vcn"
          ]
        }
      ]
    },
    {
      "module": "module.a_vcn",
      "mode": "managed",
      "type": "oci_core_subnet",
      "name": "app-public-subnet",
      "provider": "provider[\"registry.terraform.io/hashicorp/oci\"]",
      "instances": [
        {
          "schema_version": 0,
          "attributes": {
            "availability_domain": null,
            "cidr_block": "172.16.1.0/24",
            "compartment_id": "ocid1.compartment.oc1..aaaaaaaacmdop4fwrdak5aunv6aeex3trwbujhk4jdqegna4lo7ittea5wdq",
            "defined_tags": {
              "owner.owner": "speciallist2.admin02"
            },
            "dhcp_options_id": "ocid1.dhcpoptions.oc1.ap-sydney-1.aaaaaaaaak7yjklbcudtf6dr3e7izjj6qwamcqn6t257s3n7j4krtcxjzkha",
            "display_name": "app_public_Subnet",
            "dns_label": "magentopub",
            "freeform_tags": {},
            "id": "ocid1.subnet.oc1.ap-sydney-1.aaaaaaaai6a4s5x6mzp6sz2lcj5gywqow6uzd3hyczij7fj6tefl5pcuhmja",
            "ipv6cidr_block": null,
            "ipv6public_cidr_block": null,
            "ipv6virtual_router_ip": null,
            "prohibit_public_ip_on_vnic": false,
            "route_table_id": "ocid1.routetable.oc1.ap-sydney-1.aaaaaaaavsjcybypnk2mpdyp5nzfvh2hxf5inebcam7cf3ue2xrmg4ohjy2a",
            "security_list_ids": [
              "ocid1.securitylist.oc1.ap-sydney-1.aaaaaaaa7btttvdm5624ooc3ihy4pdtmptaw7kqgknx7vd4dbhiqzkqz6yva"
            ],
            "state": "AVAILABLE",
            "subnet_domain_name": "magentopub.magentovcn.oraclevcn.com",
            "time_created": "2021-03-23 13:45:25.593 +0000 UTC",
            "timeouts": null,
            "vcn_id": "ocid1.vcn.oc1.ap-sydney-1.amaaaaaacuco5yqa43nqksxdtzwce6l5vem5judzhn2pxkuud7k57yhcqteq",
            "virtual_router_ip": "172.16.1.1",
            "virtual_router_mac": "00:00:17:53:16:A9"
          },
          "sensitive_attributes": [],
          "private": "eyJlMmJmYjczMC1lY2FhLTExZTYtOGY4OC0zNDM2M2JjN2M0YzAiOnsiY3JlYXRlIjoxMjAwMDAwMDAwMDAwLCJkZWxldGUiOjEyMDAwMDAwMDAwMDAsInVwZGF0ZSI6MTIwMDAwMDAwMDAwMH19",
          "dependencies": [
            "module.a_vcn.oci_core_internet_gateway.ig01",
            "module.a_vcn.oci_core_route_table.ig_route",
            "module.a_vcn.oci_core_security_list.app-security-list",
            "module.a_vcn.oci_core_vcn.prod_vcn"
          ]
        }
      ]
    },
    {
      "module": "module.a_vcn",
      "mode": "managed",
      "type": "oci_core_subnet",
      "name": "db-private-subnet",
      "provider": "provider[\"registry.terraform.io/hashicorp/oci\"]",
      "instances": [
        {
          "schema_version": 0,
          "attributes": {
            "availability_domain": null,
            "cidr_block": "172.16.2.0/24",
            "compartment_id": "ocid1.compartment.oc1..aaaaaaaacmdop4fwrdak5aunv6aeex3trwbujhk4jdqegna4lo7ittea5wdq",
            "defined_tags": {
              "owner.owner": "speciallist2.admin02"
            },
            "dhcp_options_id": "ocid1.dhcpoptions.oc1.ap-sydney-1.aaaaaaaaak7yjklbcudtf6dr3e7izjj6qwamcqn6t257s3n7j4krtcxjzkha",
            "display_name": "db_private_Subnet",
            "dns_label": "magentopri",
            "freeform_tags": {},
            "id": "ocid1.subnet.oc1.ap-sydney-1.aaaaaaaaxyehhbpj5qktkxo6ndhql43zxbphdqdvsuyak6ih5xz7a6jtxsfq",
            "ipv6cidr_block": null,
            "ipv6public_cidr_block": null,
            "ipv6virtual_router_ip": null,
            "prohibit_public_ip_on_vnic": true,
            "route_table_id": "ocid1.routetable.oc1.ap-sydney-1.aaaaaaaa7olam7c4hgbjae653b4feuwbu7ioqiqov4qqodsqusqn3a5w6bgq",
            "security_list_ids": [
              "ocid1.securitylist.oc1.ap-sydney-1.aaaaaaaatpwvxyodeu64h2hgjf522fdszai4jo5mmh6acjrw3qs6rcthzyua"
            ],
            "state": "AVAILABLE",
            "subnet_domain_name": "magentopri.magentovcn.oraclevcn.com",
            "time_created": "2021-03-23 13:45:26.067 +0000 UTC",
            "timeouts": null,
            "vcn_id": "ocid1.vcn.oc1.ap-sydney-1.amaaaaaacuco5yqa43nqksxdtzwce6l5vem5judzhn2pxkuud7k57yhcqteq",
            "virtual_router_ip": "172.16.2.1",
            "virtual_router_mac": "00:00:17:53:16:A9"
          },
          "sensitive_attributes": [],
          "private": "eyJlMmJmYjczMC1lY2FhLTExZTYtOGY4OC0zNDM2M2JjN2M0YzAiOnsiY3JlYXRlIjoxMjAwMDAwMDAwMDAwLCJkZWxldGUiOjEyMDAwMDAwMDAwMDAsInVwZGF0ZSI6MTIwMDAwMDAwMDAwMH19",
          "dependencies": [
            "module.a_vcn.oci_core_nat_gateway.nat_gateway",
            "module.a_vcn.oci_core_route_table.nat_route",
            "module.a_vcn.oci_core_security_list.db-security-list",
            "module.a_vcn.oci_core_vcn.prod_vcn"
          ]
        }
      ]
    },
    {
      "module": "module.a_vcn",
      "mode": "managed",
      "type": "oci_core_vcn",
      "name": "prod_vcn",
      "provider": "provider[\"registry.terraform.io/hashicorp/oci\"]",
      "instances": [
        {
          "schema_version": 0,
          "attributes": {
            "cidr_block": "172.16.0.0/16",
            "cidr_blocks": [
              "172.16.0.0/16"
            ],
            "compartment_id": "ocid1.compartment.oc1..aaaaaaaacmdop4fwrdak5aunv6aeex3trwbujhk4jdqegna4lo7ittea5wdq",
            "default_dhcp_options_id": "ocid1.dhcpoptions.oc1.ap-sydney-1.aaaaaaaaak7yjklbcudtf6dr3e7izjj6qwamcqn6t257s3n7j4krtcxjzkha",
            "default_route_table_id": "ocid1.routetable.oc1.ap-sydney-1.aaaaaaaaehoqt7umryf53ptnbnkeuewldz6zf5jiuladgntx6ao3nlviee2a",
            "default_security_list_id": "ocid1.securitylist.oc1.ap-sydney-1.aaaaaaaa3gasi24zxmkoizab3t7gdcekkohepxvvbcaw4yexteqeywao3sza",
            "defined_tags": {
              "owner.owner": "speciallist2.admin02"
            },
            "display_name": "demo_vcn",
            "dns_label": "magentovcn",
            "freeform_tags": {},
            "id": "ocid1.vcn.oc1.ap-sydney-1.amaaaaaacuco5yqa43nqksxdtzwce6l5vem5judzhn2pxkuud7k57yhcqteq",
            "ipv6cidr_block": null,
            "ipv6public_cidr_block": null,
            "is_ipv6enabled": null,
            "state": "AVAILABLE",
            "time_created": "2021-03-23 13:45:22.052 +0000 UTC",
            "timeouts": null,
            "vcn_domain_name": "magentovcn.oraclevcn.com"
          },
          "sensitive_attributes": [],
          "private": "eyJlMmJmYjczMC1lY2FhLTExZTYtOGY4OC0zNDM2M2JjN2M0YzAiOnsiY3JlYXRlIjoxMjAwMDAwMDAwMDAwLCJkZWxldGUiOjEyMDAwMDAwMDAwMDAsInVwZGF0ZSI6MTIwMDAwMDAwMDAwMH19"
        }
      ]
    },
    {
      "module": "module.app_compute",
      "mode": "data",
      "type": "template_file",
      "name": "installhttpd",
      "provider": "provider[\"registry.terraform.io/hashicorp/template\"]",
      "instances": [
        {
          "schema_version": 0,
          "attributes": {
            "filename": null,
            "id": "5fa37f855a5e2fed6d5c5a5ca35c617bc8ae3e7667dc634661c91f380c774dcb",
            "rendered": "#!/bin/bash\n#set -x\n\nyum install -y httpd\nsystemctl enable httpd\n\nsystemctl restart httpd\nfirewall-cmd --add-service=http --permanent\n\nfirewall-cmd --add-service=https --permanent\nfirewall-cmd --reload\n\necho \"Installed httpd server.\"",
            "template": "#!/bin/bash\n#set -x\n\nyum install -y httpd\nsystemctl enable httpd\n\nsystemctl restart httpd\nfirewall-cmd --add-service=http --permanent\n\nfirewall-cmd --add-service=https --permanent\nfirewall-cmd --reload\n\necho \"Installed httpd server.\"",
            "vars": null
          },
          "sensitive_attributes": []
        }
      ]
    },
    {
      "module": "module.app_compute",
      "mode": "managed",
      "type": "oci_core_instance",
      "name": "app_instance",
      "provider": "provider[\"registry.terraform.io/hashicorp/oci\"]",
      "instances": [
        {
          "schema_version": 0,
          "attributes": {
            "agent_config": [
              {
                "are_all_plugins_disabled": false,
                "is_management_disabled": false,
                "is_monitoring_disabled": false,
                "plugins_config": []
              }
            ],
            "availability_config": [
              {
                "recovery_action": "RESTORE_INSTANCE"
              }
            ],
            "availability_domain": "dTZF:AP-SYDNEY-1-AD-1",
            "boot_volume_id": "ocid1.bootvolume.oc1.ap-sydney-1.abzxsljrnhsnp2ocxdsmoi3dyatpftoyl7lx5sku7wv6m54u5p426ymtwunq",
            "compartment_id": "ocid1.compartment.oc1..aaaaaaaacmdop4fwrdak5aunv6aeex3trwbujhk4jdqegna4lo7ittea5wdq",
            "create_vnic_details": [
              {
                "assign_public_ip": "true",
                "defined_tags": {
                  "owner.owner": "speciallist2.admin02"
                },
                "display_name": "app_01",
                "freeform_tags": {},
                "hostname_label": "app-01",
                "nsg_ids": [],
                "private_ip": "172.16.1.2",
                "skip_source_dest_check": false,
                "subnet_id": "ocid1.subnet.oc1.ap-sydney-1.aaaaaaaai6a4s5x6mzp6sz2lcj5gywqow6uzd3hyczij7fj6tefl5pcuhmja",
                "vlan_id": ""
              }
            ],
            "dedicated_vm_host_id": null,
            "defined_tags": {
              "owner.owner": "speciallist2.admin02"
            },
            "display_name": "app_01",
            "extended_metadata": {},
            "fault_domain": "FAULT-DOMAIN-1",
            "freeform_tags": {},
            "hostname_label": "app-01",
            "id": "ocid1.instance.oc1.ap-sydney-1.anzxsljrcuco5yqc2mut64jxfnziun74asjksid4dsn2rrxr65nprnl6tuka",
            "image": "ocid1.image.oc1.ap-sydney-1.aaaaaaaa3fkl2evlr2j4uxsctjzd3i5b62sytm6wntjtvtql76r73pqj2bfa",
            "instance_options": [
              {
                "are_legacy_imds_endpoints_disabled": false
              }
            ],
            "ipxe_script": null,
            "is_pv_encryption_in_transit_enabled": null,
            "launch_mode": "NATIVE",
            "launch_options": [
              {
                "boot_volume_type": "PARAVIRTUALIZED",
                "firmware": "UEFI_64",
                "is_consistent_volume_naming_enabled": true,
                "is_pv_encryption_in_transit_enabled": false,
                "network_type": "VFIO",
                "remote_data_volume_type": "PARAVIRTUALIZED"
              }
            ],
            "metadata": {
              "ssh_authorized_keys": "ssh-rsa AAAAB3NzaC1yc2EAAAADAQABAAABAQCqZlH5+kpvdNVEAceA9xzjL+QNEkpDluUQu9FRkaG50nNPVPLZhLrgd8VczsqNHDpy4lN9Y3KVESEZ28qyfjfTNTT14kolUqU4hc2AF8XONVlo4HWAgx/fgYm1K/G4Hs8mVru5StHkSpGtw/Kgl1PnmZucWEAdTC+K3fRltAjx0Vtrn8Tm1eS1V7XO3LjdSinKZZ+e5T1sFEIBqH6jVDsrB7p5B0ZXMFzxwCQBR3kuU+rGr7NX4ag3gOrZOfy/5ZPx8E1GZv8o1CjeLrEU8Lxyr3OM1DGhE7X5vVFWGAS58kQnDxb0+qJJ/ZaijmxbxshdSdPbGGVZ7pc2AFzco2Nt jianbing@dhcp-10-182-225-17.cn.oracle.com\n"
            },
            "platform_config": [],
            "preserve_boot_volume": false,
            "private_ip": "172.16.1.2",
            "public_ip": "152.67.113.103",
            "region": "ap-sydney-1",
            "shape": "VM.Standard.E3.Flex",
            "shape_config": [
              {
                "gpu_description": "",
                "gpus": 0,
                "local_disk_description": "",
                "local_disks": 0,
                "local_disks_total_size_in_gbs": 0,
                "max_vnic_attachments": 2,
                "memory_in_gbs": 8,
                "networking_bandwidth_in_gbps": 1,
                "ocpus": 1,
                "processor_description": "2.25 GHz AMD EPYC™ 7742 (Rome)"
              }
            ],
            "source_details": [
              {
                "boot_volume_size_in_gbs": "47",
                "kms_key_id": "",
                "source_id": "ocid1.image.oc1.ap-sydney-1.aaaaaaaa3fkl2evlr2j4uxsctjzd3i5b62sytm6wntjtvtql76r73pqj2bfa",
                "source_type": "image"
              }
            ],
            "state": "RUNNING",
            "subnet_id": "ocid1.subnet.oc1.ap-sydney-1.aaaaaaaai6a4s5x6mzp6sz2lcj5gywqow6uzd3hyczij7fj6tefl5pcuhmja",
            "system_tags": {},
            "time_created": "2021-03-23 13:45:29.727 +0000 UTC",
            "time_maintenance_reboot_due": "",
            "timeouts": null
          },
          "sensitive_attributes": [],
          "private": "eyJlMmJmYjczMC1lY2FhLTExZTYtOGY4OC0zNDM2M2JjN2M0YzAiOnsiY3JlYXRlIjoyNzAwMDAwMDAwMDAwLCJkZWxldGUiOjI3MDAwMDAwMDAwMDAsInVwZGF0ZSI6MjcwMDAwMDAwMDAwMH19",
          "dependencies": [
            "data.oci_identity_availability_domains.ads",
            "module.a_vcn.oci_core_internet_gateway.ig01",
            "module.a_vcn.oci_core_route_table.ig_route",
            "module.a_vcn.oci_core_security_list.app-security-list",
            "module.a_vcn.oci_core_subnet.app-public-subnet",
            "module.a_vcn.oci_core_vcn.prod_vcn",
            "module.app_compute.data.template_file.installhttpd"
          ]
        }
      ]
    },
    {
      "module": "module.lb",
      "mode": "managed",
      "type": "oci_load_balancer_backend",
      "name": "be1",
      "provider": "provider[\"registry.terraform.io/hashicorp/oci\"]",
      "instances": []
    },
    {
      "module": "module.lb",
      "mode": "managed",
      "type": "oci_load_balancer_backend_set",
      "name": "set1",
      "provider": "provider[\"registry.terraform.io/hashicorp/oci\"]",
      "instances": []
    },
    {
      "module": "module.lb",
      "mode": "managed",
      "type": "oci_load_balancer_listener",
      "name": "listener1",
      "provider": "provider[\"registry.terraform.io/hashicorp/oci\"]",
      "instances": []
    },
    {
      "module": "module.mds_instance",
      "mode": "managed",
      "type": "oci_mysql_mysql_db_system",
      "name": "prod_mysql1",
      "provider": "provider[\"registry.terraform.io/hashicorp/oci\"]",
      "instances": [
        {
          "schema_version": 0,
          "attributes": {
            "admin_password": "MyMagentoPassw0rd]",
            "admin_username": "admin",
            "analytics_cluster": [],
            "availability_domain": "dTZF:AP-SYDNEY-1-AD-1",
            "backup_policy": [
              {
                "defined_tags": {},
                "freeform_tags": {},
                "is_enabled": true,
                "retention_in_days": 7,
                "window_start_time": "00:00"
              }
            ],
            "channels": [],
            "compartment_id": "ocid1.compartment.oc1..aaaaaaaacmdop4fwrdak5aunv6aeex3trwbujhk4jdqegna4lo7ittea5wdq",
            "configuration_id": "ocid1.mysqlconfiguration.oc1..aaaaaaaalwzc2a22xqm56fwjwfymixnulmbq3v77p5v4lcbb6qhkftxf2trq",
            "data_storage_size_in_gb": 50,
            "defined_tags": {
              "owner.owner": "speciallist2.admin02"
            },
            "description": null,
            "display_name": "MySQLInstance1",
            "endpoints": [
              {
                "hostname": "",
                "ip_address": "172.16.2.3",
                "modes": [
                  "READ",
                  "WRITE"
                ],
                "port": 3306,
                "port_x": 33060,
                "status": "ACTIVE",
                "status_details": ""
              }
            ],
            "fault_domain": "FAULT-DOMAIN-1",
            "freeform_tags": {},
            "hostname_label": null,
            "id": "ocid1.mysqldbsystem.oc1.ap-sydney-1.aaaaaaaalybdaxgty2fvbkszggvlk7veqc22kcp2vrpgtqlr2jjadkwfa4yq",
            "ip_address": "172.16.2.3",
            "is_analytics_cluster_attached": false,
            "lifecycle_details": null,
            "maintenance": [
              {
                "window_start_time": "WEDNESDAY 16:24"
              }
            ],
            "mysql_version": "8.0.23-u2-cloud",
            "port": 3306,
            "port_x": 33060,
            "shape_name": "MySQL.VM.Standard.E3.1.8GB",
            "shutdown_type": null,
            "source": [
              {
                "backup_id": "",
                "source_type": "NONE"
              }
            ],
            "state": "ACTIVE",
            "subnet_id": "ocid1.subnet.oc1.ap-sydney-1.aaaaaaaaxyehhbpj5qktkxo6ndhql43zxbphdqdvsuyak6ih5xz7a6jtxsfq",
            "time_created": "2021-03-23 13:45:30.721 +0000 UTC",
            "time_updated": "2021-03-23 13:51:53.37 +0000 UTC",
            "timeouts": null
          },
          "sensitive_attributes": [],
          "private": "eyJlMmJmYjczMC1lY2FhLTExZTYtOGY4OC0zNDM2M2JjN2M0YzAiOnsiY3JlYXRlIjozNjAwMDAwMDAwMDAwLCJkZWxldGUiOjM2MDAwMDAwMDAwMDAsInVwZGF0ZSI6MzYwMDAwMDAwMDAwMH19",
          "dependencies": [
            "data.oci_identity_availability_domains.ads",
            "module.a_vcn.oci_core_nat_gateway.nat_gateway",
            "module.a_vcn.oci_core_route_table.nat_route",
            "module.a_vcn.oci_core_security_list.db-security-list",
            "module.a_vcn.oci_core_subnet.db-private-subnet",
            "module.a_vcn.oci_core_vcn.prod_vcn"
          ]
        }
      ]
    }
  ]
}
