{
  "version": 4,
  "terraform_version": "0.14.8",
  "serial": 226,
  "lineage": "8d53079a-3ae9-2c12-59d5-dadcf2cac93b",
  "outputs": {
    "app-publicip": {
      "value": [
        "152.67.102.142"
      ],
      "type": [
        "tuple",
        [
          "string"
        ]
      ]
    },
    "loadbalancer-ip": {
      "value": [
        [
          {
            "ip_address": "152.67.107.179",
            "is_public": true,
            "reserved_ip": []
          }
        ]
      ],
      "type": [
        "tuple",
        [
          [
            "list",
            [
              "object",
              {
                "ip_address": "string",
                "is_public": "bool",
                "reserved_ip": [
                  "list",
                  [
                    "object",
                    {
                      "id": "string"
                    }
                  ]
                ]
              }
            ]
          ]
        ]
      ]
    },
    "mysql-ip": {
      "value": "172.16.2.3",
      "type": "string"
    },
    "show-ads": {
      "value": [
        {
          "compartment_id": "ocid1.compartment.oc1..aaaaaaaacmdop4fwrdak5aunv6aeex3trwbujhk4jdqegna4lo7ittea5wdq",
          "id": "ocid1.availabilitydomain.oc1..aaaaaaaalhnzffyixz4hyhp7gtcdskahy22cekpcgndvwdjffrdv6d5iqi5a",
          "name": "dTZF:AP-SYDNEY-1-AD-1"
        }
      ],
      "type": [
        "list",
        [
          "object",
          {
            "compartment_id": "string",
            "id": "string",
            "name": "string"
          }
        ]
      ]
    }
  },
  "resources": [
    {
      "mode": "data",
      "type": "oci_identity_availability_domains",
      "name": "ads",
      "provider": "provider[\"registry.terraform.io/hashicorp/oci\"]",
      "instances": [
        {
          "schema_version": 0,
          "attributes": {
            "availability_domains": [
              {
                "compartment_id": "ocid1.compartment.oc1..aaaaaaaacmdop4fwrdak5aunv6aeex3trwbujhk4jdqegna4lo7ittea5wdq",
                "id": "ocid1.availabilitydomain.oc1..aaaaaaaalhnzffyixz4hyhp7gtcdskahy22cekpcgndvwdjffrdv6d5iqi5a",
                "name": "dTZF:AP-SYDNEY-1-AD-1"
              }
            ],
            "compartment_id": "ocid1.compartment.oc1..aaaaaaaacmdop4fwrdak5aunv6aeex3trwbujhk4jdqegna4lo7ittea5wdq",
            "filter": null,
            "id": "IdentityAvailabilityDomainsDataSource-1899402908"
          },
          "sensitive_attributes": []
        }
      ]
    },
    {
      "mode": "data",
      "type": "oci_mysql_mysql_configurations",
      "name": "shape",
      "provider": "provider[\"registry.terraform.io/hashicorp/oci\"]",
      "instances": [
        {
          "schema_version": 0,
          "attributes": {
            "compartment_id": "ocid1.compartment.oc1..aaaaaaaacmdop4fwrdak5aunv6aeex3trwbujhk4jdqegna4lo7ittea5wdq",
            "configuration_id": null,
            "configurations": [
              {
                "compartment_id": "",
                "defined_tags": {},
                "description": "Default Standalone configuration for the MySQL.VM.Standard.E3.1.8GB MySQL Shape",
                "display_name": "MySQL.VM.Standard.E3.1.8GB.Standalone",
                "freeform_tags": {},
                "id": "ocid1.mysqlconfiguration.oc1..aaaaaaaalwzc2a22xqm56fwjwfymixnulmbq3v77p5v4lcbb6qhkftxf2trq",
                "parent_configuration_id": "",
                "shape_name": "MySQL.VM.Standard.E3.1.8GB",
                "state": "ACTIVE",
                "time_created": "2018-09-21 10:00:00 +0000 UTC",
                "time_updated": "",
                "type": "DEFAULT",
                "variables": []
              },
              {
                "compartment_id": "",
                "defined_tags": {},
                "description": "Default HA configuration for the MySQL.VM.Standard.E3.1.8GB MySQL Shape",
                "display_name": "MySQL.VM.Standard.E3.1.8GB.HA",
                "freeform_tags": {},
                "id": "ocid1.mysqlconfiguration.oc1..aaaaaaaantprksu6phqfgr5xvyut46wdfesdszonbclybfwvahgysfjbrb4q",
                "parent_configuration_id": "",
                "shape_name": "MySQL.VM.Standard.E3.1.8GB",
                "state": "ACTIVE",
                "time_created": "2018-09-21 10:00:00 +0000 UTC",
                "time_updated": "",
                "type": "DEFAULT",
                "variables": []
              }
            ],
            "display_name": null,
            "filter": null,
            "id": "MysqlMysqlConfigurationsDataSource-268080294",
            "shape_name": "MySQL.VM.Standard.E3.1.8GB",
            "state": null,
            "type": [
              "DEFAULT"
            ]
          },
          "sensitive_attributes": []
        }
      ]
    },
    {
      "mode": "data",
      "type": "oci_objectstorage_namespace",
      "name": "user_namespace",
      "provider": "provider[\"registry.terraform.io/hashicorp/oci\"]",
      "instances": [
        {
          "schema_version": 0,
          "attributes": {
            "compartment_id": "ocid1.compartment.oc1..aaaaaaaacmdop4fwrdak5aunv6aeex3trwbujhk4jdqegna4lo7ittea5wdq",
            "id": "ObjectStorageNamespaceDataSource-1899402908",
            "namespace": "ocichina001"
          },
          "sensitive_attributes": []
        }
      ]
    },
    {
      "mode": "managed",
      "type": "tls_private_key",
      "name": "public_private_key_pair",
      "provider": "provider[\"registry.terraform.io/hashicorp/tls\"]",
      "instances": [
        {
          "schema_version": 0,
          "attributes": {
            "algorithm": "RSA",
            "ecdsa_curve": "P224",
            "id": "3cf0eedbefb3240bec08577ad85f452a9742d034",
            "private_key_pem": "-----BEGIN RSA PRIVATE KEY-----\nMIIEogIBAAKCAQEA4HjuoA7cm1kztufhZAZSbGkhGX/CR0OuA2klcZQoa/noqJqJ\ng2eAbxAApUXEWvl11Tod/9wmEiUhQrHpmWSkx1wnyoxnv+GrIoy3Hj4nJnIVIxin\nsQ3XxnE0d6BuSZ4RFNPGrVRgtMH8QL6EMlRQCjCGEcrqPpSuDTRLoLLeqqxsuDjJ\nMHVp+65tlEVw1qVMkANNwkZBGaRNhmqQtfiyI93BrQ8gCrs2OPX9NMzG0c8EehJD\nX2rLwujAbfvMboIw+EWbVXZv94HUlTd7exe8TD7PDl62rkvW0Mq78GdPoBAWd0wc\ntM1r4CZHPs2guDEu/YKCj56YywZQJNSNwrdVXQIDAQABAoIBACiCSnYCGJfEYkvI\nzukRJwC/fCSw5KudsCKXcBVuKllKEU2UDerz276vQZ6R15yfVj9zrIRHA2vU3Yq+\ntqxi+EWuANRRwEtle0/R2x4PE1uhzOS3h1OxbtY2CcTo495PMz/x8/HFv2n/c/lv\nKEY45vTfyuIdH2bJyBtD674FaZ+dBcAhE9vUd0dJekb4kF/CA8xymocSxVnJ6vR8\nQRfNbwE86hUJrcTuY0sjQTykkLvbZnxeK/dmnX/2dhv08l3B4McFh9BSlyKFYFuW\nppNccLH2gTawbqgNk2VhYz8QQ7K4h4BwplAKhj330EZCJy6B9IRBGFI9V5fyngsQ\n1l9BaeECgYEA77xYOD749oCsowJQYPkth82LHdTVVK6QQC4bAsphaqwHM+WRDvLn\n4HLBOYWnla46E+4pnq4Rzj+gHoXpfPxhhrnY4l/1KESCYMZcND3kjwC6wRc+BnA/\n4qbh4BLyLSIzWVMXZFKwtznR+BaqCUFbM+VpYnBsEhE2PKQMocaF/skCgYEA77N/\nroNN2KJ+U554xEW/NT2ffusj5mkPOxKsStcJvoDSm4Dj7yPQTMIlhJcO6SMlXzPn\n8YWAzF2Da3WWfeGuwWKLT500aEt098JS3ZDm++Q4P6MmuFPGDRQYgiglDU0XHJOc\niXDrzXdhGKx9x0lE9MpxYgZbElqcoBM27njrB/UCgYAU6bQ0a+Hh9wWYTrpeSz5a\ni2aoWomlknjI8HywuKDY4lrafxsxV6U8oiYS84LT/tfYJz2ANyUcfdZk8z+UBJwp\nWYr+7GoBckCBWqxubjvC8chY0cM6Yo5gIjiwCFcR8trR3vq6aLA7u5KCds+scQQY\nudmAmdgDl3bIwXLMpfnIaQKBgDOlwIgwoJBiCsgnqCvaP2XQXlJxhe26i16WGmuR\nw/a5OSfqcLJxTAuN9ZmJFtxjB0VpILvooSTnrU51KrT68LWYbx37aHRkddKAm2xE\nMZDqzrffhpNG8bCVuOYqkjk4eBdfMuZmX1iJNXGkkQFkpyf7isytQ+hDf+X53ecq\nRLIVAoGAZ6BdSCtHFbzSoC6cakxVpQToS03yZs5c97Y/OKBVlZ28E5Kimf/NDQqs\nKp3JsMyB1oI3Rccq/PiPkc/edBQKJ9li46b1sGAEDxao94BkjNwN4ujB6QEmTdMa\nZoZ8sK/7ZtNOEttf75ox5whLgUip+Zp6qpmfj6QHKSoNzszGG4g=\n-----END RSA PRIVATE KEY-----\n",
            "public_key_fingerprint_md5": "69:89:d9:20:72:fd:4d:2e:64:ab:cd:70:a1:89:e6:db",
            "public_key_openssh": "ssh-rsa AAAAB3NzaC1yc2EAAAADAQABAAABAQDgeO6gDtybWTO25+FkBlJsaSEZf8JHQ64DaSVxlChr+eiomomDZ4BvEAClRcRa+XXVOh3/3CYSJSFCsemZZKTHXCfKjGe/4asijLcePicmchUjGKexDdfGcTR3oG5JnhEU08atVGC0wfxAvoQyVFAKMIYRyuo+lK4NNEugst6qrGy4OMkwdWn7rm2URXDWpUyQA03CRkEZpE2GapC1+LIj3cGtDyAKuzY49f00zMbRzwR6EkNfasvC6MBt+8xugjD4RZtVdm/3gdSVN3t7F7xMPs8OXrauS9bQyrvwZ0+gEBZ3TBy0zWvgJkc+zaC4MS79goKPnpjLBlAk1I3Ct1Vd\n",
            "public_key_pem": "-----BEGIN PUBLIC KEY-----\nMIIBIjANBgkqhkiG9w0BAQEFAAOCAQ8AMIIBCgKCAQEA4HjuoA7cm1kztufhZAZS\nbGkhGX/CR0OuA2klcZQoa/noqJqJg2eAbxAApUXEWvl11Tod/9wmEiUhQrHpmWSk\nx1wnyoxnv+GrIoy3Hj4nJnIVIxinsQ3XxnE0d6BuSZ4RFNPGrVRgtMH8QL6EMlRQ\nCjCGEcrqPpSuDTRLoLLeqqxsuDjJMHVp+65tlEVw1qVMkANNwkZBGaRNhmqQtfiy\nI93BrQ8gCrs2OPX9NMzG0c8EehJDX2rLwujAbfvMboIw+EWbVXZv94HUlTd7exe8\nTD7PDl62rkvW0Mq78GdPoBAWd0wctM1r4CZHPs2guDEu/YKCj56YywZQJNSNwrdV\nXQIDAQAB\n-----END PUBLIC KEY-----\n",
            "rsa_bits": 2048
          },
          "sensitive_attributes": [],
          "private": "bnVsbA=="
        }
      ]
    },
    {
      "module": "module.a_vcn",
      "mode": "data",
      "type": "oci_core_services",
      "name": "all_services",
      "provider": "provider[\"registry.terraform.io/hashicorp/oci\"]",
      "instances": [
        {
          "schema_version": 0,
          "attributes": {
            "filter": [
              {
                "name": "name",
                "regex": true,
                "values": [
                  "All .* Services In Oracle Services Network"
                ]
              }
            ],
            "id": "CoreServicesDataSource-0",
            "services": [
              {
                "cidr_block": "all-syd-services-in-oracle-services-network",
                "description": "All SYD Services In Oracle Services Network",
                "id": "ocid1.service.oc1.ap-sydney-1.aaaaaaaaar6xfo4rtfjgv2mmjvo7u77zyr4uyqkc764f2t2jxwwayrjhsjyq",
                "name": "All SYD Services In Oracle Services Network"
              }
            ]
          },
          "sensitive_attributes": []
        }
      ]
    },
    {
      "module": "module.a_vcn",
      "mode": "managed",
      "type": "oci_core_internet_gateway",
      "name": "ig01",
      "provider": "provider[\"registry.terraform.io/hashicorp/oci\"]",
      "instances": [
        {
          "schema_version": 0,
          "attributes": {
            "compartment_id": "ocid1.compartment.oc1..aaaaaaaacmdop4fwrdak5aunv6aeex3trwbujhk4jdqegna4lo7ittea5wdq",
            "defined_tags": {
              "owner.owner": "speciallist2.admin02"
            },
            "display_name": "ig01",
            "enabled": true,
            "freeform_tags": {},
            "id": "ocid1.internetgateway.oc1.ap-sydney-1.aaaaaaaa6yxsung7mtalcij64jqum5xjntgidemrbdjczdkauha52kh7jnza",
            "state": "AVAILABLE",
            "time_created": "2021-03-26 04:45:06.853 +0000 UTC",
            "timeouts": null,
            "vcn_id": "ocid1.vcn.oc1.ap-sydney-1.amaaaaaacuco5yqahjhjrmhroi5am6jta4k5vynvmnpkpwvcid2pwdpssk6a"
          },
          "sensitive_attributes": [],
          "private": "eyJlMmJmYjczMC1lY2FhLTExZTYtOGY4OC0zNDM2M2JjN2M0YzAiOnsiY3JlYXRlIjoxMjAwMDAwMDAwMDAwLCJkZWxldGUiOjEyMDAwMDAwMDAwMDAsInVwZGF0ZSI6MTIwMDAwMDAwMDAwMH19",
          "dependencies": [
            "module.a_vcn.oci_core_vcn.prod_vcn"
          ]
        }
      ]
    },
    {
      "module": "module.a_vcn",
      "mode": "managed",
      "type": "oci_core_nat_gateway",
      "name": "nat_gateway",
      "provider": "provider[\"registry.terraform.io/hashicorp/oci\"]",
      "instances": [
        {
          "schema_version": 0,
          "attributes": {
            "block_traffic": false,
            "compartment_id": "ocid1.compartment.oc1..aaaaaaaacmdop4fwrdak5aunv6aeex3trwbujhk4jdqegna4lo7ittea5wdq",
            "defined_tags": {
              "owner.owner": "speciallist2.admin02"
            },
            "display_name": "nat-gw",
            "freeform_tags": {},
            "id": "ocid1.natgateway.oc1.ap-sydney-1.aaaaaaaafsjftvb2cub75wdu5o6rppig3idvple6zfobzrjkw4l34ezg32oa",
            "nat_ip": "168.138.105.29",
            "public_ip_id": "ocid1.publicip.oc1.ap-sydney-1.aaaaaaaab3jqtihxeh32mdiqq5l3ihprnhtuxr7jo5hh2vxyokvlikukaeaq",
            "state": "AVAILABLE",
            "time_created": "2021-03-26 04:45:07.235 +0000 UTC",
            "timeouts": null,
            "vcn_id": "ocid1.vcn.oc1.ap-sydney-1.amaaaaaacuco5yqahjhjrmhroi5am6jta4k5vynvmnpkpwvcid2pwdpssk6a"
          },
          "sensitive_attributes": [],
          "private": "eyJlMmJmYjczMC1lY2FhLTExZTYtOGY4OC0zNDM2M2JjN2M0YzAiOnsiY3JlYXRlIjoxMjAwMDAwMDAwMDAwLCJkZWxldGUiOjEyMDAwMDAwMDAwMDAsInVwZGF0ZSI6MTIwMDAwMDAwMDAwMH19",
          "dependencies": [
            "module.a_vcn.oci_core_vcn.prod_vcn"
          ]
        }
      ]
    },
    {
      "module": "module.a_vcn",
      "mode": "managed",
      "type": "oci_core_route_table",
      "name": "ig_route",
      "provider": "provider[\"registry.terraform.io/hashicorp/oci\"]",
      "instances": [
        {
          "schema_version": 0,
          "attributes": {
            "compartment_id": "ocid1.compartment.oc1..aaaaaaaacmdop4fwrdak5aunv6aeex3trwbujhk4jdqegna4lo7ittea5wdq",
            "defined_tags": {
              "owner.owner": "speciallist2.admin02"
            },
            "display_name": "public-route-table",
            "freeform_tags": {},
            "id": "ocid1.routetable.oc1.ap-sydney-1.aaaaaaaak4txxsjwq5el2wgkc4i7ynyjb22mtoqvyzkp63dyr7nhizxsqhta",
            "route_rules": [
              {
                "cidr_block": "",
                "description": "",
                "destination": "0.0.0.0/0",
                "destination_type": "CIDR_BLOCK",
                "network_entity_id": "ocid1.internetgateway.oc1.ap-sydney-1.aaaaaaaa6yxsung7mtalcij64jqum5xjntgidemrbdjczdkauha52kh7jnza"
              }
            ],
            "state": "AVAILABLE",
            "time_created": "2021-03-26 04:45:08.21 +0000 UTC",
            "timeouts": null,
            "vcn_id": "ocid1.vcn.oc1.ap-sydney-1.amaaaaaacuco5yqahjhjrmhroi5am6jta4k5vynvmnpkpwvcid2pwdpssk6a"
          },
          "sensitive_attributes": [],
          "private": "eyJlMmJmYjczMC1lY2FhLTExZTYtOGY4OC0zNDM2M2JjN2M0YzAiOnsiY3JlYXRlIjoxMjAwMDAwMDAwMDAwLCJkZWxldGUiOjEyMDAwMDAwMDAwMDAsInVwZGF0ZSI6MTIwMDAwMDAwMDAwMH19",
          "dependencies": [
            "module.a_vcn.oci_core_internet_gateway.ig01",
            "module.a_vcn.oci_core_vcn.prod_vcn"
          ]
        }
      ]
    },
    {
      "module": "module.a_vcn",
      "mode": "managed",
      "type": "oci_core_route_table",
      "name": "nat_route",
      "provider": "provider[\"registry.terraform.io/hashicorp/oci\"]",
      "instances": [
        {
          "schema_version": 0,
          "attributes": {
            "compartment_id": "ocid1.compartment.oc1..aaaaaaaacmdop4fwrdak5aunv6aeex3trwbujhk4jdqegna4lo7ittea5wdq",
            "defined_tags": {
              "owner.owner": "speciallist2.admin02"
            },
            "display_name": "private-route-table",
            "freeform_tags": {},
            "id": "ocid1.routetable.oc1.ap-sydney-1.aaaaaaaaldjo4mhwx3le5xlzur4klg5skgt43edchxkbq42g2ty3hnwjuksa",
            "route_rules": [
              {
                "cidr_block": "",
                "description": "",
                "destination": "0.0.0.0/0",
                "destination_type": "CIDR_BLOCK",
                "network_entity_id": "ocid1.natgateway.oc1.ap-sydney-1.aaaaaaaafsjftvb2cub75wdu5o6rppig3idvple6zfobzrjkw4l34ezg32oa"
              },
              {
                "cidr_block": "",
                "description": "",
                "destination": "all-syd-services-in-oracle-services-network",
                "destination_type": "SERVICE_CIDR_BLOCK",
                "network_entity_id": "ocid1.servicegateway.oc1.ap-sydney-1.aaaaaaaae4nwaouzhqfelktts6rt22w35uwxtgdoegyl2uazo6z54botuz4q"
              }
            ],
            "state": "AVAILABLE",
            "time_created": "2021-03-26 04:45:09.36 +0000 UTC",
            "timeouts": null,
            "vcn_id": "ocid1.vcn.oc1.ap-sydney-1.amaaaaaacuco5yqahjhjrmhroi5am6jta4k5vynvmnpkpwvcid2pwdpssk6a"
          },
          "sensitive_attributes": [],
          "private": "eyJlMmJmYjczMC1lY2FhLTExZTYtOGY4OC0zNDM2M2JjN2M0YzAiOnsiY3JlYXRlIjoxMjAwMDAwMDAwMDAwLCJkZWxldGUiOjEyMDAwMDAwMDAwMDAsInVwZGF0ZSI6MTIwMDAwMDAwMDAwMH19",
          "dependencies": [
            "module.a_vcn.data.oci_core_services.all_services",
            "module.a_vcn.oci_core_nat_gateway.nat_gateway",
            "module.a_vcn.oci_core_service_gateway.m_service_gateway",
            "module.a_vcn.oci_core_vcn.prod_vcn"
          ]
        }
      ]
    },
    {
      "module": "module.a_vcn",
      "mode": "managed",
      "type": "oci_core_security_list",
      "name": "app-security-list",
      "provider": "provider[\"registry.terraform.io/hashicorp/oci\"]",
      "instances": [
        {
          "schema_version": 0,
          "attributes": {
            "compartment_id": "ocid1.compartment.oc1..aaaaaaaacmdop4fwrdak5aunv6aeex3trwbujhk4jdqegna4lo7ittea5wdq",
            "defined_tags": {
              "owner.owner": "speciallist2.admin02"
            },
            "display_name": "app-security-list",
            "egress_security_rules": [
              {
                "description": "",
                "destination": "0.0.0.0/0",
                "destination_type": "CIDR_BLOCK",
                "icmp_options": [],
                "protocol": "all",
                "stateless": false,
                "tcp_options": [],
                "udp_options": []
              }
            ],
            "freeform_tags": {},
            "id": "ocid1.securitylist.oc1.ap-sydney-1.aaaaaaaasrzy7r6nqq4ijnirc46i2i77px5brlict6x2mtaywd5ai7b44bxa",
            "ingress_security_rules": [
              {
                "description": "",
                "icmp_options": [],
                "protocol": "6",
                "source": "0.0.0.0/0",
                "source_type": "CIDR_BLOCK",
                "stateless": false,
                "tcp_options": [
                  {
                    "max": 22,
                    "min": 22,
                    "source_port_range": []
                  }
                ],
                "udp_options": []
              },
              {
                "description": "",
                "icmp_options": [],
                "protocol": "6",
                "source": "0.0.0.0/0",
                "source_type": "CIDR_BLOCK",
                "stateless": false,
                "tcp_options": [
                  {
                    "max": 80,
                    "min": 80,
                    "source_port_range": []
                  }
                ],
                "udp_options": []
              }
            ],
            "state": "AVAILABLE",
            "time_created": "2021-03-26 04:45:06.976 +0000 UTC",
            "timeouts": null,
            "vcn_id": "ocid1.vcn.oc1.ap-sydney-1.amaaaaaacuco5yqahjhjrmhroi5am6jta4k5vynvmnpkpwvcid2pwdpssk6a"
          },
          "sensitive_attributes": [],
          "private": "eyJlMmJmYjczMC1lY2FhLTExZTYtOGY4OC0zNDM2M2JjN2M0YzAiOnsiY3JlYXRlIjoxMjAwMDAwMDAwMDAwLCJkZWxldGUiOjEyMDAwMDAwMDAwMDAsInVwZGF0ZSI6MTIwMDAwMDAwMDAwMH19",
          "dependencies": [
            "module.a_vcn.oci_core_vcn.prod_vcn"
          ]
        }
      ]
    },
    {
      "module": "module.a_vcn",
      "mode": "managed",
      "type": "oci_core_security_list",
      "name": "db-security-list",
      "provider": "provider[\"registry.terraform.io/hashicorp/oci\"]",
      "instances": [
        {
          "schema_version": 0,
          "attributes": {
            "compartment_id": "ocid1.compartment.oc1..aaaaaaaacmdop4fwrdak5aunv6aeex3trwbujhk4jdqegna4lo7ittea5wdq",
            "defined_tags": {
              "owner.owner": "speciallist2.admin02"
            },
            "display_name": "db-security-list",
            "egress_security_rules": [
              {
                "description": "",
                "destination": "0.0.0.0/0",
                "destination_type": "CIDR_BLOCK",
                "icmp_options": [],
                "protocol": "all",
                "stateless": false,
                "tcp_options": [],
                "udp_options": []
              }
            ],
            "freeform_tags": {},
            "id": "ocid1.securitylist.oc1.ap-sydney-1.aaaaaaaavn4xtqagolwju2mqumyeijvkaq35vziwhe73dtu5rxfc27pmtnga",
            "ingress_security_rules": [
              {
                "description": "",
                "icmp_options": [],
                "protocol": "6",
                "source": "172.16.1.0/24",
                "source_type": "CIDR_BLOCK",
                "stateless": false,
                "tcp_options": [
                  {
                    "max": 22,
                    "min": 22,
                    "source_port_range": []
                  }
                ],
                "udp_options": []
              },
              {
                "description": "",
                "icmp_options": [],
                "protocol": "6",
                "source": "172.16.1.0/24",
                "source_type": "CIDR_BLOCK",
                "stateless": false,
                "tcp_options": [
                  {
                    "max": 33061,
                    "min": 33060,
                    "source_port_range": []
                  }
                ],
                "udp_options": []
              },
              {
                "description": "",
                "icmp_options": [],
                "protocol": "6",
                "source": "172.16.1.0/24",
                "source_type": "CIDR_BLOCK",
                "stateless": false,
                "tcp_options": [
                  {
                    "max": 3306,
                    "min": 3306,
                    "source_port_range": []
                  }
                ],
                "udp_options": []
              }
            ],
            "state": "AVAILABLE",
            "time_created": "2021-03-26 04:45:06.852 +0000 UTC",
            "timeouts": null,
            "vcn_id": "ocid1.vcn.oc1.ap-sydney-1.amaaaaaacuco5yqahjhjrmhroi5am6jta4k5vynvmnpkpwvcid2pwdpssk6a"
          },
          "sensitive_attributes": [],
          "private": "eyJlMmJmYjczMC1lY2FhLTExZTYtOGY4OC0zNDM2M2JjN2M0YzAiOnsiY3JlYXRlIjoxMjAwMDAwMDAwMDAwLCJkZWxldGUiOjEyMDAwMDAwMDAwMDAsInVwZGF0ZSI6MTIwMDAwMDAwMDAwMH19",
          "dependencies": [
            "module.a_vcn.oci_core_vcn.prod_vcn"
          ]
        }
      ]
    },
    {
      "module": "module.a_vcn",
      "mode": "managed",
      "type": "oci_core_service_gateway",
      "name": "m_service_gateway",
      "provider": "provider[\"registry.terraform.io/hashicorp/oci\"]",
      "instances": [
        {
          "schema_version": 0,
          "attributes": {
            "block_traffic": false,
            "compartment_id": "ocid1.compartment.oc1..aaaaaaaacmdop4fwrdak5aunv6aeex3trwbujhk4jdqegna4lo7ittea5wdq",
            "defined_tags": {
              "owner.owner": "speciallist2.admin02"
            },
            "display_name": "magent-service-gateway",
            "freeform_tags": {},
            "id": "ocid1.servicegateway.oc1.ap-sydney-1.aaaaaaaae4nwaouzhqfelktts6rt22w35uwxtgdoegyl2uazo6z54botuz4q",
            "route_table_id": null,
            "services": [
              {
                "service_id": "ocid1.service.oc1.ap-sydney-1.aaaaaaaaar6xfo4rtfjgv2mmjvo7u77zyr4uyqkc764f2t2jxwwayrjhsjyq",
                "service_name": "All SYD Services In Oracle Services Network"
              }
            ],
            "state": "AVAILABLE",
            "time_created": "2021-03-26 04:45:06.749 +0000 UTC",
            "timeouts": null,
            "vcn_id": "ocid1.vcn.oc1.ap-sydney-1.amaaaaaacuco5yqahjhjrmhroi5am6jta4k5vynvmnpkpwvcid2pwdpssk6a"
          },
          "sensitive_attributes": [],
          "private": "eyJlMmJmYjczMC1lY2FhLTExZTYtOGY4OC0zNDM2M2JjN2M0YzAiOnsiY3JlYXRlIjoxMjAwMDAwMDAwMDAwLCJkZWxldGUiOjEyMDAwMDAwMDAwMDAsInVwZGF0ZSI6MTIwMDAwMDAwMDAwMH19",
          "dependencies": [
            "module.a_vcn.data.oci_core_services.all_services",
            "module.a_vcn.oci_core_vcn.prod_vcn"
          ]
        }
      ]
    },
    {
      "module": "module.a_vcn",
      "mode": "managed",
      "type": "oci_core_subnet",
      "name": "app-public-subnet",
      "provider": "provider[\"registry.terraform.io/hashicorp/oci\"]",
      "instances": [
        {
          "schema_version": 0,
          "attributes": {
            "availability_domain": null,
            "cidr_block": "172.16.1.0/24",
            "compartment_id": "ocid1.compartment.oc1..aaaaaaaacmdop4fwrdak5aunv6aeex3trwbujhk4jdqegna4lo7ittea5wdq",
            "defined_tags": {
              "owner.owner": "speciallist2.admin02"
            },
            "dhcp_options_id": "ocid1.dhcpoptions.oc1.ap-sydney-1.aaaaaaaalk67jvjxvun7azhexs3iy4rxsx3ljuaxr45saosw2rdifajbf54a",
            "display_name": "app_public_Subnet",
            "dns_label": "magentopub",
            "freeform_tags": {},
            "id": "ocid1.subnet.oc1.ap-sydney-1.aaaaaaaakzyfhdzzzbswjopnyuldsmiog4cihxk6cyzmlr4fwjyctdr3wbra",
            "ipv6cidr_block": null,
            "ipv6public_cidr_block": null,
            "ipv6virtual_router_ip": null,
            "prohibit_public_ip_on_vnic": false,
            "route_table_id": "ocid1.routetable.oc1.ap-sydney-1.aaaaaaaak4txxsjwq5el2wgkc4i7ynyjb22mtoqvyzkp63dyr7nhizxsqhta",
            "security_list_ids": [
              "ocid1.securitylist.oc1.ap-sydney-1.aaaaaaaasrzy7r6nqq4ijnirc46i2i77px5brlict6x2mtaywd5ai7b44bxa"
            ],
            "state": "AVAILABLE",
            "subnet_domain_name": "magentopub.magentovcn.oraclevcn.com",
            "time_created": "2021-03-26 04:45:09.882 +0000 UTC",
            "timeouts": null,
            "vcn_id": "ocid1.vcn.oc1.ap-sydney-1.amaaaaaacuco5yqahjhjrmhroi5am6jta4k5vynvmnpkpwvcid2pwdpssk6a",
            "virtual_router_ip": "172.16.1.1",
            "virtual_router_mac": "00:00:17:71:EB:2C"
          },
          "sensitive_attributes": [],
          "private": "eyJlMmJmYjczMC1lY2FhLTExZTYtOGY4OC0zNDM2M2JjN2M0YzAiOnsiY3JlYXRlIjoxMjAwMDAwMDAwMDAwLCJkZWxldGUiOjEyMDAwMDAwMDAwMDAsInVwZGF0ZSI6MTIwMDAwMDAwMDAwMH19",
          "dependencies": [
            "module.a_vcn.oci_core_internet_gateway.ig01",
            "module.a_vcn.oci_core_route_table.ig_route",
            "module.a_vcn.oci_core_security_list.app-security-list",
            "module.a_vcn.oci_core_vcn.prod_vcn"
          ]
        }
      ]
    },
    {
      "module": "module.a_vcn",
      "mode": "managed",
      "type": "oci_core_subnet",
      "name": "db-private-subnet",
      "provider": "provider[\"registry.terraform.io/hashicorp/oci\"]",
      "instances": [
        {
          "schema_version": 0,
          "attributes": {
            "availability_domain": null,
            "cidr_block": "172.16.2.0/24",
            "compartment_id": "ocid1.compartment.oc1..aaaaaaaacmdop4fwrdak5aunv6aeex3trwbujhk4jdqegna4lo7ittea5wdq",
            "defined_tags": {
              "owner.owner": "speciallist2.admin02"
            },
            "dhcp_options_id": "ocid1.dhcpoptions.oc1.ap-sydney-1.aaaaaaaalk67jvjxvun7azhexs3iy4rxsx3ljuaxr45saosw2rdifajbf54a",
            "display_name": "db_private_Subnet",
            "dns_label": "magentopri",
            "freeform_tags": {},
            "id": "ocid1.subnet.oc1.ap-sydney-1.aaaaaaaac2gq4mabael447dlhdiiuivqj7c4fmju4b4bcwqh46bdunz4npeq",
            "ipv6cidr_block": null,
            "ipv6public_cidr_block": null,
            "ipv6virtual_router_ip": null,
            "prohibit_public_ip_on_vnic": true,
            "route_table_id": "ocid1.routetable.oc1.ap-sydney-1.aaaaaaaaldjo4mhwx3le5xlzur4klg5skgt43edchxkbq42g2ty3hnwjuksa",
            "security_list_ids": [
              "ocid1.securitylist.oc1.ap-sydney-1.aaaaaaaavn4xtqagolwju2mqumyeijvkaq35vziwhe73dtu5rxfc27pmtnga"
            ],
            "state": "AVAILABLE",
            "subnet_domain_name": "magentopri.magentovcn.oraclevcn.com",
            "time_created": "2021-03-26 04:45:10.933 +0000 UTC",
            "timeouts": null,
            "vcn_id": "ocid1.vcn.oc1.ap-sydney-1.amaaaaaacuco5yqahjhjrmhroi5am6jta4k5vynvmnpkpwvcid2pwdpssk6a",
            "virtual_router_ip": "172.16.2.1",
            "virtual_router_mac": "00:00:17:71:EB:2C"
          },
          "sensitive_attributes": [],
          "private": "eyJlMmJmYjczMC1lY2FhLTExZTYtOGY4OC0zNDM2M2JjN2M0YzAiOnsiY3JlYXRlIjoxMjAwMDAwMDAwMDAwLCJkZWxldGUiOjEyMDAwMDAwMDAwMDAsInVwZGF0ZSI6MTIwMDAwMDAwMDAwMH19",
          "dependencies": [
            "module.a_vcn.data.oci_core_services.all_services",
            "module.a_vcn.oci_core_nat_gateway.nat_gateway",
            "module.a_vcn.oci_core_route_table.nat_route",
            "module.a_vcn.oci_core_security_list.db-security-list",
            "module.a_vcn.oci_core_service_gateway.m_service_gateway",
            "module.a_vcn.oci_core_vcn.prod_vcn"
          ]
        }
      ]
    },
    {
      "module": "module.a_vcn",
      "mode": "managed",
      "type": "oci_core_vcn",
      "name": "prod_vcn",
      "provider": "provider[\"registry.terraform.io/hashicorp/oci\"]",
      "instances": [
        {
          "schema_version": 0,
          "attributes": {
            "cidr_block": "172.16.0.0/16",
            "cidr_blocks": [
              "172.16.0.0/16"
            ],
            "compartment_id": "ocid1.compartment.oc1..aaaaaaaacmdop4fwrdak5aunv6aeex3trwbujhk4jdqegna4lo7ittea5wdq",
            "default_dhcp_options_id": "ocid1.dhcpoptions.oc1.ap-sydney-1.aaaaaaaalk67jvjxvun7azhexs3iy4rxsx3ljuaxr45saosw2rdifajbf54a",
            "default_route_table_id": "ocid1.routetable.oc1.ap-sydney-1.aaaaaaaawox4rykwbb3r6ao6343a23quap6ci6yhmlcc76yhgthiqxcqj36a",
            "default_security_list_id": "ocid1.securitylist.oc1.ap-sydney-1.aaaaaaaagvpr3zwzg3pordaqlyuen44q4pzfj52fgzwjpseenvdmiboc2sya",
            "defined_tags": {
              "owner.owner": "speciallist2.admin02"
            },
            "display_name": "demo_vcn",
            "dns_label": "magentovcn",
            "freeform_tags": {},
            "id": "ocid1.vcn.oc1.ap-sydney-1.amaaaaaacuco5yqahjhjrmhroi5am6jta4k5vynvmnpkpwvcid2pwdpssk6a",
            "ipv6cidr_block": null,
            "ipv6public_cidr_block": null,
            "is_ipv6enabled": null,
            "state": "AVAILABLE",
            "time_created": "2021-03-26 04:45:04.729 +0000 UTC",
            "timeouts": null,
            "vcn_domain_name": "magentovcn.oraclevcn.com"
          },
          "sensitive_attributes": [],
          "private": "eyJlMmJmYjczMC1lY2FhLTExZTYtOGY4OC0zNDM2M2JjN2M0YzAiOnsiY3JlYXRlIjoxMjAwMDAwMDAwMDAwLCJkZWxldGUiOjEyMDAwMDAwMDAwMDAsInVwZGF0ZSI6MTIwMDAwMDAwMDAwMH19"
        }
      ]
    },
    {
      "module": "module.app_compute",
      "mode": "data",
      "type": "template_file",
      "name": "installhttpd",
      "provider": "provider[\"registry.terraform.io/hashicorp/template\"]",
      "instances": [
        {
          "schema_version": 0,
          "attributes": {
            "filename": null,
            "id": "ad8e8de3d89d549eab7f023543f63d8b09ccca9aa365f3e92802f92bf78fc8f5",
            "rendered": "#!/bin/bash\n#set -x\n\nyum install -y httpd\nsystemctl enable httpd\n\nsystemctl restart httpd\nsystemctl stop firewalld\n#firewall-cmd --add-service=http --permanent\n#firewall-cmd --add-service=https --permanent\n#firewall-cmd daemon-reload\n\necho \"Installed httpd server.\"",
            "template": "#!/bin/bash\n#set -x\n\nyum install -y httpd\nsystemctl enable httpd\n\nsystemctl restart httpd\nsystemctl stop firewalld\n#firewall-cmd --add-service=http --permanent\n#firewall-cmd --add-service=https --permanent\n#firewall-cmd daemon-reload\n\necho \"Installed httpd server.\"",
            "vars": null
          },
          "sensitive_attributes": []
        }
      ]
    },
    {
      "module": "module.app_compute",
      "mode": "managed",
      "type": "oci_core_instance",
      "name": "app_instance",
      "provider": "provider[\"registry.terraform.io/hashicorp/oci\"]",
      "instances": [
        {
          "index_key": 0,
          "schema_version": 0,
          "attributes": {
            "agent_config": [
              {
                "are_all_plugins_disabled": false,
                "is_management_disabled": false,
                "is_monitoring_disabled": false,
                "plugins_config": []
              }
            ],
            "availability_config": [
              {
                "recovery_action": "RESTORE_INSTANCE"
              }
            ],
            "availability_domain": "dTZF:AP-SYDNEY-1-AD-1",
            "boot_volume_id": "ocid1.bootvolume.oc1.ap-sydney-1.abzxsljrtg2r4qj4zzyymrzhwtnrcxorz54gwpukibuqkmhlisy2q7px6lkq",
            "compartment_id": "ocid1.compartment.oc1..aaaaaaaacmdop4fwrdak5aunv6aeex3trwbujhk4jdqegna4lo7ittea5wdq",
            "create_vnic_details": [
              {
                "assign_public_ip": "true",
                "defined_tags": {
                  "owner.owner": "speciallist2.admin02"
                },
                "display_name": "manento_app_0",
                "freeform_tags": {},
                "hostname_label": "manento-app-0",
                "nsg_ids": null,
                "private_ip": "172.16.1.4",
                "skip_source_dest_check": false,
                "subnet_id": "ocid1.subnet.oc1.ap-sydney-1.aaaaaaaakzyfhdzzzbswjopnyuldsmiog4cihxk6cyzmlr4fwjyctdr3wbra",
                "vlan_id": ""
              }
            ],
            "dedicated_vm_host_id": null,
            "defined_tags": {
              "owner.owner": "speciallist2.admin02"
            },
            "display_name": "manento_app_0",
            "extended_metadata": null,
            "fault_domain": "FAULT-DOMAIN-1",
            "freeform_tags": {},
            "hostname_label": "manento-app-0",
            "id": "ocid1.instance.oc1.ap-sydney-1.anzxsljrcuco5yqcjgy6l6jjhy2eqqtfvclle5m6uljd4cckyvvafysy5afa",
            "image": "ocid1.image.oc1.ap-sydney-1.aaaaaaaa3fkl2evlr2j4uxsctjzd3i5b62sytm6wntjtvtql76r73pqj2bfa",
            "instance_options": [
              {
                "are_legacy_imds_endpoints_disabled": false
              }
            ],
            "ipxe_script": null,
            "is_pv_encryption_in_transit_enabled": null,
            "launch_mode": "NATIVE",
            "launch_options": [
              {
                "boot_volume_type": "PARAVIRTUALIZED",
                "firmware": "UEFI_64",
                "is_consistent_volume_naming_enabled": true,
                "is_pv_encryption_in_transit_enabled": false,
                "network_type": "PARAVIRTUALIZED",
                "remote_data_volume_type": "PARAVIRTUALIZED"
              }
            ],
            "metadata": {
              "ssh_authorized_keys": "ssh-rsa AAAAB3NzaC1yc2EAAAADAQABAAABAQCqZlH5+kpvdNVEAceA9xzjL+QNEkpDluUQu9FRkaG50nNPVPLZhLrgd8VczsqNHDpy4lN9Y3KVESEZ28qyfjfTNTT14kolUqU4hc2AF8XONVlo4HWAgx/fgYm1K/G4Hs8mVru5StHkSpGtw/Kgl1PnmZucWEAdTC+K3fRltAjx0Vtrn8Tm1eS1V7XO3LjdSinKZZ+e5T1sFEIBqH6jVDsrB7p5B0ZXMFzxwCQBR3kuU+rGr7NX4ag3gOrZOfy/5ZPx8E1GZv8o1CjeLrEU8Lxyr3OM1DGhE7X5vVFWGAS58kQnDxb0+qJJ/ZaijmxbxshdSdPbGGVZ7pc2AFzco2Nt jianbing@dhcp-10-182-225-17.cn.oracle.com\n"
            },
            "platform_config": [],
            "preserve_boot_volume": false,
            "private_ip": "172.16.1.4",
            "public_ip": "152.67.102.142",
            "region": "ap-sydney-1",
            "shape": "VM.Standard2.1",
            "shape_config": [
              {
                "gpu_description": "",
                "gpus": 0,
                "local_disk_description": "",
                "local_disks": 0,
                "local_disks_total_size_in_gbs": 0,
                "max_vnic_attachments": 2,
                "memory_in_gbs": 15,
                "networking_bandwidth_in_gbps": 1,
                "ocpus": 1,
                "processor_description": "2.0 GHz Intel® Xeon® Platinum 8167M (Skylake)"
              }
            ],
            "source_details": [
              {
                "boot_volume_size_in_gbs": "200",
                "kms_key_id": "",
                "source_id": "ocid1.image.oc1.ap-sydney-1.aaaaaaaa3fkl2evlr2j4uxsctjzd3i5b62sytm6wntjtvtql76r73pqj2bfa",
                "source_type": "image"
              }
            ],
            "state": "RUNNING",
            "subnet_id": "ocid1.subnet.oc1.ap-sydney-1.aaaaaaaakzyfhdzzzbswjopnyuldsmiog4cihxk6cyzmlr4fwjyctdr3wbra",
            "system_tags": {},
            "time_created": "2021-03-26 04:45:15.052 +0000 UTC",
            "time_maintenance_reboot_due": "",
            "timeouts": null
          },
          "sensitive_attributes": [],
          "private": "eyJlMmJmYjczMC1lY2FhLTExZTYtOGY4OC0zNDM2M2JjN2M0YzAiOnsiY3JlYXRlIjoyNzAwMDAwMDAwMDAwLCJkZWxldGUiOjI3MDAwMDAwMDAwMDAsInVwZGF0ZSI6MjcwMDAwMDAwMDAwMH19",
          "dependencies": [
            "data.oci_identity_availability_domains.ads",
            "module.a_vcn.oci_core_internet_gateway.ig01",
            "module.a_vcn.oci_core_route_table.ig_route",
            "module.a_vcn.oci_core_security_list.app-security-list",
            "module.a_vcn.oci_core_subnet.app-public-subnet",
            "module.a_vcn.oci_core_vcn.prod_vcn",
            "module.app_compute.data.template_file.installhttpd"
          ]
        }
      ]
    },
    {
      "module": "module.lb",
      "mode": "managed",
      "type": "oci_load_balancer_backend",
      "name": "be1",
      "provider": "provider[\"registry.terraform.io/hashicorp/oci\"]",
      "instances": [
        {
          "index_key": 0,
          "schema_version": 0,
          "attributes": {
            "backendset_name": "set1",
            "backup": false,
            "drain": false,
            "id": "loadBalancers/ocid1.loadbalancer.oc1.ap-sydney-1.aaaaaaaai2shjvhwgpibn6th2x4spjgmomgafglwnlgkrbdl3qeub5i46fyq/backendSets/set1/backends/172.16.1.4:80",
            "ip_address": "172.16.1.4",
            "load_balancer_id": "ocid1.loadbalancer.oc1.ap-sydney-1.aaaaaaaai2shjvhwgpibn6th2x4spjgmomgafglwnlgkrbdl3qeub5i46fyq",
            "name": "172.16.1.4:80",
            "offline": false,
            "port": 80,
            "state": "SUCCEEDED",
            "timeouts": null,
            "weight": 1
          },
          "sensitive_attributes": [],
          "private": "eyJlMmJmYjczMC1lY2FhLTExZTYtOGY4OC0zNDM2M2JjN2M0YzAiOnsiY3JlYXRlIjoxMjAwMDAwMDAwMDAwLCJkZWxldGUiOjEyMDAwMDAwMDAwMDAsInVwZGF0ZSI6MTIwMDAwMDAwMDAwMH19",
          "dependencies": [
            "data.oci_identity_availability_domains.ads",
            "module.a_vcn.oci_core_internet_gateway.ig01",
            "module.a_vcn.oci_core_route_table.ig_route",
            "module.a_vcn.oci_core_security_list.app-security-list",
            "module.a_vcn.oci_core_subnet.app-public-subnet",
            "module.a_vcn.oci_core_vcn.prod_vcn",
            "module.app_compute.data.template_file.installhttpd",
            "module.app_compute.oci_core_instance.app_instance",
            "module.lb.oci_load_balancer_backend_set.set1",
            "module.lb.oci_load_balancer_load_balancer.lb1"
          ]
        }
      ]
    },
    {
      "module": "module.lb",
      "mode": "managed",
      "type": "oci_load_balancer_backend_set",
      "name": "set1",
      "provider": "provider[\"registry.terraform.io/hashicorp/oci\"]",
      "instances": [
        {
          "schema_version": 0,
          "attributes": {
            "backend": [],
            "health_checker": [
              {
                "interval_ms": 5000,
                "port": 80,
                "protocol": "TCP",
                "response_body_regex": ".*",
                "retries": 10,
                "return_code": 200,
                "timeout_in_millis": 2000,
                "url_path": ""
              }
            ],
            "id": "loadBalancers/ocid1.loadbalancer.oc1.ap-sydney-1.aaaaaaaai2shjvhwgpibn6th2x4spjgmomgafglwnlgkrbdl3qeub5i46fyq/backendSets/set1",
            "lb_cookie_session_persistence_configuration": [],
            "load_balancer_id": "ocid1.loadbalancer.oc1.ap-sydney-1.aaaaaaaai2shjvhwgpibn6th2x4spjgmomgafglwnlgkrbdl3qeub5i46fyq",
            "name": "set1",
            "policy": "IP_HASH",
            "session_persistence_configuration": [],
            "ssl_configuration": [],
            "state": "SUCCEEDED",
            "timeouts": null
          },
          "sensitive_attributes": [],
          "private": "eyJlMmJmYjczMC1lY2FhLTExZTYtOGY4OC0zNDM2M2JjN2M0YzAiOnsiY3JlYXRlIjoxMjAwMDAwMDAwMDAwLCJkZWxldGUiOjEyMDAwMDAwMDAwMDAsInVwZGF0ZSI6MTIwMDAwMDAwMDAwMH19",
          "dependencies": [
            "module.a_vcn.oci_core_internet_gateway.ig01",
            "module.a_vcn.oci_core_route_table.ig_route",
            "module.a_vcn.oci_core_security_list.app-security-list",
            "module.a_vcn.oci_core_subnet.app-public-subnet",
            "module.a_vcn.oci_core_vcn.prod_vcn",
            "module.lb.oci_load_balancer_load_balancer.lb1"
          ]
        }
      ]
    },
    {
      "module": "module.lb",
      "mode": "managed",
      "type": "oci_load_balancer_listener",
      "name": "listener1",
      "provider": "provider[\"registry.terraform.io/hashicorp/oci\"]",
      "instances": [
        {
          "schema_version": 0,
          "attributes": {
            "connection_configuration": [
              {
                "backend_tcp_proxy_protocol_version": 0,
                "idle_timeout_in_seconds": "2"
              }
            ],
            "default_backend_set_name": "set1",
            "hostname_names": [],
            "id": "loadBalancers/ocid1.loadbalancer.oc1.ap-sydney-1.aaaaaaaai2shjvhwgpibn6th2x4spjgmomgafglwnlgkrbdl3qeub5i46fyq/listeners/http",
            "load_balancer_id": "ocid1.loadbalancer.oc1.ap-sydney-1.aaaaaaaai2shjvhwgpibn6th2x4spjgmomgafglwnlgkrbdl3qeub5i46fyq",
            "name": "http",
            "path_route_set_name": null,
            "port": 80,
            "protocol": "HTTP",
            "routing_policy_name": null,
            "rule_set_names": [],
            "ssl_configuration": [],
            "state": "SUCCEEDED",
            "timeouts": null
          },
          "sensitive_attributes": [],
          "private": "eyJlMmJmYjczMC1lY2FhLTExZTYtOGY4OC0zNDM2M2JjN2M0YzAiOnsiY3JlYXRlIjoxMjAwMDAwMDAwMDAwLCJkZWxldGUiOjEyMDAwMDAwMDAwMDAsInVwZGF0ZSI6MTIwMDAwMDAwMDAwMH19",
          "dependencies": [
            "module.a_vcn.oci_core_internet_gateway.ig01",
            "module.a_vcn.oci_core_route_table.ig_route",
            "module.a_vcn.oci_core_security_list.app-security-list",
            "module.a_vcn.oci_core_subnet.app-public-subnet",
            "module.a_vcn.oci_core_vcn.prod_vcn",
            "module.lb.oci_load_balancer_backend_set.set1",
            "module.lb.oci_load_balancer_load_balancer.lb1"
          ]
        }
      ]
    },
    {
      "module": "module.lb",
      "mode": "managed",
      "type": "oci_load_balancer_load_balancer",
      "name": "lb1",
      "provider": "provider[\"registry.terraform.io/hashicorp/oci\"]",
      "instances": [
        {
          "schema_version": 0,
          "attributes": {
            "compartment_id": "ocid1.compartment.oc1..aaaaaaaacmdop4fwrdak5aunv6aeex3trwbujhk4jdqegna4lo7ittea5wdq",
            "defined_tags": {
              "owner.owner": "speciallist2.admin02"
            },
            "display_name": "magento lb1",
            "freeform_tags": {},
            "id": "ocid1.loadbalancer.oc1.ap-sydney-1.aaaaaaaai2shjvhwgpibn6th2x4spjgmomgafglwnlgkrbdl3qeub5i46fyq",
            "ip_address_details": [
              {
                "ip_address": "152.67.107.179",
                "is_public": true,
                "reserved_ip": []
              }
            ],
            "ip_addresses": [
              "152.67.107.179"
            ],
            "ip_mode": "IPV4",
            "is_private": false,
            "network_security_group_ids": null,
            "reserved_ips": [],
            "shape": "100Mbps",
            "shape_details": [],
            "state": "ACTIVE",
            "subnet_ids": [
              "ocid1.subnet.oc1.ap-sydney-1.aaaaaaaakzyfhdzzzbswjopnyuldsmiog4cihxk6cyzmlr4fwjyctdr3wbra"
            ],
            "system_tags": {},
            "time_created": "2021-03-26 04:45:13.77 +0000 UTC",
            "timeouts": null
          },
          "sensitive_attributes": [],
          "private": "eyJlMmJmYjczMC1lY2FhLTExZTYtOGY4OC0zNDM2M2JjN2M0YzAiOnsiY3JlYXRlIjoxMjAwMDAwMDAwMDAwLCJkZWxldGUiOjEyMDAwMDAwMDAwMDAsInVwZGF0ZSI6MTIwMDAwMDAwMDAwMH19",
          "dependencies": [
            "module.a_vcn.oci_core_internet_gateway.ig01",
            "module.a_vcn.oci_core_route_table.ig_route",
            "module.a_vcn.oci_core_security_list.app-security-list",
            "module.a_vcn.oci_core_subnet.app-public-subnet",
            "module.a_vcn.oci_core_vcn.prod_vcn"
          ]
        }
      ]
    },
    {
      "module": "module.mds_instance",
      "mode": "managed",
      "type": "oci_mysql_mysql_db_system",
      "name": "prod_mysql1",
      "provider": "provider[\"registry.terraform.io/hashicorp/oci\"]",
      "instances": [
        {
          "schema_version": 0,
          "attributes": {
            "admin_password": "MyMagentoPassw0rd]",
            "admin_username": "admin",
            "analytics_cluster": [],
            "availability_domain": "dTZF:AP-SYDNEY-1-AD-1",
            "backup_policy": [
              {
                "defined_tags": {},
                "freeform_tags": {},
                "is_enabled": true,
                "retention_in_days": 7,
                "window_start_time": "00:00"
              }
            ],
            "channels": [],
            "compartment_id": "ocid1.compartment.oc1..aaaaaaaacmdop4fwrdak5aunv6aeex3trwbujhk4jdqegna4lo7ittea5wdq",
            "configuration_id": "ocid1.mysqlconfiguration.oc1..aaaaaaaalwzc2a22xqm56fwjwfymixnulmbq3v77p5v4lcbb6qhkftxf2trq",
            "data_storage_size_in_gb": 50,
            "defined_tags": {
              "owner.owner": "speciallist2.admin02"
            },
            "description": null,
            "display_name": "MySQLInstance1",
            "endpoints": [
              {
                "hostname": "",
                "ip_address": "172.16.2.3",
                "modes": [
                  "READ",
                  "WRITE"
                ],
                "port": 3306,
                "port_x": 33060,
                "status": "ACTIVE",
                "status_details": ""
              }
            ],
            "fault_domain": "FAULT-DOMAIN-1",
            "freeform_tags": {},
            "hostname_label": null,
            "id": "ocid1.mysqldbsystem.oc1.ap-sydney-1.aaaaaaaaujz2mmbdhe3adnt2jdktzi4o3j5dchvkfvsvy65hpxqagd3b2n3q",
            "ip_address": "172.16.2.3",
            "is_analytics_cluster_attached": false,
            "lifecycle_details": null,
            "maintenance": [
              {
                "window_start_time": "TUESDAY 11:58"
              }
            ],
            "mysql_version": "8.0.23-u2-cloud",
            "port": 3306,
            "port_x": 33060,
            "shape_name": "MySQL.VM.Standard.E3.1.8GB",
            "shutdown_type": null,
            "source": [
              {
                "backup_id": "",
                "source_type": "NONE"
              }
            ],
            "state": "ACTIVE",
            "subnet_id": "ocid1.subnet.oc1.ap-sydney-1.aaaaaaaac2gq4mabael447dlhdiiuivqj7c4fmju4b4bcwqh46bdunz4npeq",
            "time_created": "2021-03-26 04:45:16.276 +0000 UTC",
            "time_updated": "2021-03-26 04:52:08.498 +0000 UTC",
            "timeouts": null
          },
          "sensitive_attributes": [],
          "private": "eyJlMmJmYjczMC1lY2FhLTExZTYtOGY4OC0zNDM2M2JjN2M0YzAiOnsiY3JlYXRlIjozNjAwMDAwMDAwMDAwLCJkZWxldGUiOjM2MDAwMDAwMDAwMDAsInVwZGF0ZSI6MzYwMDAwMDAwMDAwMH19",
          "dependencies": [
            "data.oci_identity_availability_domains.ads",
            "module.a_vcn.data.oci_core_services.all_services",
            "module.a_vcn.oci_core_nat_gateway.nat_gateway",
            "module.a_vcn.oci_core_route_table.nat_route",
            "module.a_vcn.oci_core_security_list.db-security-list",
            "module.a_vcn.oci_core_service_gateway.m_service_gateway",
            "module.a_vcn.oci_core_subnet.db-private-subnet",
            "module.a_vcn.oci_core_vcn.prod_vcn"
          ]
        }
      ]
    },
    {
      "module": "module.os",
      "mode": "data",
      "type": "template_file",
      "name": "installhttpd",
      "provider": "provider[\"registry.terraform.io/hashicorp/template\"]",
      "instances": [
        {
          "schema_version": 0,
          "attributes": {
            "filename": null,
            "id": "1eb6f43e8bfbc939dc6fea4ffa85bf8e645bab666a03917f316801d8782c2ed1",
            "rendered": "UEsDBBQACAAIAAAAIYoAAAAAAAAAAAAAAAATAAAALnRlcnJhZm9ybS5sb2NrLmhjbJyWTY9dxRGG9/4VV8OSaKiP7vpAYmGjxIjEBiKTOERZVFd12ReNZ5yZsWGI8t+jSyR0LcQi2Z7T/ej0x/O+56PDi9fHu0Mfr/bheHd4E8fr+zhe7zrEu/ubN3F/zLi6ejish8PF/b69jb65fXM4Xh/vLy4ffXR4Ftfv4uqw63h/mvxwWPtwdXN3fzheH/rd/bvbfXj3tuJ+310+evT29ub9sfbt4eJ2vzre3d8+XP6CvDzefPI67l4f8+b27Sc3ebw4/OvR4fB+394db64Pnx0uxiXaJVw8OhxO4/bd4bPD3x8dDofDxWv89OH5l2r49pX9Zd59bv/8+PHD+6cvv8/Hr/7258+fvLh9+dBvftIfn73K+fizi9/9d9pPrz/FLqIsZhww3CKWRQZkOeIOZaNRVUmBEDaga3PbmKo1h1PXGYo8um0AbOImT5aIorHSUmRD57JKntI5hqGDZQS2ta/Ve3l8gMolQsNMClszeVrgVtpDjGVAIhj7nj42T8zucRrQRUNclc5QI2YV8cAM6jAtneQx1g6NuXKmpnu6WrOmIG9MHSXC20fC6jOUlGsQJKX4Gho5p9qW5Qu9252m5DjNCsOxbdqiHLKwMdQAzlFqkjvbqjYbLR2DF3uswh7cM1VQY7hRMINR4W6zEqLwEQTzDBXtmTaFvBps44B22VJA7EAI5XOMVJPFxZtzEIqRx6YBbaFnqLVW+5a1V65Bw23vZJ/ZXoKOgnvBRG+cRrRYsiYOHCLLYQfYOWpDbVg5Knlz7BbRvblkW6RMJDCd250KvYIlfS1qplVj2hrnqEIX0OBhBD0X6di4BquMtYgUDSZYK+gq3iGzF9kG80nLT1/6M+ofj/79v+h3v9+8vYr7/SsH6ZJ+U0H44Wq/fh4/PnmpT7/85vrr/uaHF8/fv3/cbF++gefv9e7uj0+fxVP56tW5goAKhC4NAcNpJ6ij1tKImD5tcFmjYiX67JFuVtSdQQHCJucoj9hcYSQruLRafPdeNAuHBNaGAt4+sXgCekAb7NHT0nxN/gC1wjhBaC7pDeFzVEivguQ5I2Fpg7ZJOgaFqw0/Xb4dwwU+QG0OSdsojdrogBCZBTYGmtakMQ3KuxYoY4vO7uwRvQK48HyBYzbl9LGkqXnsEGGFkakEwxYh9dZC6TWyy6ezzA53JbJQPUep7uA9A8YQtVGqiGPNbRPTFYKrNm6wDvlZUoRlbLNUYNaYeIaywDnYThECtrl6hjgSBfGqjlaBmMRqFhMMXU8uTkFpLYbYZyh3ssEA1FRrBuIWksWdxJWQplGs5IsXZ598Z+peXO26a9U5KspBeuQ+eZFzD66ZJZXWI2d6Ji/mIhqc5jk70dq1lVTXxPNoT1cfNKsWTZmIyLqzwHkTkzHxqACcY2nH6RSSxBSNymOfHvxfCl7d/co+vsTftO/li2+95e7ps++++OqF3X7y8Z/++vlP9OS7r77+Akn/8OTF198/e/b7x4/f4bfn9nENEZQ1sHcQzinSI3zqkuLAiMGNrTNJVKWUwm3VCvXBXuv8RglxELChhlR0mDSugQOXjInTN+jOgZZGvQdE1igK0jk4V8R5a4kYoW49bSaETKWtC3augTxC1DBzlLL16Fnge+kUsLnAaDp9cKMmz1ENrAjiqMppPSGYNuMpRWYjnU6OS0CNZHY159jINirPa9nbNRY6sMFgqKnsxMCbm6VHq/FMHTuMSWVFuJUsP/mXLH4e6oHSsGKJzLZyPoVSBsy5PK2mgjYGVFnazgxJZHDsAZW43euDqiEdNQEsaVRCyTz9IPgmqrUY95bVVbAoq2qUa3OWhZVMtXEucs2O8MoNMTu9SBYN4dwx1+bZNk1i6QSGrR2jhhNkKe9N4uZnqO1LlE6pob0GghpsXYPcdUZlqlTNqcqn9WnaqUHRfNBeTBjnDb8XtrHYVC5ihVMASa0WaD91xJKx59SB5bJmL6DT2+1YWzThfK86cSMtRTbWZbOiJXktBS5Vnzsac6Jq7BUbo7MNsUoBvMeCX0T+TwAAAP//UEsHCIR55tnzBQAANgsAAFBLAwQUAAgACAAAACGKAAAAAAAAAAAAAAAADQAAAGFwcC8uRFNfU3RvcmXs2DFqhEAUxvHvTYQMpJky5VwhNxAxJ8gFQrQJCIaY9FY5V44W5H1BWRVhq2X3+4H8i53Hdu68BWDVd/sEJAARXvxgU+SzEljzJwEf+MLQDk331m8NbJhm7zGgwSfel/N9dzQqIiIiZzBPfDg6KCI3Z3o/ZLZkR6/x88AWi5nEZrZkR6/xXGALNrKJzWzJjl6+tIzLh/GbjRuKJTazPi4iJ+48afr9f97f/0XkillRv9TVvBCsBF4EXnnm939w5yIQ/A/DR8zndBkQuSB/AQAA//9QSwcIXoyiJ9IAAAAEGAAAUEsDBBQACAAIAAAAIYoAAAAAAAAAAAAAAAAOAAAAYXBwL2NvbXB1dGUudGZ0U02O2zwM3esUhPMtZjbJV6Dozmco0AsQtMSJidFfJdlAJkjPXkh2YqfteGXqPb4nkqKyQZPNcFUAYynRYNZJYoH166H7dRKfC1mLjXDMY6duSh3OXGAlv4lliFRGZagQdIVdtFQYK9BBtwq0/K553RnQt+SX7r9rzT+6YCbLt9MinE/7zOr8Wq0T5zAlzdAFLahDYmw8r6sZxbgLqxnAAX7wz0kSmxbSTGJpECvlgiY4Eg89zJSOZNCT48bSwUVKxbEvKGYl7A+DlkUvjxR5JcwOW7gA7Z5ouJCsXV6+FXjIiqNzDf8klEsT7hrePdADbL9DCAXnYCfHmOWj9gLPQ74Lr53A56vgJ1mq6d7UVhbq4N/kDFe1WX6PRYIn+zhx7EK6fOK8gA9u0HH6i9MO994HeDIxkqOlSxtO7Ucd8v9floboxPWtzV70PzpNOcvZY5wGKxolQg8lTbw1eho87wb8iNfbLOUVai+7348wj0hTGUOSDzb4zpd7VRVZ/d55K3zKnLDJbF8PA2X+9pW9DoZfKnp82p7j0wYk9oYTm9flcssriIkzp5n3M617RTazgrow6ncAAAD//1BLBwgVaEeluwEAAOcDAABQSwMEFAAIAAgAAAAhigAAAAAAAAAAAAAAAA4AAABhcHAvb3V0cHV0cy50ZsovLSkoLVFQKihNyslMjs8sUKrmUlBQUChLzClNVbBVyE/OjE/OL0qNz8wrLknMS07VSywoQHDg2rhqubjgZhVlliWWpJJuGFwfVy0gAAD//1BLBwiqlA4tUQAAAJgAAABQSwMEFAAIAAgAAAAhigAAAAAAAAAAAAAAABsAAABhcHAvc2NyaXB0cy9pbnN0YWxsaHR0cGQuc2iMz8GtwjAMxvF7pvBrz36dgAEYw00+1EhJWtku0O1RVQ6AOHD++2fZ/d8w5jaMYlPoDU58D8HWNNO2VsrNXEoh3mhyX9JRbDNHjV4ITcaCZ/uMCnNRf5WXrLhJKRxrImZJiQ16zRGnfYqYF2iVhubhJ2Fv5JtQlFlSCIjTTN35eAjpuIr2XdD/7hEAAP//UEsHCJu1JgWOAAAABwEAAFBLAwQUAAgACAAAACGKAAAAAAAAAAAAAAAADwAAAGFwcC92YXJpYWJsZS50ZoSPS26AMAwF9zmFZU7QXTecxTKJW6LiJMoHCSHuXtENH1Gxn3ljz5w9D5MA2qiJc1UJlaL1DmE1AABOvrhNtUc0mzlwdhRY5YWalcrI6Q3zyt9Cr83ShiD1P647wNSGyVv6kYUS1xFh3cz1qlYk42UEeozJ7kNntJSRjjV8yBrTsbrzM6FUDlZIRWNe7hXAzz/tQYg2tXL7bRc+duE3AAD//1BLBwgVpE+FogAAAKoBAABQSwMEFAAIAAgAAAAhigAAAAAAAAAAAAAAABoAAABhdXRvc2NhbGluZy9hdXRvc2NhbGluZy50ZpyTz4rbMBDG736KwacttIZC6W1POfUZShlmpWk82JaE/ix1S969SPY6iusmsDrkMN/MT983kRvPwSavGFqrBJX1jGJCJKMYlTU/5Zw8RbGmhfbkmSJ/W+XTrfqnAVB2cuTjxCaiaHiGV/JdXbRKdAOgJbiRZjQ0McDad3xt6WkagE3WHEnGUC6synF2fJ+UO5oyNFIyqt+RDuznlYhmEyXOWKndsolTVSm58gk9OYbt7BwVdcm06O9ZRfFaHOCrEfVPDgAKQc4GXXoZRaG4YzO39BqFe8BG3vn9T8w75Co7QBjE4fIAUXOIqHpWwwOayrjjyRV8edvSxJE0RYLnajkh9Egp9tbLb9Y48BzWG7OyRh543gZSYI8FUwd+ocBfv7BRVvNTns5tn3Lbh72Nzef+f1qFx2/3loDV3MaSic6c321xN1o7JPeU7XTXLzu3hM56UiOPYtKvbil9//zjI7Si26v1t99Lc/kbAAD//1BLBwiV0YMSbgEAACUEAABQSwMEFAAIAAgAAAAhigAAAAAAAAAAAAAAABoAAABjb21wYXJ0bWVudC9jb21wYXJ0bWVudC50ZkyLsQrDMAxEd3/FITr3D/IX3Y1xRKvBUlDUQDD+99LWQ267u/ecd3t7ZZBVybKyhsSZq7WteDTWINCv6UnoCVh5ry5biCkW0OPFmD+uVgK0NMbMArr1o/h9sjnKc+T/xHqIm361QWl8AgAA//9QSwcIhafKsW0AAACTAAAAUEsDBBQACAAIAAAAIYoAAAAAAAAAAAAAAAAhAAAAY29tcGFydG1lbnQvY29tcGFydG1lbnRfb3V0cHV0LnRmyi8tKSgtUVBKzs8tiM9MUVKo5lJQKEvMKU1VsFVQUqnOT86Mz0xJzSvJLKmMBylKLCrJTc0r0QOz8yr1MlNqlbhqAQEAAP//UEsHCBhGOTNIAAAARwAAAFBLAwQUAAgACAAAACGKAAAAAAAAAAAAAAAAFwAAAGNvbXBhcnRtZW50L3ZhcmlhYmxlLnRm4ipLLMpMTMpJVVBKzs8tSMyrjC9JTFdSqK5FkknNK8ssys/LTc0rUVKo5lJQUFBISU1LLM0psVUqKMpPUeKqBQQAAP//UEsHCND69WZFAAAASAAAAFBLAwQUAAgACAAAACGKAAAAAAAAAAAAAAAACAAAAGxiL2xiLnRmlJM/b9swEMV3fooDs3VQ7UxZtLQd2qFJELhTURAUebKIUCRBntIahb97QZlRJUf5x8niO717/t0pYvJDVAjcKyOsl1o00kqnMC6fOHDbbDn8ZQCpkwFhOjXw7WbzvQmJMwDl+yAj9ehIGA01PMhYzS+9Mppll6FxmGsS1PAzV003v7KuTQpWHoSTPeYevdyjIw85Bjsy9lL0Rqp7dFokJA48IZXko9f81EVlAEuHMforTCrbbCujGUDw1qjD0vfu5sf1F3F38+nbNc//p0NpqROqQ3WPcYyTX4wEZ6cGfrXhJzl68srbM3n3+fakX0RMwbuEovH6ICLu8U8uqD5MOg3RCeU1zg0uN6XBxRCtCJK6sw4fs3x8DbM1idCdlqP8LKCfwPzv/WaoT4Y1y9cRhRxRYysHS/OBPy7Mi1tR5alXuZKtD6E0utqw9Sk8Bvm6292O41XeOVRkfKbtWrMfosxPZdBGWxRkevQDCeNEQuXduPr88k2sS3gOvMHnIL8DbrGbeL0LmAlCah0xpQlE/n5DNA+SUJiwBrXAzJ5DWNy30qZsq6M0DlYl37bWOFyTfqPZd7R4a8uO/wIAAP//UEsHCDQVh1a/AQAA2QQAAFBLAwQUAAgACAAAACGKAAAAAAAAAAAAAAAADAAAAGxiL291dHB1dC50ZlTHwQmAMAwAwH+nCB2g4ABOIhLSJo9AsKFt/Ii7+/Z5PZbHguxRTRuqZ3gSwE0WAjscvSlaJ8ZKRleT8VexuhV1JOYhcyLLIrV5pvcLAAD//1BLBwg6jfgCUQAAAFkAAABQSwMEFAAIAAgAAAAhigAAAAAAAAAAAAAAAA4AAABsYi92YXJpYWJsZS50ZmTJPQrAIAwG0N1TfOQePYtETSHgHza6iHfv2KHre4uHcsgCemaoYl4TYR/3eWyl87Ai1XyLv+5DF5t47YTtACDJzTPbReTOGwAA//9QSwcIrXvGEkwAAABfAAAAUEsDBBQACAAIAAAAIYoAAAAAAAAAAAAAAAAHAAAAbWFpbi50ZqxUy27bMBC88ysWTK9R+gM+BEjbS4ECfZyCgFiJjL0IJbJ8KBAC/3tBUrIpxwmStjkE8O5oODO7pFPeRNcp4EF7YR2NGJR4UBMHbmOrqauLwiI5Dk8MAPXWOAq7HjbAv/+45mzPWG9k1Ao4irEbCm6mP/5tgDdXqc0YQGd6iy70agjCdCRhAyO65rTMAMZuEJK81TiJAXuVeD48HcDDJAJu9/ncGd2RdKLVpnvIpyboUmYANrbCxzb/nHUlRF1OKEfjCjaj6vLKuLUi6YlBFftVANk4WpuNv8c6AMriuQpRYsDGdCRIqiFQmASOSBpb0umHND3S4BuUvjnXuP141yTKTD/2wu/Qqoo+pzWXM4Z63CpB8gSzlIvV2A4qVKANlGCavBBNSueAKV/4nZjX7EFNB9Z1uQ5Yt+dz1e1fxPp+vctdIPvsi+PkmyOK1dp76QUNPuDQPd+OhY43V/3kf+vZDsqeBmHR+0fj5Cr6datCR69ctS41emmd3yr475uVrZws1yyoap0f3BH6tuHB8wHKdjW/NAx2sVWh6ILODPe0jQ4DmcGzZBx4cl60lf9rEAeeJS/zq6W9vmxhsunRuuU3nz5f//r6k98VG4ltedFOc9kzdgFfVAAETT6AuYfrKnK4KZFXyl+dGQeO0hfpbxOeBXyLwcYAKD045aMOzJQK9zvzeHmgHFFH9e8LtD7UWigvAZA8nIvWXpYqWV4GsRx+7jqWl4RsZp6JtUEJLep0GR2km7qQp87SuHyJX7cr2oW17FWlNBdeZKlfhPrV2LM/AQAA//9QSwcI7t+HHFYCAACYBwAAUEsDBBQACAAIAAAAIYoAAAAAAAAAAAAAAAAOAAAAbXlzcWwvbXlzcWwudGZUj01KBDEQhfd9iiLuxVm4nAMIulAPUFQnxVjQ+Zmq9EgU7y50ZprMJvC+fLxHKVte1TO47AVjs/NyfcOM1qxydOCK5tDxwcHvBADw8MHnVZTDlihESVjI7DtrgCNcSB/v4eCtxpoo8p13g927kCw0yyK1YciRJO0y7pbPsZDWyKmi3FZHmL30Xfuiwjhs9hs33IV1Tjy07Hn7DWJloXYtcG/t8/31JVml5PngNqV7VAmtZqUTo8kPoyQ8zXAE9/zkpr/pPwAA//9QSwcISgJfBskAAABvAQAAUEsDBBQACAAIAAAAIYoAAAAAAAAAAAAAAAAQAAAAbXlzcWwvb3V0cHV0cy50ZuLKLy0pKC1RUCooyixLLEmNzyxQUqjmUlAoS8wpTVWwVchPzozPrSwuzIGSKUnxxZXFJam5egVF+SkQQUO9zIL4xJSUotTiYq5aLkAAAAD//1BLBwiyJIISUQAAAFQAAABQSwMEFAAIAAgAAAAhigAAAAAAAAAAAAAAABEAAABteXNxbC92YXJpYWJsZS50ZoTMQQoCMQyF4X1PEXIPzxIyk4iFpq1Nqoh4dzcupIizff/Hu/HIvBUFZLFcqbP7vQ3B5yutbbqOyqYIS6TPmgAARM88S5wQ07fam3UeYVqD2p4F/2p7+LWQX7gf/frcqgZl+eXeAQAA//9QSwcIlmT3sWoAAADeAAAAUEsDBBQACAAIAAAAIYoAAAAAAAAAAAAAAAALAAAAc2NoZW1hLnlhbWzkV0tz2zYQvvNX7DA5JAfRlPJozUunVdvUM7HrjjPuQXE1ILiSMCYBBACpcJr+9w4AUnzoUau9dCa+mN79uN+3y8Uu/Aw+MJMj6I3YcmAcvpcyZ5QYJjhc8ZVQhX82JI0CY7EJhNdkjdwICwaoiGIkzTEMnsFdmZ4VMENNFZPWMAorOPw6vwoD1r1C8g/42YxwPX8YaLrBgtyj0i7gNJpGcVC1f4azeBbHl9NvwyAXlLhMkIdB0GbwTolS6iQAmECT6jvkqEgOc8FXbF0qRxQAAFRMs9RCViTX6E1NHBfC/kyAikISZQrkZikoy6x151S4bqM5SuSE09rhdkZWkDUuewatN0upWEUMLh+xDly8nd655eN1vyxDtUaVp8XyemnIemdDXjEluE0g6BNd13e/vf93NCQrGF+WGhUnBY7Mkmi9FarLt6j1p3ypN0RiMM60NPh02qpoogwqWaY5o66Q/eA3aLZCPZ4RnPIlZZnaGWSZLnWZjoyKVZ21azwXyHeDD2lqiQkIyhKWITfM1Enj3pXsQP8p/FQyhVlPapPP8z+vUWuyRh1pkZf2e+lfyjRa2/Zm9L7VEXmWyL324uVfLsbgkJ4bqfeyjRfA3pE4mnEPmDQH4HiG8w68L7rnhO0GFUItStgSbsAIoAqJQTAbhDYlUKhFqSjqnWJ/LvpitVGMr5+ii9dw0363fWG8hgxlLmpoBxuR0p/r3uk7mznDCqQSmQ2yz9xSWZRQDmhT7Z22swn9SPiRGKJRVYzaJdCetyH3YaCbJlbEcECcrcPlADAYMAN+D3AsHWrH206gPu9gKh1gpnY9NIPwmKBBjAN6Wj+IlVdiJbVz5UgR9mdTJ66bCxmuSJkbSCCcfjOLpm+jOIovpm9D55XEGFR2P/7xYvZmEU/ePHyZLeLJ64dFPLl8+DJ1v/zzYjq5fPjOPb+M/jfojx8vXrxaxJOZM89a8/Ow/xHu5ze2sk3f73+EkT+AwQh/ehM2xe5qPY3ii9nrr6rWoV+roMuUo7FlvZ/fhPs1P4Kzte9vyv9Q/NnXV/zmcjgs6n7tD8PsyCnOnf9d1e+voztDeEZUFv30Kvo5x88DbdRf2pp5b0m3mPptN5JXFQ2owwQwurKNbw5UKEy03iQe4m/HpzZFqPUGmh58xLon6FCzngAHojSyNO4eR6SceBiTyYCtubLCFdeGcIpw66Nd3TZ0TMuc1M1/OTunJfodU2DNa+FTdkEAkAuSpSS3r6jJWIt1Qus9LeT9D23arf8f91B7k9ij9av/tum9w3yHMac5/w4AAP//UEsHCA9tptHNAwAAyA4AAFBLAwQUAAgACAAAACGKAAAAAAAAAAAAAAAACwAAAHZhcmlhYmxlLnRmjJLBbpwwEIbvPIVlznEWNmV7yaVS20tXahWptwoN9kC8gTFrDyQ06rtXsNuWdfcQjvb3Df/MOAWt3UAsLNUuGcFbqFoUkpGA9FQ6bY0Ur79WVx4b62g5XJ1q1/XguUPif1KSQt+LP1BM01QyNFK8JkIIYbCGoWVxL6TBzsnkojzSaL2jufwVgTHwIqyMUVOprfEnfAVnu1xlhdqozW1WRL/ph6oMQ7USr6mZ2tzmd7Hq7fgGN//rpvMQBsaL0F0ZHqFHuejpSv++Vw8MZMCbXGUyuSy+ulUft+pTiy/xPEJ4LOeMwFg+4SSjgDJqZ8GHqrX6Gi1kXN520GC57D1G5+eQqQVQTmcK+pswGcLpJlNw/rb1U5vj2Pr8cDe8BM2Hn2Zr31VFHibuimfiA498bHeF32374yGvajhFSNJuCsdWaEe1bQYPbB2tgoHpLJU9hPDsfBzvXu6nPTRI7L7OxMabH9EgTv4Q0BN0eKW9BYikJdJ5lf8b++nh2xcV7SxT7z9/OLX0OwAA//9QSwcIlsnPkIsBAACVAwAAUEsDBBQACAAIAAAAIYoAAAAAAAAAAAAAAAANAAAAdmNuLy5EU19TdG9yZezYPcoCMRjE8Zm8WwTeJqVlGg/gDZZlPYEXsPAK9jm6LM+AwfWjXXR+IP8FE+1iHgFwul4OQAGQEcUeT2W9VlL3TH2GmZmZbRsj+f/TQjP7Ocv5UNVRbVHq/aQO3Z6iVnVUW5Ral9RBzWpRqzqqLapDixo+qG+mJhRqCmFVY7uZPfiLlOX3//h6/jezL8ZhPs3TfSBYLwBw7p7fXQJS/Fm46/b6ImC2MbcAAAD//1BLBwhqAIhtrgAAAAQYAABQSwMEFAAIAAgAAAAhigAAAAAAAAAAAAAAAAkAAAB2Y24vaWcudGakkEFOxDAMRfc5xVf3E8EB5ixRJrEGi9SuXLdVhebuaFIYWAAbsoqs5P/nZzTrYoUwaOFU1CixOJmQp2t22vI+YODr0/OAtwAUHadsPpJ44ooz1mzx+1AL1wBUnqeW9yR5JADnj4wArEXuPz/PGY/itUicTGu/cA23EH7AM12ckudLo052DP5LNy2XxuXUs05HeAjAUWZLo7kXAJVmZ8nOKo8NmpbcYpZ9eyGj/kzIN7XXROLs+wHzq+F4dxM72S18KfpLzXsAAAD//1BLBwhttQj4ywAAALgBAABQSwMEFAAIAAgAAAAhigAAAAAAAAAAAAAAAA0AAAB2Y24vbG9jYWxzLnRmbM9RioMwGATg95xi8ABuVkH2JWcJMRtQ+mvSP7EqpXcvsWCtdPKWbxj4yVtDEXcBGCId2CdvPUW8olAYoiLruM6dY4dDFApZbu9H5k70E1unR5dmzxdt+3+Gws1wGaZWx6ndvnIxdjp4Tp9jVSWA2bVf6E8KYFjjlU6oUNey2XHJOvTjEeVJzXLUXwEkG/bL38ONeDwDAAD//1BLBwidEsjpmgAAAB4BAABQSwMEFAAIAAgAAAAhigAAAAAAAAAAAAAAAAkAAAB2Y24vbmcudGakkUFOxDAMRfc+hdX99AbdMGwQSEhcIDKJNUS0duW6rSLUuyNSGAY0rMjKsZz/n3/AeNLZImOjMYeoxkHIw4mcVyoNNj9ub4AYdRjJfGDxkBN2uJC1l02NOQFiytPYUwlCAyNiV6UOp7UBxCXKx9uv0+HZfInSjqapFjkhwAbXIE1n5+D03PMnZO38F3G0vJDzoYoddnkAxN3O5p6n6oCYePIs5FnlvEWvkfqWpKwvbPx7LHgZuboc726fws3D4/G+qUPCvqq9BhbPXnbka9/RXtZ1gw2+0/w7RdjeAwAA//9QSwcIKCQsgeEAAADoAQAAUEsDBBQACAAIAAAAIYoAAAAAAAAAAAAAAAAPAAAAdmNuL3ZhcmlhYmxlLnRmjM5BCsIwEIXhfU4xzAHSpkhdeZZhMokQTJOQtgEpvbvoRpQKrh/f429cA9voASVPhesy+bRQluAQtl2p994kkQRXycYsN4RNAQA4f+U1LnABNOdBm1H3uu/MiOoDl9XSvNrXwW9qdN8Np29aQ/vDDkf22ezCXCLfKfHkD3ip2VGThGp/BAAA//9QSwcIS/BzvYkAAAAMAQAAUEsDBBQACAAIAAAAIYoAAAAAAAAAAAAAAAAKAAAAdmNuL3Zjbi50ZuRU224bIRB95ytGm2fvH/gbKrWPUYW4jOJRWCDArmNF/veKxdj4qm2jSqnqJ+/MYebMYTgBoxuDQuicIq5cQD4p20Hng9Pl7wcDAHj6jm8jBdTzl3KDFyENaBMnDWuYROjboFOkWTn4zSdyVphykHTg0jj1GmENz/nYpCw/hX/OME3RG7HjVgx4qJ5hbbjgbORGSDSwhm4QL2iTy6QZANszdmO6OEqLqYNOeL/yozSkVjX2kRlfjDb/7swHkElVUP2toZWyr0L2pIG1ArQncnk/ysxu1iLzv1DhiM3MeWHOfxTmrFWirVs18aPMoIhqDJR23FDM08UZ9HwSp833WaEaWc0R0vl6ghsT8iSkwUahY5Em3dNL+exJ37uPtuXhWs6algVctnBXkq1vFby+t0dXxgDwJWCMJ6phNBgP78IHl5xyppQxTgnTC2N4jceypxgTWZEfwglld9sNhrzI+9yF7IM2TyCMcVuIcXPetlZLyh97zoiD0nDdb05nvJtfZm0BMNCJXYwb7l1INSXeb6f2S+l7D8dDf539FuU99mepwn7PHluFlisfaBIJv4pVBJqWeYWW/EB9uVcEyiAf3IYkpWo15LmzfLKkMjaFETv225ai5WcdxYp0ZilLPOWy62ct5aref+ooJcAtpq0Lr2UZFz3Pr2YufzzIsItv5t4oF8l/ZJj33Hsge3egAhDv5wb6KwAA//9QSwcIyoTIdRcCAABJCgAAUEsDBBQACAAIAAAAIYoAAAAAAAAAAAAAAAARAAAAdmNuL3Zjbl9vdXRwdXQudGZ8zDsKAzEMhOHepxDbe2+QsxhbciFY7MGR1ITcPZAHbIqkExr+b7rBjbbgobLRLRFFPbzThSZr4bl6CR471pTnoZLuKX2yCpSrt9Gt/Mxf+16BDG+Hcn5/vilpJ+kfJC1jaVTrZ+gRAAD//1BLBwgiBg2+awAAAMkAAABQSwECFAMUAAgACAAAACGKhHnm2fMFAAA2CwAAEwAAAAAAAAAAAAAApIEAAAAALnRlcnJhZm9ybS5sb2NrLmhjbFBLAQIUAxQACAAIAAAAIYpejKIn0gAAAAQYAAANAAAAAAAAAAAAAACkgTQGAABhcHAvLkRTX1N0b3JlUEsBAhQDFAAIAAgAAAAhihVoR6W7AQAA5wMAAA4AAAAAAAAAAAAAAKSBQQcAAGFwcC9jb21wdXRlLnRmUEsBAhQDFAAIAAgAAAAhiqqUDi1RAAAAmAAAAA4AAAAAAAAAAAAAAKSBOAkAAGFwcC9vdXRwdXRzLnRmUEsBAhQDFAAIAAgAAAAhipu1JgWOAAAABwEAABsAAAAAAAAAAAAAAKSBxQkAAGFwcC9zY3JpcHRzL2luc3RhbGxodHRwZC5zaFBLAQIUAxQACAAIAAAAIYoVpE+FogAAAKoBAAAPAAAAAAAAAAAAAACkgZwKAABhcHAvdmFyaWFibGUudGZQSwECFAMUAAgACAAAACGKldGDEm4BAAAlBAAAGgAAAAAAAAAAAAAApIF7CwAAYXV0b3NjYWxpbmcvYXV0b3NjYWxpbmcudGZQSwECFAMUAAgACAAAACGKhafKsW0AAACTAAAAGgAAAAAAAAAAAAAApIExDQAAY29tcGFydG1lbnQvY29tcGFydG1lbnQudGZQSwECFAMUAAgACAAAACGKGEY5M0gAAABHAAAAIQAAAAAAAAAAAAAApIHmDQAAY29tcGFydG1lbnQvY29tcGFydG1lbnRfb3V0cHV0LnRmUEsBAhQDFAAIAAgAAAAhitD69WZFAAAASAAAABcAAAAAAAAAAAAAAKSBfQ4AAGNvbXBhcnRtZW50L3ZhcmlhYmxlLnRmUEsBAhQDFAAIAAgAAAAhijQVh1a/AQAA2QQAAAgAAAAAAAAAAAAAAKSBBw8AAGxiL2xiLnRmUEsBAhQDFAAIAAgAAAAhijqN+AJRAAAAWQAAAAwAAAAAAAAAAAAAAKSB/BAAAGxiL291dHB1dC50ZlBLAQIUAxQACAAIAAAAIYqte8YSTAAAAF8AAAAOAAAAAAAAAAAAAACkgYcRAABsYi92YXJpYWJsZS50ZlBLAQIUAxQACAAIAAAAIYru34ccVgIAAJgHAAAHAAAAAAAAAAAAAACkgQ8SAABtYWluLnRmUEsBAhQDFAAIAAgAAAAhikoCXwbJAAAAbwEAAA4AAAAAAAAAAAAAAKSBmhQAAG15c3FsL215c3FsLnRmUEsBAhQDFAAIAAgAAAAhirIkghJRAAAAVAAAABAAAAAAAAAAAAAAAKSBnxUAAG15c3FsL291dHB1dHMudGZQSwECFAMUAAgACAAAACGKlmT3sWoAAADeAAAAEQAAAAAAAAAAAAAApIEuFgAAbXlzcWwvdmFyaWFibGUudGZQSwECFAMUAAgACAAAACGKD22m0c0DAADIDgAACwAAAAAAAAAAAAAApIHXFgAAc2NoZW1hLnlhbWxQSwECFAMUAAgACAAAACGKlsnPkIsBAACVAwAACwAAAAAAAAAAAAAApIHdGgAAdmFyaWFibGUudGZQSwECFAMUAAgACAAAACGKagCIba4AAAAEGAAADQAAAAAAAAAAAAAApIGhHAAAdmNuLy5EU19TdG9yZVBLAQIUAxQACAAIAAAAIYpttQj4ywAAALgBAAAJAAAAAAAAAAAAAACkgYodAAB2Y24vaWcudGZQSwECFAMUAAgACAAAACGKnRLI6ZoAAAAeAQAADQAAAAAAAAAAAAAApIGMHgAAdmNuL2xvY2Fscy50ZlBLAQIUAxQACAAIAAAAIYooJCyB4QAAAOgBAAAJAAAAAAAAAAAAAACkgWEfAAB2Y24vbmcudGZQSwECFAMUAAgACAAAACGKS/BzvYkAAAAMAQAADwAAAAAAAAAAAAAApIF5IAAAdmNuL3ZhcmlhYmxlLnRmUEsBAhQDFAAIAAgAAAAhisqEyHUXAgAASQoAAAoAAAAAAAAAAAAAAKSBPyEAAHZjbi92Y24udGZQSwECFAMUAAgACAAAACGKIgYNvmsAAADJAAAAEQAAAAAAAAAAAAAApIGOIwAAdmNuL3Zjbl9vdXRwdXQudGZQSwUGAAAAABoAGgBCBgAAOCQAAAAA",
            "template": "UEsDBBQACAAIAAAAIYoAAAAAAAAAAAAAAAATAAAALnRlcnJhZm9ybS5sb2NrLmhjbJyWTY9dxRGG9/4VV8OSaKiP7vpAYmGjxIjEBiKTOERZVFd12ReNZ5yZsWGI8t+jSyR0LcQi2Z7T/ej0x/O+56PDi9fHu0Mfr/bheHd4E8fr+zhe7zrEu/ubN3F/zLi6ejish8PF/b69jb65fXM4Xh/vLy4ffXR4Ftfv4uqw63h/mvxwWPtwdXN3fzheH/rd/bvbfXj3tuJ+310+evT29ub9sfbt4eJ2vzre3d8+XP6CvDzefPI67l4f8+b27Sc3ebw4/OvR4fB+394db64Pnx0uxiXaJVw8OhxO4/bd4bPD3x8dDofDxWv89OH5l2r49pX9Zd59bv/8+PHD+6cvv8/Hr/7258+fvLh9+dBvftIfn73K+fizi9/9d9pPrz/FLqIsZhww3CKWRQZkOeIOZaNRVUmBEDaga3PbmKo1h1PXGYo8um0AbOImT5aIorHSUmRD57JKntI5hqGDZQS2ta/Ve3l8gMolQsNMClszeVrgVtpDjGVAIhj7nj42T8zucRrQRUNclc5QI2YV8cAM6jAtneQx1g6NuXKmpnu6WrOmIG9MHSXC20fC6jOUlGsQJKX4Gho5p9qW5Qu9252m5DjNCsOxbdqiHLKwMdQAzlFqkjvbqjYbLR2DF3uswh7cM1VQY7hRMINR4W6zEqLwEQTzDBXtmTaFvBps44B22VJA7EAI5XOMVJPFxZtzEIqRx6YBbaFnqLVW+5a1V65Bw23vZJ/ZXoKOgnvBRG+cRrRYsiYOHCLLYQfYOWpDbVg5Knlz7BbRvblkW6RMJDCd250KvYIlfS1qplVj2hrnqEIX0OBhBD0X6di4BquMtYgUDSZYK+gq3iGzF9kG80nLT1/6M+ofj/79v+h3v9+8vYr7/SsH6ZJ+U0H44Wq/fh4/PnmpT7/85vrr/uaHF8/fv3/cbF++gefv9e7uj0+fxVP56tW5goAKhC4NAcNpJ6ij1tKImD5tcFmjYiX67JFuVtSdQQHCJucoj9hcYSQruLRafPdeNAuHBNaGAt4+sXgCekAb7NHT0nxN/gC1wjhBaC7pDeFzVEivguQ5I2Fpg7ZJOgaFqw0/Xb4dwwU+QG0OSdsojdrogBCZBTYGmtakMQ3KuxYoY4vO7uwRvQK48HyBYzbl9LGkqXnsEGGFkakEwxYh9dZC6TWyy6ezzA53JbJQPUep7uA9A8YQtVGqiGPNbRPTFYKrNm6wDvlZUoRlbLNUYNaYeIaywDnYThECtrl6hjgSBfGqjlaBmMRqFhMMXU8uTkFpLYbYZyh3ssEA1FRrBuIWksWdxJWQplGs5IsXZ598Z+peXO26a9U5KspBeuQ+eZFzD66ZJZXWI2d6Ji/mIhqc5jk70dq1lVTXxPNoT1cfNKsWTZmIyLqzwHkTkzHxqACcY2nH6RSSxBSNymOfHvxfCl7d/co+vsTftO/li2+95e7ps++++OqF3X7y8Z/++vlP9OS7r77+Akn/8OTF198/e/b7x4/f4bfn9nENEZQ1sHcQzinSI3zqkuLAiMGNrTNJVKWUwm3VCvXBXuv8RglxELChhlR0mDSugQOXjInTN+jOgZZGvQdE1igK0jk4V8R5a4kYoW49bSaETKWtC3augTxC1DBzlLL16Fnge+kUsLnAaDp9cKMmz1ENrAjiqMppPSGYNuMpRWYjnU6OS0CNZHY159jINirPa9nbNRY6sMFgqKnsxMCbm6VHq/FMHTuMSWVFuJUsP/mXLH4e6oHSsGKJzLZyPoVSBsy5PK2mgjYGVFnazgxJZHDsAZW43euDqiEdNQEsaVRCyTz9IPgmqrUY95bVVbAoq2qUa3OWhZVMtXEucs2O8MoNMTu9SBYN4dwx1+bZNk1i6QSGrR2jhhNkKe9N4uZnqO1LlE6pob0GghpsXYPcdUZlqlTNqcqn9WnaqUHRfNBeTBjnDb8XtrHYVC5ihVMASa0WaD91xJKx59SB5bJmL6DT2+1YWzThfK86cSMtRTbWZbOiJXktBS5Vnzsac6Jq7BUbo7MNsUoBvMeCX0T+TwAAAP//UEsHCIR55tnzBQAANgsAAFBLAwQUAAgACAAAACGKAAAAAAAAAAAAAAAADQAAAGFwcC8uRFNfU3RvcmXs2DFqhEAUxvHvTYQMpJky5VwhNxAxJ8gFQrQJCIaY9FY5V44W5H1BWRVhq2X3+4H8i53Hdu68BWDVd/sEJAARXvxgU+SzEljzJwEf+MLQDk331m8NbJhm7zGgwSfel/N9dzQqIiIiZzBPfDg6KCI3Z3o/ZLZkR6/x88AWi5nEZrZkR6/xXGALNrKJzWzJjl6+tIzLh/GbjRuKJTazPi4iJ+48afr9f97f/0XkillRv9TVvBCsBF4EXnnm939w5yIQ/A/DR8zndBkQuSB/AQAA//9QSwcIXoyiJ9IAAAAEGAAAUEsDBBQACAAIAAAAIYoAAAAAAAAAAAAAAAAOAAAAYXBwL2NvbXB1dGUudGZ0U02O2zwM3esUhPMtZjbJV6Dozmco0AsQtMSJidFfJdlAJkjPXkh2YqfteGXqPb4nkqKyQZPNcFUAYynRYNZJYoH166H7dRKfC1mLjXDMY6duSh3OXGAlv4lliFRGZagQdIVdtFQYK9BBtwq0/K553RnQt+SX7r9rzT+6YCbLt9MinE/7zOr8Wq0T5zAlzdAFLahDYmw8r6sZxbgLqxnAAX7wz0kSmxbSTGJpECvlgiY4Eg89zJSOZNCT48bSwUVKxbEvKGYl7A+DlkUvjxR5JcwOW7gA7Z5ouJCsXV6+FXjIiqNzDf8klEsT7hrePdADbL9DCAXnYCfHmOWj9gLPQ74Lr53A56vgJ1mq6d7UVhbq4N/kDFe1WX6PRYIn+zhx7EK6fOK8gA9u0HH6i9MO994HeDIxkqOlSxtO7Ucd8v9floboxPWtzV70PzpNOcvZY5wGKxolQg8lTbw1eho87wb8iNfbLOUVai+7348wj0hTGUOSDzb4zpd7VRVZ/d55K3zKnLDJbF8PA2X+9pW9DoZfKnp82p7j0wYk9oYTm9flcssriIkzp5n3M617RTazgrow6ncAAAD//1BLBwgVaEeluwEAAOcDAABQSwMEFAAIAAgAAAAhigAAAAAAAAAAAAAAAA4AAABhcHAvb3V0cHV0cy50ZsovLSkoLVFQKihNyslMjs8sUKrmUlBQUChLzClNVbBVyE/OjE/OL0qNz8wrLknMS07VSywoQHDg2rhqubjgZhVlliWWpJJuGFwfVy0gAAD//1BLBwiqlA4tUQAAAJgAAABQSwMEFAAIAAgAAAAhigAAAAAAAAAAAAAAABsAAABhcHAvc2NyaXB0cy9pbnN0YWxsaHR0cGQuc2iMz8GtwjAMxvF7pvBrz36dgAEYw00+1EhJWtku0O1RVQ6AOHD++2fZ/d8w5jaMYlPoDU58D8HWNNO2VsrNXEoh3mhyX9JRbDNHjV4ITcaCZ/uMCnNRf5WXrLhJKRxrImZJiQ16zRGnfYqYF2iVhubhJ2Fv5JtQlFlSCIjTTN35eAjpuIr2XdD/7hEAAP//UEsHCJu1JgWOAAAABwEAAFBLAwQUAAgACAAAACGKAAAAAAAAAAAAAAAADwAAAGFwcC92YXJpYWJsZS50ZoSPS26AMAwF9zmFZU7QXTecxTKJW6LiJMoHCSHuXtENH1Gxn3ljz5w9D5MA2qiJc1UJlaL1DmE1AABOvrhNtUc0mzlwdhRY5YWalcrI6Q3zyt9Cr83ShiD1P647wNSGyVv6kYUS1xFh3cz1qlYk42UEeozJ7kNntJSRjjV8yBrTsbrzM6FUDlZIRWNe7hXAzz/tQYg2tXL7bRc+duE3AAD//1BLBwgVpE+FogAAAKoBAABQSwMEFAAIAAgAAAAhigAAAAAAAAAAAAAAABoAAABhdXRvc2NhbGluZy9hdXRvc2NhbGluZy50ZpyTz4rbMBDG736KwacttIZC6W1POfUZShlmpWk82JaE/ix1S969SPY6iusmsDrkMN/MT983kRvPwSavGFqrBJX1jGJCJKMYlTU/5Zw8RbGmhfbkmSJ/W+XTrfqnAVB2cuTjxCaiaHiGV/JdXbRKdAOgJbiRZjQ0McDad3xt6WkagE3WHEnGUC6synF2fJ+UO5oyNFIyqt+RDuznlYhmEyXOWKndsolTVSm58gk9OYbt7BwVdcm06O9ZRfFaHOCrEfVPDgAKQc4GXXoZRaG4YzO39BqFe8BG3vn9T8w75Co7QBjE4fIAUXOIqHpWwwOayrjjyRV8edvSxJE0RYLnajkh9Egp9tbLb9Y48BzWG7OyRh543gZSYI8FUwd+ocBfv7BRVvNTns5tn3Lbh72Nzef+f1qFx2/3loDV3MaSic6c321xN1o7JPeU7XTXLzu3hM56UiOPYtKvbil9//zjI7Si26v1t99Lc/kbAAD//1BLBwiV0YMSbgEAACUEAABQSwMEFAAIAAgAAAAhigAAAAAAAAAAAAAAABoAAABjb21wYXJ0bWVudC9jb21wYXJ0bWVudC50ZkyLsQrDMAxEd3/FITr3D/IX3Y1xRKvBUlDUQDD+99LWQ267u/ecd3t7ZZBVybKyhsSZq7WteDTWINCv6UnoCVh5ry5biCkW0OPFmD+uVgK0NMbMArr1o/h9sjnKc+T/xHqIm361QWl8AgAA//9QSwcIhafKsW0AAACTAAAAUEsDBBQACAAIAAAAIYoAAAAAAAAAAAAAAAAhAAAAY29tcGFydG1lbnQvY29tcGFydG1lbnRfb3V0cHV0LnRmyi8tKSgtUVBKzs8tiM9MUVKo5lJQKEvMKU1VsFVQUqnOT86Mz0xJzSvJLKmMBylKLCrJTc0r0QOz8yr1MlNqlbhqAQEAAP//UEsHCBhGOTNIAAAARwAAAFBLAwQUAAgACAAAACGKAAAAAAAAAAAAAAAAFwAAAGNvbXBhcnRtZW50L3ZhcmlhYmxlLnRm4ipLLMpMTMpJVVBKzs8tSMyrjC9JTFdSqK5FkknNK8ssys/LTc0rUVKo5lJQUFBISU1LLM0psVUqKMpPUeKqBQQAAP//UEsHCND69WZFAAAASAAAAFBLAwQUAAgACAAAACGKAAAAAAAAAAAAAAAACAAAAGxiL2xiLnRmlJM/b9swEMV3fooDs3VQ7UxZtLQd2qFJELhTURAUebKIUCRBntIahb97QZlRJUf5x8niO717/t0pYvJDVAjcKyOsl1o00kqnMC6fOHDbbDn8ZQCpkwFhOjXw7WbzvQmJMwDl+yAj9ehIGA01PMhYzS+9Mppll6FxmGsS1PAzV003v7KuTQpWHoSTPeYevdyjIw85Bjsy9lL0Rqp7dFokJA48IZXko9f81EVlAEuHMforTCrbbCujGUDw1qjD0vfu5sf1F3F38+nbNc//p0NpqROqQ3WPcYyTX4wEZ6cGfrXhJzl68srbM3n3+fakX0RMwbuEovH6ICLu8U8uqD5MOg3RCeU1zg0uN6XBxRCtCJK6sw4fs3x8DbM1idCdlqP8LKCfwPzv/WaoT4Y1y9cRhRxRYysHS/OBPy7Mi1tR5alXuZKtD6E0utqw9Sk8Bvm6292O41XeOVRkfKbtWrMfosxPZdBGWxRkevQDCeNEQuXduPr88k2sS3gOvMHnIL8DbrGbeL0LmAlCah0xpQlE/n5DNA+SUJiwBrXAzJ5DWNy30qZsq6M0DlYl37bWOFyTfqPZd7R4a8uO/wIAAP//UEsHCDQVh1a/AQAA2QQAAFBLAwQUAAgACAAAACGKAAAAAAAAAAAAAAAADAAAAGxiL291dHB1dC50ZlTHwQmAMAwAwH+nCB2g4ABOIhLSJo9AsKFt/Ii7+/Z5PZbHguxRTRuqZ3gSwE0WAjscvSlaJ8ZKRleT8VexuhV1JOYhcyLLIrV5pvcLAAD//1BLBwg6jfgCUQAAAFkAAABQSwMEFAAIAAgAAAAhigAAAAAAAAAAAAAAAA4AAABsYi92YXJpYWJsZS50ZmTJPQrAIAwG0N1TfOQePYtETSHgHza6iHfv2KHre4uHcsgCemaoYl4TYR/3eWyl87Ai1XyLv+5DF5t47YTtACDJzTPbReTOGwAA//9QSwcIrXvGEkwAAABfAAAAUEsDBBQACAAIAAAAIYoAAAAAAAAAAAAAAAAHAAAAbWFpbi50ZqxUy27bMBC88ysWTK9R+gM+BEjbS4ECfZyCgFiJjL0IJbJ8KBAC/3tBUrIpxwmStjkE8O5oODO7pFPeRNcp4EF7YR2NGJR4UBMHbmOrqauLwiI5Dk8MAPXWOAq7HjbAv/+45mzPWG9k1Ao4irEbCm6mP/5tgDdXqc0YQGd6iy70agjCdCRhAyO65rTMAMZuEJK81TiJAXuVeD48HcDDJAJu9/ncGd2RdKLVpnvIpyboUmYANrbCxzb/nHUlRF1OKEfjCjaj6vLKuLUi6YlBFftVANk4WpuNv8c6AMriuQpRYsDGdCRIqiFQmASOSBpb0umHND3S4BuUvjnXuP141yTKTD/2wu/Qqoo+pzWXM4Z63CpB8gSzlIvV2A4qVKANlGCavBBNSueAKV/4nZjX7EFNB9Z1uQ5Yt+dz1e1fxPp+vctdIPvsi+PkmyOK1dp76QUNPuDQPd+OhY43V/3kf+vZDsqeBmHR+0fj5Cr6datCR69ctS41emmd3yr475uVrZws1yyoap0f3BH6tuHB8wHKdjW/NAx2sVWh6ILODPe0jQ4DmcGzZBx4cl60lf9rEAeeJS/zq6W9vmxhsunRuuU3nz5f//r6k98VG4ltedFOc9kzdgFfVAAETT6AuYfrKnK4KZFXyl+dGQeO0hfpbxOeBXyLwcYAKD045aMOzJQK9zvzeHmgHFFH9e8LtD7UWigvAZA8nIvWXpYqWV4GsRx+7jqWl4RsZp6JtUEJLep0GR2km7qQp87SuHyJX7cr2oW17FWlNBdeZKlfhPrV2LM/AQAA//9QSwcI7t+HHFYCAACYBwAAUEsDBBQACAAIAAAAIYoAAAAAAAAAAAAAAAAOAAAAbXlzcWwvbXlzcWwudGZUj01KBDEQhfd9iiLuxVm4nAMIulAPUFQnxVjQ+Zmq9EgU7y50ZprMJvC+fLxHKVte1TO47AVjs/NyfcOM1qxydOCK5tDxwcHvBADw8MHnVZTDlihESVjI7DtrgCNcSB/v4eCtxpoo8p13g927kCw0yyK1YciRJO0y7pbPsZDWyKmi3FZHmL30Xfuiwjhs9hs33IV1Tjy07Hn7DWJloXYtcG/t8/31JVml5PngNqV7VAmtZqUTo8kPoyQ8zXAE9/zkpr/pPwAA//9QSwcISgJfBskAAABvAQAAUEsDBBQACAAIAAAAIYoAAAAAAAAAAAAAAAAQAAAAbXlzcWwvb3V0cHV0cy50ZuLKLy0pKC1RUCooyixLLEmNzyxQUqjmUlAoS8wpTVWwVchPzozPrSwuzIGSKUnxxZXFJam5egVF+SkQQUO9zIL4xJSUotTiYq5aLkAAAAD//1BLBwiyJIISUQAAAFQAAABQSwMEFAAIAAgAAAAhigAAAAAAAAAAAAAAABEAAABteXNxbC92YXJpYWJsZS50ZoTMQQoCMQyF4X1PEXIPzxIyk4iFpq1Nqoh4dzcupIizff/Hu/HIvBUFZLFcqbP7vQ3B5yutbbqOyqYIS6TPmgAARM88S5wQ07fam3UeYVqD2p4F/2p7+LWQX7gf/frcqgZl+eXeAQAA//9QSwcIlmT3sWoAAADeAAAAUEsDBBQACAAIAAAAIYoAAAAAAAAAAAAAAAALAAAAc2NoZW1hLnlhbWzkV0tz2zYQvvNX7DA5JAfRlPJozUunVdvUM7HrjjPuQXE1ILiSMCYBBACpcJr+9w4AUnzoUau9dCa+mN79uN+3y8Uu/Aw+MJMj6I3YcmAcvpcyZ5QYJjhc8ZVQhX82JI0CY7EJhNdkjdwICwaoiGIkzTEMnsFdmZ4VMENNFZPWMAorOPw6vwoD1r1C8g/42YxwPX8YaLrBgtyj0i7gNJpGcVC1f4azeBbHl9NvwyAXlLhMkIdB0GbwTolS6iQAmECT6jvkqEgOc8FXbF0qRxQAAFRMs9RCViTX6E1NHBfC/kyAikISZQrkZikoy6x151S4bqM5SuSE09rhdkZWkDUuewatN0upWEUMLh+xDly8nd655eN1vyxDtUaVp8XyemnIemdDXjEluE0g6BNd13e/vf93NCQrGF+WGhUnBY7Mkmi9FarLt6j1p3ypN0RiMM60NPh02qpoogwqWaY5o66Q/eA3aLZCPZ4RnPIlZZnaGWSZLnWZjoyKVZ21azwXyHeDD2lqiQkIyhKWITfM1Enj3pXsQP8p/FQyhVlPapPP8z+vUWuyRh1pkZf2e+lfyjRa2/Zm9L7VEXmWyL324uVfLsbgkJ4bqfeyjRfA3pE4mnEPmDQH4HiG8w68L7rnhO0GFUItStgSbsAIoAqJQTAbhDYlUKhFqSjqnWJ/LvpitVGMr5+ii9dw0363fWG8hgxlLmpoBxuR0p/r3uk7mznDCqQSmQ2yz9xSWZRQDmhT7Z22swn9SPiRGKJRVYzaJdCetyH3YaCbJlbEcECcrcPlADAYMAN+D3AsHWrH206gPu9gKh1gpnY9NIPwmKBBjAN6Wj+IlVdiJbVz5UgR9mdTJ66bCxmuSJkbSCCcfjOLpm+jOIovpm9D55XEGFR2P/7xYvZmEU/ePHyZLeLJ64dFPLl8+DJ1v/zzYjq5fPjOPb+M/jfojx8vXrxaxJOZM89a8/Ow/xHu5ze2sk3f73+EkT+AwQh/ehM2xe5qPY3ii9nrr6rWoV+roMuUo7FlvZ/fhPs1P4Kzte9vyv9Q/NnXV/zmcjgs6n7tD8PsyCnOnf9d1e+voztDeEZUFv30Kvo5x88DbdRf2pp5b0m3mPptN5JXFQ2owwQwurKNbw5UKEy03iQe4m/HpzZFqPUGmh58xLon6FCzngAHojSyNO4eR6SceBiTyYCtubLCFdeGcIpw66Nd3TZ0TMuc1M1/OTunJfodU2DNa+FTdkEAkAuSpSS3r6jJWIt1Qus9LeT9D23arf8f91B7k9ij9av/tum9w3yHMac5/w4AAP//UEsHCA9tptHNAwAAyA4AAFBLAwQUAAgACAAAACGKAAAAAAAAAAAAAAAACwAAAHZhcmlhYmxlLnRmjJLBbpwwEIbvPIVlznEWNmV7yaVS20tXahWptwoN9kC8gTFrDyQ06rtXsNuWdfcQjvb3Df/MOAWt3UAsLNUuGcFbqFoUkpGA9FQ6bY0Ur79WVx4b62g5XJ1q1/XguUPif1KSQt+LP1BM01QyNFK8JkIIYbCGoWVxL6TBzsnkojzSaL2jufwVgTHwIqyMUVOprfEnfAVnu1xlhdqozW1WRL/ph6oMQ7USr6mZ2tzmd7Hq7fgGN//rpvMQBsaL0F0ZHqFHuejpSv++Vw8MZMCbXGUyuSy+ulUft+pTiy/xPEJ4LOeMwFg+4SSjgDJqZ8GHqrX6Gi1kXN520GC57D1G5+eQqQVQTmcK+pswGcLpJlNw/rb1U5vj2Pr8cDe8BM2Hn2Zr31VFHibuimfiA498bHeF32374yGvajhFSNJuCsdWaEe1bQYPbB2tgoHpLJU9hPDsfBzvXu6nPTRI7L7OxMabH9EgTv4Q0BN0eKW9BYikJdJ5lf8b++nh2xcV7SxT7z9/OLX0OwAA//9QSwcIlsnPkIsBAACVAwAAUEsDBBQACAAIAAAAIYoAAAAAAAAAAAAAAAANAAAAdmNuLy5EU19TdG9yZezYPcoCMRjE8Zm8WwTeJqVlGg/gDZZlPYEXsPAK9jm6LM+AwfWjXXR+IP8FE+1iHgFwul4OQAGQEcUeT2W9VlL3TH2GmZmZbRsj+f/TQjP7Ocv5UNVRbVHq/aQO3Z6iVnVUW5Ral9RBzWpRqzqqLapDixo+qG+mJhRqCmFVY7uZPfiLlOX3//h6/jezL8ZhPs3TfSBYLwBw7p7fXQJS/Fm46/b6ImC2MbcAAAD//1BLBwhqAIhtrgAAAAQYAABQSwMEFAAIAAgAAAAhigAAAAAAAAAAAAAAAAkAAAB2Y24vaWcudGakkEFOxDAMRfc5xVf3E8EB5ixRJrEGi9SuXLdVhebuaFIYWAAbsoqs5P/nZzTrYoUwaOFU1CixOJmQp2t22vI+YODr0/OAtwAUHadsPpJ44ooz1mzx+1AL1wBUnqeW9yR5JADnj4wArEXuPz/PGY/itUicTGu/cA23EH7AM12ckudLo052DP5LNy2XxuXUs05HeAjAUWZLo7kXAJVmZ8nOKo8NmpbcYpZ9eyGj/kzIN7XXROLs+wHzq+F4dxM72S18KfpLzXsAAAD//1BLBwhttQj4ywAAALgBAABQSwMEFAAIAAgAAAAhigAAAAAAAAAAAAAAAA0AAAB2Y24vbG9jYWxzLnRmbM9RioMwGATg95xi8ABuVkH2JWcJMRtQ+mvSP7EqpXcvsWCtdPKWbxj4yVtDEXcBGCId2CdvPUW8olAYoiLruM6dY4dDFApZbu9H5k70E1unR5dmzxdt+3+Gws1wGaZWx6ndvnIxdjp4Tp9jVSWA2bVf6E8KYFjjlU6oUNey2XHJOvTjEeVJzXLUXwEkG/bL38ONeDwDAAD//1BLBwidEsjpmgAAAB4BAABQSwMEFAAIAAgAAAAhigAAAAAAAAAAAAAAAAkAAAB2Y24vbmcudGakkUFOxDAMRfc+hdX99AbdMGwQSEhcIDKJNUS0duW6rSLUuyNSGAY0rMjKsZz/n3/AeNLZImOjMYeoxkHIw4mcVyoNNj9ub4AYdRjJfGDxkBN2uJC1l02NOQFiytPYUwlCAyNiV6UOp7UBxCXKx9uv0+HZfInSjqapFjkhwAbXIE1n5+D03PMnZO38F3G0vJDzoYoddnkAxN3O5p6n6oCYePIs5FnlvEWvkfqWpKwvbPx7LHgZuboc726fws3D4/G+qUPCvqq9BhbPXnbka9/RXtZ1gw2+0/w7RdjeAwAA//9QSwcIKCQsgeEAAADoAQAAUEsDBBQACAAIAAAAIYoAAAAAAAAAAAAAAAAPAAAAdmNuL3ZhcmlhYmxlLnRmjM5BCsIwEIXhfU4xzAHSpkhdeZZhMokQTJOQtgEpvbvoRpQKrh/f429cA9voASVPhesy+bRQluAQtl2p994kkQRXycYsN4RNAQA4f+U1LnABNOdBm1H3uu/MiOoDl9XSvNrXwW9qdN8Np29aQ/vDDkf22ezCXCLfKfHkD3ip2VGThGp/BAAA//9QSwcIS/BzvYkAAAAMAQAAUEsDBBQACAAIAAAAIYoAAAAAAAAAAAAAAAAKAAAAdmNuL3Zjbi50ZuRU224bIRB95ytGm2fvH/gbKrWPUYW4jOJRWCDArmNF/veKxdj4qm2jSqnqJ+/MYebMYTgBoxuDQuicIq5cQD4p20Hng9Pl7wcDAHj6jm8jBdTzl3KDFyENaBMnDWuYROjboFOkWTn4zSdyVphykHTg0jj1GmENz/nYpCw/hX/OME3RG7HjVgx4qJ5hbbjgbORGSDSwhm4QL2iTy6QZANszdmO6OEqLqYNOeL/yozSkVjX2kRlfjDb/7swHkElVUP2toZWyr0L2pIG1ArQncnk/ysxu1iLzv1DhiM3MeWHOfxTmrFWirVs18aPMoIhqDJR23FDM08UZ9HwSp833WaEaWc0R0vl6ghsT8iSkwUahY5Em3dNL+exJ37uPtuXhWs6algVctnBXkq1vFby+t0dXxgDwJWCMJ6phNBgP78IHl5xyppQxTgnTC2N4jceypxgTWZEfwglld9sNhrzI+9yF7IM2TyCMcVuIcXPetlZLyh97zoiD0nDdb05nvJtfZm0BMNCJXYwb7l1INSXeb6f2S+l7D8dDf539FuU99mepwn7PHluFlisfaBIJv4pVBJqWeYWW/EB9uVcEyiAf3IYkpWo15LmzfLKkMjaFETv225ai5WcdxYp0ZilLPOWy62ct5aref+ooJcAtpq0Lr2UZFz3Pr2YufzzIsItv5t4oF8l/ZJj33Hsge3egAhDv5wb6KwAA//9QSwcIyoTIdRcCAABJCgAAUEsDBBQACAAIAAAAIYoAAAAAAAAAAAAAAAARAAAAdmNuL3Zjbl9vdXRwdXQudGZ8zDsKAzEMhOHepxDbe2+QsxhbciFY7MGR1ITcPZAHbIqkExr+b7rBjbbgobLRLRFFPbzThSZr4bl6CR471pTnoZLuKX2yCpSrt9Gt/Mxf+16BDG+Hcn5/vilpJ+kfJC1jaVTrZ+gRAAD//1BLBwgiBg2+awAAAMkAAABQSwECFAMUAAgACAAAACGKhHnm2fMFAAA2CwAAEwAAAAAAAAAAAAAApIEAAAAALnRlcnJhZm9ybS5sb2NrLmhjbFBLAQIUAxQACAAIAAAAIYpejKIn0gAAAAQYAAANAAAAAAAAAAAAAACkgTQGAABhcHAvLkRTX1N0b3JlUEsBAhQDFAAIAAgAAAAhihVoR6W7AQAA5wMAAA4AAAAAAAAAAAAAAKSBQQcAAGFwcC9jb21wdXRlLnRmUEsBAhQDFAAIAAgAAAAhiqqUDi1RAAAAmAAAAA4AAAAAAAAAAAAAAKSBOAkAAGFwcC9vdXRwdXRzLnRmUEsBAhQDFAAIAAgAAAAhipu1JgWOAAAABwEAABsAAAAAAAAAAAAAAKSBxQkAAGFwcC9zY3JpcHRzL2luc3RhbGxodHRwZC5zaFBLAQIUAxQACAAIAAAAIYoVpE+FogAAAKoBAAAPAAAAAAAAAAAAAACkgZwKAABhcHAvdmFyaWFibGUudGZQSwECFAMUAAgACAAAACGKldGDEm4BAAAlBAAAGgAAAAAAAAAAAAAApIF7CwAAYXV0b3NjYWxpbmcvYXV0b3NjYWxpbmcudGZQSwECFAMUAAgACAAAACGKhafKsW0AAACTAAAAGgAAAAAAAAAAAAAApIExDQAAY29tcGFydG1lbnQvY29tcGFydG1lbnQudGZQSwECFAMUAAgACAAAACGKGEY5M0gAAABHAAAAIQAAAAAAAAAAAAAApIHmDQAAY29tcGFydG1lbnQvY29tcGFydG1lbnRfb3V0cHV0LnRmUEsBAhQDFAAIAAgAAAAhitD69WZFAAAASAAAABcAAAAAAAAAAAAAAKSBfQ4AAGNvbXBhcnRtZW50L3ZhcmlhYmxlLnRmUEsBAhQDFAAIAAgAAAAhijQVh1a/AQAA2QQAAAgAAAAAAAAAAAAAAKSBBw8AAGxiL2xiLnRmUEsBAhQDFAAIAAgAAAAhijqN+AJRAAAAWQAAAAwAAAAAAAAAAAAAAKSB/BAAAGxiL291dHB1dC50ZlBLAQIUAxQACAAIAAAAIYqte8YSTAAAAF8AAAAOAAAAAAAAAAAAAACkgYcRAABsYi92YXJpYWJsZS50ZlBLAQIUAxQACAAIAAAAIYru34ccVgIAAJgHAAAHAAAAAAAAAAAAAACkgQ8SAABtYWluLnRmUEsBAhQDFAAIAAgAAAAhikoCXwbJAAAAbwEAAA4AAAAAAAAAAAAAAKSBmhQAAG15c3FsL215c3FsLnRmUEsBAhQDFAAIAAgAAAAhirIkghJRAAAAVAAAABAAAAAAAAAAAAAAAKSBnxUAAG15c3FsL291dHB1dHMudGZQSwECFAMUAAgACAAAACGKlmT3sWoAAADeAAAAEQAAAAAAAAAAAAAApIEuFgAAbXlzcWwvdmFyaWFibGUudGZQSwECFAMUAAgACAAAACGKD22m0c0DAADIDgAACwAAAAAAAAAAAAAApIHXFgAAc2NoZW1hLnlhbWxQSwECFAMUAAgACAAAACGKlsnPkIsBAACVAwAACwAAAAAAAAAAAAAApIHdGgAAdmFyaWFibGUudGZQSwECFAMUAAgACAAAACGKagCIba4AAAAEGAAADQAAAAAAAAAAAAAApIGhHAAAdmNuLy5EU19TdG9yZVBLAQIUAxQACAAIAAAAIYpttQj4ywAAALgBAAAJAAAAAAAAAAAAAACkgYodAAB2Y24vaWcudGZQSwECFAMUAAgACAAAACGKnRLI6ZoAAAAeAQAADQAAAAAAAAAAAAAApIGMHgAAdmNuL2xvY2Fscy50ZlBLAQIUAxQACAAIAAAAIYooJCyB4QAAAOgBAAAJAAAAAAAAAAAAAACkgWEfAAB2Y24vbmcudGZQSwECFAMUAAgACAAAACGKS/BzvYkAAAAMAQAADwAAAAAAAAAAAAAApIF5IAAAdmNuL3ZhcmlhYmxlLnRmUEsBAhQDFAAIAAgAAAAhisqEyHUXAgAASQoAAAoAAAAAAAAAAAAAAKSBPyEAAHZjbi92Y24udGZQSwECFAMUAAgACAAAACGKIgYNvmsAAADJAAAAEQAAAAAAAAAAAAAApIGOIwAAdmNuL3Zjbl9vdXRwdXQudGZQSwUGAAAAABoAGgBCBgAAOCQAAAAA",
            "vars": null
          },
          "sensitive_attributes": []
        }
      ]
    },
    {
      "module": "module.os",
      "mode": "managed",
      "type": "oci_objectstorage_bucket",
      "name": "magento_bucket",
      "provider": "provider[\"registry.terraform.io/hashicorp/oci\"]",
      "instances": [
        {
          "schema_version": 0,
          "attributes": {
            "access_type": "NoPublicAccess",
            "approximate_count": "1",
            "approximate_size": "14528",
            "bucket_id": "ocid1.bucket.oc1.ap-sydney-1.aaaaaaaavagy4mqfn6mq7obchfmvkmyqzrzfljnzzqz6jbg4og3acyquvltq",
            "compartment_id": "ocid1.compartment.oc1..aaaaaaaacmdop4fwrdak5aunv6aeex3trwbujhk4jdqegna4lo7ittea5wdq",
            "created_by": "ocid1.user.oc1..aaaaaaaafawx54qczcs5w6dtpfzjlcbewrczky3vixnds5tcsd5vlvfl3via",
            "defined_tags": {
              "owner.owner": "speciallist2.admin02"
            },
            "etag": "f46f741b-0596-4b55-b849-3e85a40f9e85",
            "freeform_tags": {},
            "id": "n/ocichina001/b/prod",
            "is_read_only": false,
            "kms_key_id": null,
            "metadata": null,
            "name": "prod",
            "namespace": "ocichina001",
            "object_events_enabled": false,
            "object_lifecycle_policy_etag": null,
            "replication_enabled": false,
            "retention_rules": [],
            "storage_tier": "Standard",
            "time_created": "2021-03-26 04:45:04.617 +0000 UTC",
            "timeouts": null,
            "versioning": "Disabled"
          },
          "sensitive_attributes": [],
          "private": "eyJlMmJmYjczMC1lY2FhLTExZTYtOGY4OC0zNDM2M2JjN2M0YzAiOnsiY3JlYXRlIjoxMjAwMDAwMDAwMDAwLCJkZWxldGUiOjEyMDAwMDAwMDAwMDAsInVwZGF0ZSI6MTIwMDAwMDAwMDAwMH19",
          "dependencies": [
            "data.oci_objectstorage_namespace.user_namespace"
          ]
        }
      ]
    },
    {
      "module": "module.os",
      "mode": "managed",
      "type": "oci_objectstorage_object",
      "name": "magento_basic",
      "provider": "provider[\"registry.terraform.io/hashicorp/oci\"]",
      "instances": [
        {
          "schema_version": 0,
          "attributes": {
            "bucket": "prod",
            "cache_control": null,
            "content": "730e5324e3f8b85a28770839c6396eca",
            "content_disposition": null,
            "content_encoding": null,
            "content_language": null,
            "content_length": "14528",
            "content_md5": "cw5TJOP4uFoodwg5xjluyg==",
            "content_type": "application/octet-stream",
            "delete_all_object_versions": false,
            "id": "n/ocichina001/b/prod/o/orm.zip",
            "metadata": null,
            "namespace": "ocichina001",
            "object": "orm.zip",
            "source": null,
            "source_uri_details": [],
            "state": "COMPLETED",
            "storage_tier": "Standard",
            "timeouts": null,
            "version_id": "d6dd94a0-604c-432c-8248-aa29229682b4",
            "work_request_id": ""
          },
          "sensitive_attributes": [],
          "private": "eyJlMmJmYjczMC1lY2FhLTExZTYtOGY4OC0zNDM2M2JjN2M0YzAiOnsiY3JlYXRlIjoxMjAwMDAwMDAwMDAwLCJkZWxldGUiOjEyMDAwMDAwMDAwMDAsInVwZGF0ZSI6MTIwMDAwMDAwMDAwMH19",
          "dependencies": [
            "data.oci_objectstorage_namespace.user_namespace",
            "module.os.data.template_file.installhttpd",
            "module.os.oci_objectstorage_bucket.magento_bucket"
          ]
        }
      ]
    },
    {
      "module": "module.os",
      "mode": "managed",
      "type": "oci_objectstorage_object",
      "name": "magento_media",
      "provider": "provider[\"registry.terraform.io/hashicorp/oci\"]",
      "instances": [
        {
          "index_key": "demo1.html",
          "schema_version": 0,
          "attributes": {
            "bucket": "prod",
            "cache_control": null,
            "content": null,
            "content_disposition": null,
            "content_encoding": null,
            "content_language": null,
            "content_length": "1256",
            "content_md5": "XimrDp4QUVw46Slq3hpHmA==",
            "content_type": "application/octet-stream",
            "delete_all_object_versions": false,
            "id": "n/ocichina001/b/prod/o/demo1.html",
            "metadata": null,
            "namespace": "ocichina001",
            "object": "demo1.html",
            "source": "objectstorage/static/demo1.html 2019-05-13 14:46:44.154445316 +0800 CST",
            "source_uri_details": [],
            "state": "COMPLETED",
            "storage_tier": "Standard",
            "timeouts": null,
            "version_id": "8e702b88-0f27-45c7-a917-ce28eedb1f68",
            "work_request_id": ""
          },
          "sensitive_attributes": [],
          "private": "eyJlMmJmYjczMC1lY2FhLTExZTYtOGY4OC0zNDM2M2JjN2M0YzAiOnsiY3JlYXRlIjoxMjAwMDAwMDAwMDAwLCJkZWxldGUiOjEyMDAwMDAwMDAwMDAsInVwZGF0ZSI6MTIwMDAwMDAwMDAwMH19",
          "dependencies": [
            "data.oci_objectstorage_namespace.user_namespace",
            "module.os.oci_objectstorage_bucket.magento_bucket"
          ]
        },
        {
          "index_key": "democdn.html",
          "schema_version": 0,
          "attributes": {
            "bucket": "prod",
            "cache_control": null,
            "content": null,
            "content_disposition": null,
            "content_encoding": null,
            "content_language": null,
            "content_length": "1186",
            "content_md5": "kho/evqtrhab6R/DQ+JlAQ==",
            "content_type": "application/octet-stream",
            "delete_all_object_versions": false,
            "id": "n/ocichina001/b/prod/o/democdn.html",
            "metadata": null,
            "namespace": "ocichina001",
            "object": "democdn.html",
            "source": "objectstorage/static/democdn.html 2019-05-13 15:38:33.518835945 +0800 CST",
            "source_uri_details": [],
            "state": "COMPLETED",
            "storage_tier": "Standard",
            "timeouts": null,
            "version_id": "baef382f-0e61-4467-b083-84fde48d4382",
            "work_request_id": ""
          },
          "sensitive_attributes": [],
          "private": "eyJlMmJmYjczMC1lY2FhLTExZTYtOGY4OC0zNDM2M2JjN2M0YzAiOnsiY3JlYXRlIjoxMjAwMDAwMDAwMDAwLCJkZWxldGUiOjEyMDAwMDAwMDAwMDAsInVwZGF0ZSI6MTIwMDAwMDAwMDAwMH19",
          "dependencies": [
            "data.oci_objectstorage_namespace.user_namespace",
            "module.os.oci_objectstorage_bucket.magento_bucket"
          ]
        }
      ]
    }
  ]
}
