{
  "version": 4,
  "terraform_version": "0.14.8",
  "serial": 103,
  "lineage": "8d53079a-3ae9-2c12-59d5-dadcf2cac93b",
  "outputs": {
    "loadbalancer-ip": {
      "value": [
        [
          {
            "ip_address": "168.138.107.217",
            "is_public": true,
            "reserved_ip": []
          }
        ]
      ],
      "type": [
        "tuple",
        [
          [
            "list",
            [
              "object",
              {
                "ip_address": "string",
                "is_public": "bool",
                "reserved_ip": [
                  "list",
                  [
                    "object",
                    {
                      "id": "string"
                    }
                  ]
                ]
              }
            ]
          ]
        ]
      ]
    },
    "mysql-ip": {
      "value": "172.16.2.3",
      "type": "string"
    },
    "show-ads": {
      "value": [
        {
          "compartment_id": "ocid1.compartment.oc1..aaaaaaaacmdop4fwrdak5aunv6aeex3trwbujhk4jdqegna4lo7ittea5wdq",
          "id": "ocid1.availabilitydomain.oc1..aaaaaaaalhnzffyixz4hyhp7gtcdskahy22cekpcgndvwdjffrdv6d5iqi5a",
          "name": "dTZF:AP-SYDNEY-1-AD-1"
        }
      ],
      "type": [
        "list",
        [
          "object",
          {
            "compartment_id": "string",
            "id": "string",
            "name": "string"
          }
        ]
      ]
    }
  },
  "resources": [
    {
      "mode": "data",
      "type": "oci_identity_availability_domains",
      "name": "ads",
      "provider": "provider[\"registry.terraform.io/hashicorp/oci\"]",
      "instances": [
        {
          "schema_version": 0,
          "attributes": {
            "availability_domains": [
              {
                "compartment_id": "ocid1.compartment.oc1..aaaaaaaacmdop4fwrdak5aunv6aeex3trwbujhk4jdqegna4lo7ittea5wdq",
                "id": "ocid1.availabilitydomain.oc1..aaaaaaaalhnzffyixz4hyhp7gtcdskahy22cekpcgndvwdjffrdv6d5iqi5a",
                "name": "dTZF:AP-SYDNEY-1-AD-1"
              }
            ],
            "compartment_id": "ocid1.compartment.oc1..aaaaaaaacmdop4fwrdak5aunv6aeex3trwbujhk4jdqegna4lo7ittea5wdq",
            "filter": null,
            "id": "IdentityAvailabilityDomainsDataSource-1899402908"
          },
          "sensitive_attributes": []
        }
      ]
    },
    {
      "mode": "data",
      "type": "oci_mysql_mysql_configurations",
      "name": "shape",
      "provider": "provider[\"registry.terraform.io/hashicorp/oci\"]",
      "instances": [
        {
          "schema_version": 0,
          "attributes": {
            "compartment_id": "ocid1.compartment.oc1..aaaaaaaacmdop4fwrdak5aunv6aeex3trwbujhk4jdqegna4lo7ittea5wdq",
            "configuration_id": null,
            "configurations": [
              {
                "compartment_id": "",
                "defined_tags": {},
                "description": "Default Standalone configuration for the MySQL.VM.Standard.E3.1.8GB MySQL Shape",
                "display_name": "MySQL.VM.Standard.E3.1.8GB.Standalone",
                "freeform_tags": {},
                "id": "ocid1.mysqlconfiguration.oc1..aaaaaaaalwzc2a22xqm56fwjwfymixnulmbq3v77p5v4lcbb6qhkftxf2trq",
                "parent_configuration_id": "",
                "shape_name": "MySQL.VM.Standard.E3.1.8GB",
                "state": "ACTIVE",
                "time_created": "2018-09-21 10:00:00 +0000 UTC",
                "time_updated": "",
                "type": "DEFAULT",
                "variables": []
              },
              {
                "compartment_id": "",
                "defined_tags": {},
                "description": "Default HA configuration for the MySQL.VM.Standard.E3.1.8GB MySQL Shape",
                "display_name": "MySQL.VM.Standard.E3.1.8GB.HA",
                "freeform_tags": {},
                "id": "ocid1.mysqlconfiguration.oc1..aaaaaaaantprksu6phqfgr5xvyut46wdfesdszonbclybfwvahgysfjbrb4q",
                "parent_configuration_id": "",
                "shape_name": "MySQL.VM.Standard.E3.1.8GB",
                "state": "ACTIVE",
                "time_created": "2018-09-21 10:00:00 +0000 UTC",
                "time_updated": "",
                "type": "DEFAULT",
                "variables": []
              }
            ],
            "display_name": null,
            "filter": null,
            "id": "MysqlMysqlConfigurationsDataSource-268080294",
            "shape_name": "MySQL.VM.Standard.E3.1.8GB",
            "state": null,
            "type": [
              "DEFAULT"
            ]
          },
          "sensitive_attributes": []
        }
      ]
    },
    {
      "mode": "managed",
      "type": "tls_private_key",
      "name": "public_private_key_pair",
      "provider": "provider[\"registry.terraform.io/hashicorp/tls\"]",
      "instances": [
        {
          "schema_version": 0,
          "attributes": {
            "algorithm": "RSA",
            "ecdsa_curve": "P224",
            "id": "a9ea7bb08520f59ba7a944ca67357f4b1e206fdd",
            "private_key_pem": "-----BEGIN RSA PRIVATE KEY-----\nMIIEowIBAAKCAQEApD/9BwoU64Ux9AWajqqV50fGiDD5yq11ns9ffGWSePqFsez1\n/hLROkONHuwTgIFyxtmr+MmAxb4POlDfFRQmLMMZ5SDjlEy5FAAG9Al4/j+HGLuP\nAGefj3GPNOXXYDJC7CQ3ZxnQ82piGol+Y3N1rsQB2TWFc3p6aETxI9SPj/ZWgNhR\n3/VM29beT27rMSAGP1veHg3IOrv1Ow3yORCBQ1qV62oGd0izY9z5T+1JmX+gcKWV\nTwt4KbgINWMGmQJS8tsFXqbc9Wp9fvEcdn+mFOMx4KfZAxJw6xrf2Wz+2kmZNveE\n7O7Pg7GcAn7h4AnWSxcg4FWWNfedF0q1hLyZ+QIDAQABAoIBABXW1EP9WS6/tRan\nMBfMIsZvyrwNFwmV6s/E7wNRVhpz5Rb1VPgFdIB0vuzfovAxRhuekbkwwciJLuko\nG6Fn3nORNX4700bCtNEt9763C7lypPnq5ma9YH/oL4xvCyYlSLSxVBSHYDsdaBHz\nOjTrAzjLoxtIfIgQPvpiQFXtS3Furx6v7rjpCumxkZ6peDmcLKpV4aN1xZpFI9JP\nI6pBJOha9rqIwhVBjEqERi/xdXTuGeRWixWUdH1/Ck07YKyfnUyg3GHo2vm6l6in\na+0m64sQuLawABNnoD4AmJ/84jsNCrnoAf5/VPRkYPdWdzITppr7vRmI4rRghHnP\nQSKo7ekCgYEA08o1WApd8k7DcSI5TqEUC63EPwRk8exjDXuCuieCp542bYoUNPRi\n5HpLoa46DyM8yspfGBC6k6mvcvoA7UV+eOlJfXsHxZTGySRznLFQHHGkZ5Y6JFDu\nl+FjLtEpBjwuowBr0TZORHE4PGRNtRLIVaO5qfhx6Wjre39aH8WlLYsCgYEAxolO\nCDRuK8J4kNWwj9b0HaGOzxCCym+j4BE+xzdPedQmW8510oJ/StOxoy99IbbY0IZb\nqIsBkeP9xxubCUkqXllLsu9HDH2PZJW+SjoGzJ62mah52I30gDWzgF155xw3lR7J\nZhTzSa9QQ11XlfWJoomQ0Ja/al6b4dVoESL5jwsCgYA8pcf2ySkz7Qgcio9ci9Xg\nrkbnQMvjVyzaPIcn5Y6Nj0nIvmSg8WasRLUJvImVsiKDc8YdbxTumgXK5/qB94eK\n+kr4KtYD52GxUcXllgT50DUjEKrfoWlhhsJPMsgLqAo21TUKuQFaqg1Phe2Wr6U8\nmODe4m1ESK4+NC7LsF5nlwKBgEIARWOu4m1DwkcL8x1ubUsoeUxXBdP8lzMXKJKb\nzZ0HrRTaJwsrfNvIUoaYc/XwTlXMRM5cH9J7Q9OcVscYfrBM6UB8EVeSqkfbDB6q\n+bWuka+1dYRLdNvmfl0PNkZheAzn5jY8gsCdOoaaklJ1BSN2riDZ7JqVBydlhaok\nwWgPAoGBAK6hFLlhulIhiUlMOQsaOMnntL8GIJaJQQ7PoasexqghbsAyulQ4mh/V\nedOaOYa6wZglU+oBMcgRwdCubPpnm25x4yh9I0jHBl+eKyJS3b47GqKdZoJ4EwaQ\nFTmbj0AEHB6cyg/ks4BqYuJNQTYmcor80bCG17/4qDZ4cI+Ic9nV\n-----END RSA PRIVATE KEY-----\n",
            "public_key_fingerprint_md5": "f3:c6:9b:2d:c4:1f:75:c3:68:8c:44:e9:7f:5e:58:8b",
            "public_key_openssh": "ssh-rsa AAAAB3NzaC1yc2EAAAADAQABAAABAQCkP/0HChTrhTH0BZqOqpXnR8aIMPnKrXWez198ZZJ4+oWx7PX+EtE6Q40e7BOAgXLG2av4yYDFvg86UN8VFCYswxnlIOOUTLkUAAb0CXj+P4cYu48AZ5+PcY805ddgMkLsJDdnGdDzamIaiX5jc3WuxAHZNYVzenpoRPEj1I+P9laA2FHf9Uzb1t5PbusxIAY/W94eDcg6u/U7DfI5EIFDWpXragZ3SLNj3PlP7UmZf6BwpZVPC3gpuAg1YwaZAlLy2wVeptz1an1+8Rx2f6YU4zHgp9kDEnDrGt/ZbP7aSZk294Ts7s+DsZwCfuHgCdZLFyDgVZY1950XSrWEvJn5\n",
            "public_key_pem": "-----BEGIN PUBLIC KEY-----\nMIIBIjANBgkqhkiG9w0BAQEFAAOCAQ8AMIIBCgKCAQEApD/9BwoU64Ux9AWajqqV\n50fGiDD5yq11ns9ffGWSePqFsez1/hLROkONHuwTgIFyxtmr+MmAxb4POlDfFRQm\nLMMZ5SDjlEy5FAAG9Al4/j+HGLuPAGefj3GPNOXXYDJC7CQ3ZxnQ82piGol+Y3N1\nrsQB2TWFc3p6aETxI9SPj/ZWgNhR3/VM29beT27rMSAGP1veHg3IOrv1Ow3yORCB\nQ1qV62oGd0izY9z5T+1JmX+gcKWVTwt4KbgINWMGmQJS8tsFXqbc9Wp9fvEcdn+m\nFOMx4KfZAxJw6xrf2Wz+2kmZNveE7O7Pg7GcAn7h4AnWSxcg4FWWNfedF0q1hLyZ\n+QIDAQAB\n-----END PUBLIC KEY-----\n",
            "rsa_bits": 2048
          },
          "sensitive_attributes": [],
          "private": "bnVsbA=="
        }
      ]
    },
    {
      "module": "module.a_vcn",
      "mode": "managed",
      "type": "oci_core_internet_gateway",
      "name": "ig01",
      "provider": "provider[\"registry.terraform.io/hashicorp/oci\"]",
      "instances": [
        {
          "schema_version": 0,
          "attributes": {
            "compartment_id": "ocid1.compartment.oc1..aaaaaaaacmdop4fwrdak5aunv6aeex3trwbujhk4jdqegna4lo7ittea5wdq",
            "defined_tags": {
              "owner.owner": "speciallist2.admin02"
            },
            "display_name": "ig01",
            "enabled": true,
            "freeform_tags": {},
            "id": "ocid1.internetgateway.oc1.ap-sydney-1.aaaaaaaajsjlfd2dujknx72h2ylghjjy6hr4fy4d5jsbd6nvsel54bylqhbq",
            "state": "AVAILABLE",
            "time_created": "2021-03-24 08:47:37.951 +0000 UTC",
            "timeouts": null,
            "vcn_id": "ocid1.vcn.oc1.ap-sydney-1.amaaaaaacuco5yqabx2soprpcoom7dfs52u2ldgj77ra4xozyx334kxjhxiq"
          },
          "sensitive_attributes": [],
          "private": "eyJlMmJmYjczMC1lY2FhLTExZTYtOGY4OC0zNDM2M2JjN2M0YzAiOnsiY3JlYXRlIjoxMjAwMDAwMDAwMDAwLCJkZWxldGUiOjEyMDAwMDAwMDAwMDAsInVwZGF0ZSI6MTIwMDAwMDAwMDAwMH19",
          "dependencies": [
            "module.a_vcn.oci_core_vcn.prod_vcn"
          ]
        }
      ]
    },
    {
      "module": "module.a_vcn",
      "mode": "managed",
      "type": "oci_core_nat_gateway",
      "name": "nat_gateway",
      "provider": "provider[\"registry.terraform.io/hashicorp/oci\"]",
      "instances": [
        {
          "schema_version": 0,
          "attributes": {
            "block_traffic": false,
            "compartment_id": "ocid1.compartment.oc1..aaaaaaaacmdop4fwrdak5aunv6aeex3trwbujhk4jdqegna4lo7ittea5wdq",
            "defined_tags": {
              "owner.owner": "speciallist2.admin02"
            },
            "display_name": "nat-gw",
            "freeform_tags": {},
            "id": "ocid1.natgateway.oc1.ap-sydney-1.aaaaaaaa66kazhks2regs5odwcxjugw2lhfmsa5pvv7ueyrujqtoiptg6pma",
            "nat_ip": "152.67.107.230",
            "public_ip_id": "ocid1.publicip.oc1.ap-sydney-1.aaaaaaaayucy3fh5f5hqfvj4yrpp7si4nccxb7p227lvcmtbhgnuwegrdeja",
            "state": "AVAILABLE",
            "time_created": "2021-03-24 08:47:38.338 +0000 UTC",
            "timeouts": null,
            "vcn_id": "ocid1.vcn.oc1.ap-sydney-1.amaaaaaacuco5yqabx2soprpcoom7dfs52u2ldgj77ra4xozyx334kxjhxiq"
          },
          "sensitive_attributes": [],
          "private": "eyJlMmJmYjczMC1lY2FhLTExZTYtOGY4OC0zNDM2M2JjN2M0YzAiOnsiY3JlYXRlIjoxMjAwMDAwMDAwMDAwLCJkZWxldGUiOjEyMDAwMDAwMDAwMDAsInVwZGF0ZSI6MTIwMDAwMDAwMDAwMH19",
          "dependencies": [
            "module.a_vcn.oci_core_vcn.prod_vcn"
          ]
        }
      ]
    },
    {
      "module": "module.a_vcn",
      "mode": "managed",
      "type": "oci_core_route_table",
      "name": "ig_route",
      "provider": "provider[\"registry.terraform.io/hashicorp/oci\"]",
      "instances": [
        {
          "schema_version": 0,
          "attributes": {
            "compartment_id": "ocid1.compartment.oc1..aaaaaaaacmdop4fwrdak5aunv6aeex3trwbujhk4jdqegna4lo7ittea5wdq",
            "defined_tags": {
              "owner.owner": "speciallist2.admin02"
            },
            "display_name": "public-route-table",
            "freeform_tags": {},
            "id": "ocid1.routetable.oc1.ap-sydney-1.aaaaaaaanezi24ek7ykxdfootykamvig2fv4gpbsjjvmdopr2plwcoivci4q",
            "route_rules": [
              {
                "cidr_block": "",
                "description": "",
                "destination": "0.0.0.0/0",
                "destination_type": "CIDR_BLOCK",
                "network_entity_id": "ocid1.internetgateway.oc1.ap-sydney-1.aaaaaaaajsjlfd2dujknx72h2ylghjjy6hr4fy4d5jsbd6nvsel54bylqhbq"
              }
            ],
            "state": "AVAILABLE",
            "time_created": "2021-03-24 08:47:39.36 +0000 UTC",
            "timeouts": null,
            "vcn_id": "ocid1.vcn.oc1.ap-sydney-1.amaaaaaacuco5yqabx2soprpcoom7dfs52u2ldgj77ra4xozyx334kxjhxiq"
          },
          "sensitive_attributes": [],
          "private": "eyJlMmJmYjczMC1lY2FhLTExZTYtOGY4OC0zNDM2M2JjN2M0YzAiOnsiY3JlYXRlIjoxMjAwMDAwMDAwMDAwLCJkZWxldGUiOjEyMDAwMDAwMDAwMDAsInVwZGF0ZSI6MTIwMDAwMDAwMDAwMH19",
          "dependencies": [
            "module.a_vcn.oci_core_internet_gateway.ig01",
            "module.a_vcn.oci_core_vcn.prod_vcn"
          ]
        }
      ]
    },
    {
      "module": "module.a_vcn",
      "mode": "managed",
      "type": "oci_core_route_table",
      "name": "nat_route",
      "provider": "provider[\"registry.terraform.io/hashicorp/oci\"]",
      "instances": [
        {
          "schema_version": 0,
          "attributes": {
            "compartment_id": "ocid1.compartment.oc1..aaaaaaaacmdop4fwrdak5aunv6aeex3trwbujhk4jdqegna4lo7ittea5wdq",
            "defined_tags": {
              "owner.owner": "speciallist2.admin02"
            },
            "display_name": "private-route-table",
            "freeform_tags": {},
            "id": "ocid1.routetable.oc1.ap-sydney-1.aaaaaaaajcofttjzjzdzofed7f43ycwgqqjesvn7etqczqoomm7zhiywfdta",
            "route_rules": [
              {
                "cidr_block": "",
                "description": "",
                "destination": "0.0.0.0/0",
                "destination_type": "CIDR_BLOCK",
                "network_entity_id": "ocid1.natgateway.oc1.ap-sydney-1.aaaaaaaa66kazhks2regs5odwcxjugw2lhfmsa5pvv7ueyrujqtoiptg6pma"
              }
            ],
            "state": "AVAILABLE",
            "time_created": "2021-03-24 08:47:40.295 +0000 UTC",
            "timeouts": null,
            "vcn_id": "ocid1.vcn.oc1.ap-sydney-1.amaaaaaacuco5yqabx2soprpcoom7dfs52u2ldgj77ra4xozyx334kxjhxiq"
          },
          "sensitive_attributes": [],
          "private": "eyJlMmJmYjczMC1lY2FhLTExZTYtOGY4OC0zNDM2M2JjN2M0YzAiOnsiY3JlYXRlIjoxMjAwMDAwMDAwMDAwLCJkZWxldGUiOjEyMDAwMDAwMDAwMDAsInVwZGF0ZSI6MTIwMDAwMDAwMDAwMH19",
          "dependencies": [
            "module.a_vcn.oci_core_nat_gateway.nat_gateway",
            "module.a_vcn.oci_core_vcn.prod_vcn"
          ]
        }
      ]
    },
    {
      "module": "module.a_vcn",
      "mode": "managed",
      "type": "oci_core_security_list",
      "name": "app-security-list",
      "provider": "provider[\"registry.terraform.io/hashicorp/oci\"]",
      "instances": [
        {
          "schema_version": 0,
          "attributes": {
            "compartment_id": "ocid1.compartment.oc1..aaaaaaaacmdop4fwrdak5aunv6aeex3trwbujhk4jdqegna4lo7ittea5wdq",
            "defined_tags": {
              "owner.owner": "speciallist2.admin02"
            },
            "display_name": "app-security-list",
            "egress_security_rules": [
              {
                "description": "",
                "destination": "0.0.0.0/0",
                "destination_type": "CIDR_BLOCK",
                "icmp_options": [],
                "protocol": "all",
                "stateless": false,
                "tcp_options": [],
                "udp_options": []
              }
            ],
            "freeform_tags": {},
            "id": "ocid1.securitylist.oc1.ap-sydney-1.aaaaaaaaxtdf7ipj47b5rifypdivgkmvekf2obm75lnkevj2xnd2na5jy6ca",
            "ingress_security_rules": [
              {
                "description": "",
                "icmp_options": [],
                "protocol": "6",
                "source": "0.0.0.0/0",
                "source_type": "CIDR_BLOCK",
                "stateless": false,
                "tcp_options": [
                  {
                    "max": 22,
                    "min": 22,
                    "source_port_range": []
                  }
                ],
                "udp_options": []
              },
              {
                "description": "",
                "icmp_options": [],
                "protocol": "6",
                "source": "0.0.0.0/0",
                "source_type": "CIDR_BLOCK",
                "stateless": false,
                "tcp_options": [
                  {
                    "max": 80,
                    "min": 80,
                    "source_port_range": []
                  }
                ],
                "udp_options": []
              }
            ],
            "state": "AVAILABLE",
            "time_created": "2021-03-24 08:47:38.316 +0000 UTC",
            "timeouts": null,
            "vcn_id": "ocid1.vcn.oc1.ap-sydney-1.amaaaaaacuco5yqabx2soprpcoom7dfs52u2ldgj77ra4xozyx334kxjhxiq"
          },
          "sensitive_attributes": [],
          "private": "eyJlMmJmYjczMC1lY2FhLTExZTYtOGY4OC0zNDM2M2JjN2M0YzAiOnsiY3JlYXRlIjoxMjAwMDAwMDAwMDAwLCJkZWxldGUiOjEyMDAwMDAwMDAwMDAsInVwZGF0ZSI6MTIwMDAwMDAwMDAwMH19",
          "dependencies": [
            "module.a_vcn.oci_core_vcn.prod_vcn"
          ]
        }
      ]
    },
    {
      "module": "module.a_vcn",
      "mode": "managed",
      "type": "oci_core_security_list",
      "name": "db-security-list",
      "provider": "provider[\"registry.terraform.io/hashicorp/oci\"]",
      "instances": [
        {
          "schema_version": 0,
          "attributes": {
            "compartment_id": "ocid1.compartment.oc1..aaaaaaaacmdop4fwrdak5aunv6aeex3trwbujhk4jdqegna4lo7ittea5wdq",
            "defined_tags": {
              "owner.owner": "speciallist2.admin02"
            },
            "display_name": "db-security-list",
            "egress_security_rules": [
              {
                "description": "",
                "destination": "0.0.0.0/0",
                "destination_type": "CIDR_BLOCK",
                "icmp_options": [],
                "protocol": "all",
                "stateless": false,
                "tcp_options": [],
                "udp_options": []
              }
            ],
            "freeform_tags": {},
            "id": "ocid1.securitylist.oc1.ap-sydney-1.aaaaaaaarsdiuj72jtpcbgqtfv2vq65cgq53th6k6jvpkqgmuz7r7xtokkcq",
            "ingress_security_rules": [
              {
                "description": "",
                "icmp_options": [],
                "protocol": "6",
                "source": "172.16.1.0/24",
                "source_type": "CIDR_BLOCK",
                "stateless": false,
                "tcp_options": [
                  {
                    "max": 22,
                    "min": 22,
                    "source_port_range": []
                  }
                ],
                "udp_options": []
              },
              {
                "description": "",
                "icmp_options": [],
                "protocol": "6",
                "source": "172.16.1.0/24",
                "source_type": "CIDR_BLOCK",
                "stateless": false,
                "tcp_options": [
                  {
                    "max": 33061,
                    "min": 33060,
                    "source_port_range": []
                  }
                ],
                "udp_options": []
              },
              {
                "description": "",
                "icmp_options": [],
                "protocol": "6",
                "source": "172.16.1.0/24",
                "source_type": "CIDR_BLOCK",
                "stateless": false,
                "tcp_options": [
                  {
                    "max": 3306,
                    "min": 3306,
                    "source_port_range": []
                  }
                ],
                "udp_options": []
              }
            ],
            "state": "AVAILABLE",
            "time_created": "2021-03-24 08:47:38.645 +0000 UTC",
            "timeouts": null,
            "vcn_id": "ocid1.vcn.oc1.ap-sydney-1.amaaaaaacuco5yqabx2soprpcoom7dfs52u2ldgj77ra4xozyx334kxjhxiq"
          },
          "sensitive_attributes": [],
          "private": "eyJlMmJmYjczMC1lY2FhLTExZTYtOGY4OC0zNDM2M2JjN2M0YzAiOnsiY3JlYXRlIjoxMjAwMDAwMDAwMDAwLCJkZWxldGUiOjEyMDAwMDAwMDAwMDAsInVwZGF0ZSI6MTIwMDAwMDAwMDAwMH19",
          "dependencies": [
            "module.a_vcn.oci_core_vcn.prod_vcn"
          ]
        }
      ]
    },
    {
      "module": "module.a_vcn",
      "mode": "managed",
      "type": "oci_core_subnet",
      "name": "app-public-subnet",
      "provider": "provider[\"registry.terraform.io/hashicorp/oci\"]",
      "instances": [
        {
          "schema_version": 0,
          "attributes": {
            "availability_domain": null,
            "cidr_block": "172.16.1.0/24",
            "compartment_id": "ocid1.compartment.oc1..aaaaaaaacmdop4fwrdak5aunv6aeex3trwbujhk4jdqegna4lo7ittea5wdq",
            "defined_tags": {
              "owner.owner": "speciallist2.admin02"
            },
            "dhcp_options_id": "ocid1.dhcpoptions.oc1.ap-sydney-1.aaaaaaaak6642fewznfplwaz2rk52cs6eaeq65egcl4ndxlliqtxakcom5pq",
            "display_name": "app_public_Subnet",
            "dns_label": "magentopub",
            "freeform_tags": {},
            "id": "ocid1.subnet.oc1.ap-sydney-1.aaaaaaaatshrskehn3igmlbmbcoukbmypuj7d7iddiay37aywtfuhcfub7uq",
            "ipv6cidr_block": null,
            "ipv6public_cidr_block": null,
            "ipv6virtual_router_ip": null,
            "prohibit_public_ip_on_vnic": false,
            "route_table_id": "ocid1.routetable.oc1.ap-sydney-1.aaaaaaaanezi24ek7ykxdfootykamvig2fv4gpbsjjvmdopr2plwcoivci4q",
            "security_list_ids": [
              "ocid1.securitylist.oc1.ap-sydney-1.aaaaaaaaxtdf7ipj47b5rifypdivgkmvekf2obm75lnkevj2xnd2na5jy6ca"
            ],
            "state": "AVAILABLE",
            "subnet_domain_name": "magentopub.magentovcn.oraclevcn.com",
            "time_created": "2021-03-24 08:47:40.145 +0000 UTC",
            "timeouts": null,
            "vcn_id": "ocid1.vcn.oc1.ap-sydney-1.amaaaaaacuco5yqabx2soprpcoom7dfs52u2ldgj77ra4xozyx334kxjhxiq",
            "virtual_router_ip": "172.16.1.1",
            "virtual_router_mac": "00:00:17:66:B6:73"
          },
          "sensitive_attributes": [],
          "private": "eyJlMmJmYjczMC1lY2FhLTExZTYtOGY4OC0zNDM2M2JjN2M0YzAiOnsiY3JlYXRlIjoxMjAwMDAwMDAwMDAwLCJkZWxldGUiOjEyMDAwMDAwMDAwMDAsInVwZGF0ZSI6MTIwMDAwMDAwMDAwMH19",
          "dependencies": [
            "module.a_vcn.oci_core_internet_gateway.ig01",
            "module.a_vcn.oci_core_route_table.ig_route",
            "module.a_vcn.oci_core_security_list.app-security-list",
            "module.a_vcn.oci_core_vcn.prod_vcn"
          ]
        }
      ]
    },
    {
      "module": "module.a_vcn",
      "mode": "managed",
      "type": "oci_core_subnet",
      "name": "db-private-subnet",
      "provider": "provider[\"registry.terraform.io/hashicorp/oci\"]",
      "instances": [
        {
          "schema_version": 0,
          "attributes": {
            "availability_domain": null,
            "cidr_block": "172.16.2.0/24",
            "compartment_id": "ocid1.compartment.oc1..aaaaaaaacmdop4fwrdak5aunv6aeex3trwbujhk4jdqegna4lo7ittea5wdq",
            "defined_tags": {
              "owner.owner": "speciallist2.admin02"
            },
            "dhcp_options_id": "ocid1.dhcpoptions.oc1.ap-sydney-1.aaaaaaaak6642fewznfplwaz2rk52cs6eaeq65egcl4ndxlliqtxakcom5pq",
            "display_name": "db_private_Subnet",
            "dns_label": "magentopri",
            "freeform_tags": {},
            "id": "ocid1.subnet.oc1.ap-sydney-1.aaaaaaaap5iek34gjpru5z6pp7mwjolfwal7ba3u6tjcmycx6bgwn4ym5kba",
            "ipv6cidr_block": null,
            "ipv6public_cidr_block": null,
            "ipv6virtual_router_ip": null,
            "prohibit_public_ip_on_vnic": true,
            "route_table_id": "ocid1.routetable.oc1.ap-sydney-1.aaaaaaaajcofttjzjzdzofed7f43ycwgqqjesvn7etqczqoomm7zhiywfdta",
            "security_list_ids": [
              "ocid1.securitylist.oc1.ap-sydney-1.aaaaaaaarsdiuj72jtpcbgqtfv2vq65cgq53th6k6jvpkqgmuz7r7xtokkcq"
            ],
            "state": "AVAILABLE",
            "subnet_domain_name": "magentopri.magentovcn.oraclevcn.com",
            "time_created": "2021-03-24 08:47:41.816 +0000 UTC",
            "timeouts": null,
            "vcn_id": "ocid1.vcn.oc1.ap-sydney-1.amaaaaaacuco5yqabx2soprpcoom7dfs52u2ldgj77ra4xozyx334kxjhxiq",
            "virtual_router_ip": "172.16.2.1",
            "virtual_router_mac": "00:00:17:66:B6:73"
          },
          "sensitive_attributes": [],
          "private": "eyJlMmJmYjczMC1lY2FhLTExZTYtOGY4OC0zNDM2M2JjN2M0YzAiOnsiY3JlYXRlIjoxMjAwMDAwMDAwMDAwLCJkZWxldGUiOjEyMDAwMDAwMDAwMDAsInVwZGF0ZSI6MTIwMDAwMDAwMDAwMH19",
          "dependencies": [
            "module.a_vcn.oci_core_nat_gateway.nat_gateway",
            "module.a_vcn.oci_core_route_table.nat_route",
            "module.a_vcn.oci_core_security_list.db-security-list",
            "module.a_vcn.oci_core_vcn.prod_vcn"
          ]
        }
      ]
    },
    {
      "module": "module.a_vcn",
      "mode": "managed",
      "type": "oci_core_vcn",
      "name": "prod_vcn",
      "provider": "provider[\"registry.terraform.io/hashicorp/oci\"]",
      "instances": [
        {
          "schema_version": 0,
          "attributes": {
            "cidr_block": "172.16.0.0/16",
            "cidr_blocks": [
              "172.16.0.0/16"
            ],
            "compartment_id": "ocid1.compartment.oc1..aaaaaaaacmdop4fwrdak5aunv6aeex3trwbujhk4jdqegna4lo7ittea5wdq",
            "default_dhcp_options_id": "ocid1.dhcpoptions.oc1.ap-sydney-1.aaaaaaaak6642fewznfplwaz2rk52cs6eaeq65egcl4ndxlliqtxakcom5pq",
            "default_route_table_id": "ocid1.routetable.oc1.ap-sydney-1.aaaaaaaax3pw7duhwyd436q4y5ejp4xpxa26343p5dfy5fz24ryylroe25zq",
            "default_security_list_id": "ocid1.securitylist.oc1.ap-sydney-1.aaaaaaaaysxphqiupzc57chbx4hdjilxf2srdnshiui3p7nfowmbcjzpr7pq",
            "defined_tags": {
              "owner.owner": "speciallist2.admin02"
            },
            "display_name": "demo_vcn",
            "dns_label": "magentovcn",
            "freeform_tags": {},
            "id": "ocid1.vcn.oc1.ap-sydney-1.amaaaaaacuco5yqabx2soprpcoom7dfs52u2ldgj77ra4xozyx334kxjhxiq",
            "ipv6cidr_block": null,
            "ipv6public_cidr_block": null,
            "is_ipv6enabled": null,
            "state": "AVAILABLE",
            "time_created": "2021-03-24 08:47:37.007 +0000 UTC",
            "timeouts": null,
            "vcn_domain_name": "magentovcn.oraclevcn.com"
          },
          "sensitive_attributes": [],
          "private": "eyJlMmJmYjczMC1lY2FhLTExZTYtOGY4OC0zNDM2M2JjN2M0YzAiOnsiY3JlYXRlIjoxMjAwMDAwMDAwMDAwLCJkZWxldGUiOjEyMDAwMDAwMDAwMDAsInVwZGF0ZSI6MTIwMDAwMDAwMDAwMH19"
        }
      ]
    },
    {
      "module": "module.lb",
      "mode": "managed",
      "type": "oci_load_balancer_backend_set",
      "name": "set1",
      "provider": "provider[\"registry.terraform.io/hashicorp/oci\"]",
      "instances": [
        {
          "schema_version": 0,
          "attributes": {
            "backend": [],
            "health_checker": [
              {
                "interval_ms": 30000,
                "port": 80,
                "protocol": "TCP",
                "response_body_regex": ".*",
                "retries": 3,
                "return_code": 200,
                "timeout_in_millis": 3000,
                "url_path": ""
              }
            ],
            "id": "loadBalancers/ocid1.loadbalancer.oc1.ap-sydney-1.aaaaaaaafmhiilpdqfz3qfnnz62kzb6b32u3jubgglazdtbiv3jo7qlwfyha/backendSets/set1",
            "lb_cookie_session_persistence_configuration": [],
            "load_balancer_id": "ocid1.loadbalancer.oc1.ap-sydney-1.aaaaaaaafmhiilpdqfz3qfnnz62kzb6b32u3jubgglazdtbiv3jo7qlwfyha",
            "name": "set1",
            "policy": "ROUND_ROBIN",
            "session_persistence_configuration": [],
            "ssl_configuration": [],
            "state": "SUCCEEDED",
            "timeouts": null
          },
          "sensitive_attributes": [],
          "private": "eyJlMmJmYjczMC1lY2FhLTExZTYtOGY4OC0zNDM2M2JjN2M0YzAiOnsiY3JlYXRlIjoxMjAwMDAwMDAwMDAwLCJkZWxldGUiOjEyMDAwMDAwMDAwMDAsInVwZGF0ZSI6MTIwMDAwMDAwMDAwMH19",
          "dependencies": [
            "module.a_vcn.oci_core_internet_gateway.ig01",
            "module.a_vcn.oci_core_route_table.ig_route",
            "module.a_vcn.oci_core_security_list.app-security-list",
            "module.a_vcn.oci_core_subnet.app-public-subnet",
            "module.a_vcn.oci_core_vcn.prod_vcn",
            "module.lb.oci_load_balancer_load_balancer.lb1"
          ]
        }
      ]
    },
    {
      "module": "module.lb",
      "mode": "managed",
      "type": "oci_load_balancer_listener",
      "name": "listener1",
      "provider": "provider[\"registry.terraform.io/hashicorp/oci\"]",
      "instances": [
        {
          "schema_version": 0,
          "attributes": {
            "connection_configuration": [
              {
                "backend_tcp_proxy_protocol_version": 0,
                "idle_timeout_in_seconds": "2"
              }
            ],
            "default_backend_set_name": "set1",
            "hostname_names": [],
            "id": "loadBalancers/ocid1.loadbalancer.oc1.ap-sydney-1.aaaaaaaafmhiilpdqfz3qfnnz62kzb6b32u3jubgglazdtbiv3jo7qlwfyha/listeners/http",
            "load_balancer_id": "ocid1.loadbalancer.oc1.ap-sydney-1.aaaaaaaafmhiilpdqfz3qfnnz62kzb6b32u3jubgglazdtbiv3jo7qlwfyha",
            "name": "http",
            "path_route_set_name": null,
            "port": 80,
            "protocol": "HTTP",
            "routing_policy_name": null,
            "rule_set_names": [],
            "ssl_configuration": [],
            "state": "SUCCEEDED",
            "timeouts": null
          },
          "sensitive_attributes": [],
          "private": "eyJlMmJmYjczMC1lY2FhLTExZTYtOGY4OC0zNDM2M2JjN2M0YzAiOnsiY3JlYXRlIjoxMjAwMDAwMDAwMDAwLCJkZWxldGUiOjEyMDAwMDAwMDAwMDAsInVwZGF0ZSI6MTIwMDAwMDAwMDAwMH19",
          "dependencies": [
            "module.a_vcn.oci_core_internet_gateway.ig01",
            "module.a_vcn.oci_core_route_table.ig_route",
            "module.a_vcn.oci_core_security_list.app-security-list",
            "module.a_vcn.oci_core_subnet.app-public-subnet",
            "module.a_vcn.oci_core_vcn.prod_vcn",
            "module.lb.oci_load_balancer_backend_set.set1",
            "module.lb.oci_load_balancer_load_balancer.lb1"
          ]
        }
      ]
    },
    {
      "module": "module.lb",
      "mode": "managed",
      "type": "oci_load_balancer_load_balancer",
      "name": "lb1",
      "provider": "provider[\"registry.terraform.io/hashicorp/oci\"]",
      "instances": [
        {
          "schema_version": 0,
          "attributes": {
            "compartment_id": "ocid1.compartment.oc1..aaaaaaaacmdop4fwrdak5aunv6aeex3trwbujhk4jdqegna4lo7ittea5wdq",
            "defined_tags": {
              "owner.owner": "speciallist2.admin02"
            },
            "display_name": "magento lb1",
            "freeform_tags": {},
            "id": "ocid1.loadbalancer.oc1.ap-sydney-1.aaaaaaaafmhiilpdqfz3qfnnz62kzb6b32u3jubgglazdtbiv3jo7qlwfyha",
            "ip_address_details": [
              {
                "ip_address": "168.138.107.217",
                "is_public": true,
                "reserved_ip": []
              }
            ],
            "ip_addresses": [
              "168.138.107.217"
            ],
            "ip_mode": "IPV4",
            "is_private": false,
            "network_security_group_ids": [],
            "reserved_ips": [],
            "shape": "100Mbps",
            "shape_details": [],
            "state": "ACTIVE",
            "subnet_ids": [
              "ocid1.subnet.oc1.ap-sydney-1.aaaaaaaatshrskehn3igmlbmbcoukbmypuj7d7iddiay37aywtfuhcfub7uq"
            ],
            "system_tags": {},
            "time_created": "2021-03-24 08:47:42.791 +0000 UTC",
            "timeouts": null
          },
          "sensitive_attributes": [],
          "private": "eyJlMmJmYjczMC1lY2FhLTExZTYtOGY4OC0zNDM2M2JjN2M0YzAiOnsiY3JlYXRlIjoxMjAwMDAwMDAwMDAwLCJkZWxldGUiOjEyMDAwMDAwMDAwMDAsInVwZGF0ZSI6MTIwMDAwMDAwMDAwMH19",
          "dependencies": [
            "module.a_vcn.oci_core_internet_gateway.ig01",
            "module.a_vcn.oci_core_route_table.ig_route",
            "module.a_vcn.oci_core_security_list.app-security-list",
            "module.a_vcn.oci_core_subnet.app-public-subnet",
            "module.a_vcn.oci_core_vcn.prod_vcn"
          ]
        }
      ]
    },
    {
      "module": "module.mds_instance",
      "mode": "managed",
      "type": "oci_mysql_mysql_db_system",
      "name": "prod_mysql1",
      "provider": "provider[\"registry.terraform.io/hashicorp/oci\"]",
      "instances": [
        {
          "schema_version": 0,
          "attributes": {
            "admin_password": "MyMagentoPassw0rd]",
            "admin_username": "admin",
            "analytics_cluster": [],
            "availability_domain": "dTZF:AP-SYDNEY-1-AD-1",
            "backup_policy": [
              {
                "defined_tags": {},
                "freeform_tags": {},
                "is_enabled": true,
                "retention_in_days": 7,
                "window_start_time": "00:00"
              }
            ],
            "channels": [],
            "compartment_id": "ocid1.compartment.oc1..aaaaaaaacmdop4fwrdak5aunv6aeex3trwbujhk4jdqegna4lo7ittea5wdq",
            "configuration_id": "ocid1.mysqlconfiguration.oc1..aaaaaaaalwzc2a22xqm56fwjwfymixnulmbq3v77p5v4lcbb6qhkftxf2trq",
            "data_storage_size_in_gb": 50,
            "defined_tags": {
              "owner.owner": "speciallist2.admin02"
            },
            "description": null,
            "display_name": "MySQLInstance1",
            "endpoints": [
              {
                "hostname": "",
                "ip_address": "172.16.2.3",
                "modes": [
                  "READ",
                  "WRITE"
                ],
                "port": 3306,
                "port_x": 33060,
                "status": "ACTIVE",
                "status_details": ""
              }
            ],
            "fault_domain": "FAULT-DOMAIN-1",
            "freeform_tags": {},
            "hostname_label": null,
            "id": "ocid1.mysqldbsystem.oc1.ap-sydney-1.aaaaaaaayg2lnie3n7kx5cy43flg4zup4vjl3o46d5bns25x6zwdlyrezk2a",
            "ip_address": "172.16.2.3",
            "is_analytics_cluster_attached": false,
            "lifecycle_details": null,
            "maintenance": [
              {
                "window_start_time": "MONDAY 11:28"
              }
            ],
            "mysql_version": "8.0.23-u2-cloud",
            "port": 3306,
            "port_x": 33060,
            "shape_name": "MySQL.VM.Standard.E3.1.8GB",
            "shutdown_type": null,
            "source": [
              {
                "backup_id": "",
                "source_type": "NONE"
              }
            ],
            "state": "ACTIVE",
            "subnet_id": "ocid1.subnet.oc1.ap-sydney-1.aaaaaaaap5iek34gjpru5z6pp7mwjolfwal7ba3u6tjcmycx6bgwn4ym5kba",
            "time_created": "2021-03-24 08:47:45.821 +0000 UTC",
            "time_updated": "2021-03-24 08:54:07.995 +0000 UTC",
            "timeouts": null
          },
          "sensitive_attributes": [],
          "private": "eyJlMmJmYjczMC1lY2FhLTExZTYtOGY4OC0zNDM2M2JjN2M0YzAiOnsiY3JlYXRlIjozNjAwMDAwMDAwMDAwLCJkZWxldGUiOjM2MDAwMDAwMDAwMDAsInVwZGF0ZSI6MzYwMDAwMDAwMDAwMH19",
          "dependencies": [
            "data.oci_identity_availability_domains.ads",
            "module.a_vcn.oci_core_nat_gateway.nat_gateway",
            "module.a_vcn.oci_core_route_table.nat_route",
            "module.a_vcn.oci_core_security_list.db-security-list",
            "module.a_vcn.oci_core_subnet.db-private-subnet",
            "module.a_vcn.oci_core_vcn.prod_vcn"
          ]
        }
      ]
    },
    {
      "module": "module.web_autoscaling",
      "mode": "data",
      "type": "template_file",
      "name": "installhttpd",
      "provider": "provider[\"registry.terraform.io/hashicorp/template\"]",
      "instances": [
        {
          "schema_version": 0,
          "attributes": {
            "filename": null,
            "id": "5430d54047ecb278bc935b37e3083d1af92c4f53579f85cbfc535ae685ceb341",
            "rendered": "#!/bin/bash\n#set -x\n\nsudo yum install -y httpd\nsudo systemctl enable httpd\n\nsudo systemctl start httpd\nsudo firewall-cmd --permanent --add-port=80/tcp\n\nsudo firewall-cmd --permanent --add-port=443/tcp\nsudo firewall-cmd --reload\n\necho \"Installed httpd server.\"",
            "template": "#!/bin/bash\n#set -x\n\nsudo yum install -y httpd\nsudo systemctl enable httpd\n\nsudo systemctl start httpd\nsudo firewall-cmd --permanent --add-port=80/tcp\n\nsudo firewall-cmd --permanent --add-port=443/tcp\nsudo firewall-cmd --reload\n\necho \"Installed httpd server.\"",
            "vars": null
          },
          "sensitive_attributes": []
        }
      ]
    },
    {
      "module": "module.web_autoscaling",
      "mode": "managed",
      "type": "oci_autoscaling_auto_scaling_configuration",
      "name": "autoscalingconfiguration",
      "provider": "provider[\"registry.terraform.io/hashicorp/oci\"]",
      "instances": [
        {
          "schema_version": 0,
          "attributes": {
            "auto_scaling_resources": [
              {
                "id": "ocid1.instancepool.oc1.ap-sydney-1.aaaaaaaagj677ykjonia7kcvw3tabogqidwb3dhcycvuw4o3i2ufpysupofa",
                "type": "instancePool"
              }
            ],
            "compartment_id": "ocid1.compartment.oc1..aaaaaaaacmdop4fwrdak5aunv6aeex3trwbujhk4jdqegna4lo7ittea5wdq",
            "cool_down_in_seconds": 300,
            "defined_tags": {
              "owner.owner": "speciallist2.admin02"
            },
            "display_name": "AutoScalingConfiguration",
            "freeform_tags": {},
            "id": "ocid1.autoscalingconfiguration.oc1.ap-sydney-1.aaaaaaaa3ofn36ctgygs5t3hyb6ucnktpjjxp4mh4atbfr5amhusdluq5raq",
            "is_enabled": true,
            "max_resource_count": 4,
            "min_resource_count": 1,
            "policies": [
              {
                "capacity": [
                  {
                    "initial": 1,
                    "max": 4,
                    "min": 1
                  }
                ],
                "display_name": "autoscaling",
                "execution_schedule": [],
                "id": "a3cbf053-2edb-44f1-9d4a-3a4ffe5d58cb",
                "is_enabled": true,
                "policy_type": "threshold",
                "rules": [
                  {
                    "action": [
                      {
                        "type": "CHANGE_COUNT_BY",
                        "value": -1
                      }
                    ],
                    "display_name": "ScaleInRule",
                    "id": "fb11444c-248e-40b4-b694-8518eab684af",
                    "metric": [
                      {
                        "metric_type": "CPU_UTILIZATION",
                        "threshold": [
                          {
                            "operator": "LT",
                            "value": 40
                          }
                        ]
                      }
                    ]
                  },
                  {
                    "action": [
                      {
                        "type": "CHANGE_COUNT_BY",
                        "value": 1
                      }
                    ],
                    "display_name": "ScaleOutRule",
                    "id": "58153308-08d5-451a-8742-8b4c5fe1187d",
                    "metric": [
                      {
                        "metric_type": "CPU_UTILIZATION",
                        "threshold": [
                          {
                            "operator": "GT",
                            "value": 50
                          }
                        ]
                      }
                    ]
                  }
                ],
                "time_created": "2021-03-24 09:06:44.662 +0000 UTC"
              }
            ],
            "time_created": "2021-03-24 09:06:48.793 +0000 UTC",
            "timeouts": null
          },
          "sensitive_attributes": [],
          "private": "eyJlMmJmYjczMC1lY2FhLTExZTYtOGY4OC0zNDM2M2JjN2M0YzAiOnsiY3JlYXRlIjoxMjAwMDAwMDAwMDAwLCJkZWxldGUiOjEyMDAwMDAwMDAwMDAsInVwZGF0ZSI6MTIwMDAwMDAwMDAwMH19",
          "dependencies": [
            "data.oci_identity_availability_domains.ads",
            "module.a_vcn.oci_core_subnet.app-public-subnet",
            "module.lb.oci_load_balancer_backend_set.set1",
            "module.lb.oci_load_balancer_load_balancer.lb1",
            "module.web_autoscaling.data.template_file.installhttpd",
            "module.web_autoscaling.oci_core_instance_configuration.instanceconfiguration",
            "module.web_autoscaling.oci_core_instance_pool.instancepool"
          ]
        }
      ]
    },
    {
      "module": "module.web_autoscaling",
      "mode": "managed",
      "type": "oci_core_instance_configuration",
      "name": "instanceconfiguration",
      "provider": "provider[\"registry.terraform.io/hashicorp/oci\"]",
      "instances": [
        {
          "schema_version": 0,
          "attributes": {
            "compartment_id": "ocid1.compartment.oc1..aaaaaaaacmdop4fwrdak5aunv6aeex3trwbujhk4jdqegna4lo7ittea5wdq",
            "deferred_fields": [
              "instanceDetails.launchDetails.availabilityDomain",
              "instanceDetails.launchDetails.createVnicDetails.subnetId"
            ],
            "defined_tags": {
              "owner.owner": "speciallist2.admin02"
            },
            "display_name": "magento instance config",
            "freeform_tags": {},
            "id": "ocid1.instanceconfiguration.oc1.ap-sydney-1.aaaaaaaafzgpaeo5d7vzg6gemzkn7i2ayrxrhjaz7o47kdaawnape4wmhcla",
            "instance_details": [
              {
                "block_volumes": [],
                "instance_type": "compute",
                "launch_details": [
                  {
                    "agent_config": [],
                    "availability_config": [],
                    "availability_domain": "",
                    "compartment_id": "ocid1.compartment.oc1..aaaaaaaacmdop4fwrdak5aunv6aeex3trwbujhk4jdqegna4lo7ittea5wdq",
                    "create_vnic_details": [
                      {
                        "assign_public_ip": true,
                        "defined_tags": {},
                        "display_name": "",
                        "freeform_tags": {},
                        "hostname_label": "",
                        "nsg_ids": null,
                        "private_ip": "",
                        "skip_source_dest_check": false,
                        "subnet_id": ""
                      }
                    ],
                    "dedicated_vm_host_id": "",
                    "defined_tags": {},
                    "display_name": "magento instance config",
                    "extended_metadata": {},
                    "fault_domain": "",
                    "freeform_tags": {},
                    "instance_options": [],
                    "ipxe_script": "",
                    "is_pv_encryption_in_transit_enabled": false,
                    "launch_mode": "",
                    "launch_options": [],
                    "metadata": {
                      "ssh_authorized_keys": "ssh-rsa AAAAB3NzaC1yc2EAAAADAQABAAABAQCqZlH5+kpvdNVEAceA9xzjL+QNEkpDluUQu9FRkaG50nNPVPLZhLrgd8VczsqNHDpy4lN9Y3KVESEZ28qyfjfTNTT14kolUqU4hc2AF8XONVlo4HWAgx/fgYm1K/G4Hs8mVru5StHkSpGtw/Kgl1PnmZucWEAdTC+K3fRltAjx0Vtrn8Tm1eS1V7XO3LjdSinKZZ+e5T1sFEIBqH6jVDsrB7p5B0ZXMFzxwCQBR3kuU+rGr7NX4ag3gOrZOfy/5ZPx8E1GZv8o1CjeLrEU8Lxyr3OM1DGhE7X5vVFWGAS58kQnDxb0+qJJ/ZaijmxbxshdSdPbGGVZ7pc2AFzco2Nt jianbing@dhcp-10-182-225-17.cn.oracle.com\n",
                      "user_data": "IyEvYmluL2Jhc2gKI3NldCAteAoKc3VkbyB5dW0gaW5zdGFsbCAteSBodHRwZApzdWRvIHN5c3RlbWN0bCBlbmFibGUgaHR0cGQKCnN1ZG8gc3lzdGVtY3RsIHN0YXJ0IGh0dHBkCnN1ZG8gZmlyZXdhbGwtY21kIC0tcGVybWFuZW50IC0tYWRkLXBvcnQ9ODAvdGNwCgpzdWRvIGZpcmV3YWxsLWNtZCAtLXBlcm1hbmVudCAtLWFkZC1wb3J0PTQ0My90Y3AKc3VkbyBmaXJld2FsbC1jbWQgLS1yZWxvYWQKCmVjaG8gIkluc3RhbGxlZCBodHRwZCBzZXJ2ZXIuIg=="
                    },
                    "platform_config": [],
                    "preferred_maintenance_action": "",
                    "shape": "VM.Standard.E3.Flex",
                    "shape_config": [
                      {
                        "memory_in_gbs": 8,
                        "ocpus": 1
                      }
                    ],
                    "source_details": [
                      {
                        "boot_volume_id": "",
                        "boot_volume_size_in_gbs": "",
                        "image_id": "ocid1.image.oc1.ap-sydney-1.aaaaaaaa3fkl2evlr2j4uxsctjzd3i5b62sytm6wntjtvtql76r73pqj2bfa",
                        "source_type": "image"
                      }
                    ]
                  }
                ],
                "secondary_vnics": []
              }
            ],
            "instance_id": null,
            "source": null,
            "time_created": "2021-03-24 09:04:17.508 +0000 UTC",
            "timeouts": null
          },
          "sensitive_attributes": [],
          "private": "eyJlMmJmYjczMC1lY2FhLTExZTYtOGY4OC0zNDM2M2JjN2M0YzAiOnsiY3JlYXRlIjoxMjAwMDAwMDAwMDAwLCJkZWxldGUiOjEyMDAwMDAwMDAwMDAsInVwZGF0ZSI6MTIwMDAwMDAwMDAwMH19",
          "dependencies": [
            "module.web_autoscaling.data.template_file.installhttpd"
          ]
        }
      ]
    },
    {
      "module": "module.web_autoscaling",
      "mode": "managed",
      "type": "oci_core_instance_pool",
      "name": "instancepool",
      "provider": "provider[\"registry.terraform.io/hashicorp/oci\"]",
      "instances": [
        {
          "schema_version": 0,
          "attributes": {
            "actual_size": 1,
            "compartment_id": "ocid1.compartment.oc1..aaaaaaaacmdop4fwrdak5aunv6aeex3trwbujhk4jdqegna4lo7ittea5wdq",
            "defined_tags": {
              "owner.owner": "speciallist2.admin02"
            },
            "display_name": "InstancePool",
            "freeform_tags": {},
            "id": "ocid1.instancepool.oc1.ap-sydney-1.aaaaaaaagj677ykjonia7kcvw3tabogqidwb3dhcycvuw4o3i2ufpysupofa",
            "instance_configuration_id": "ocid1.instanceconfiguration.oc1.ap-sydney-1.aaaaaaaafzgpaeo5d7vzg6gemzkn7i2ayrxrhjaz7o47kdaawnape4wmhcla",
            "load_balancers": [
              {
                "backend_set_name": "set1",
                "id": "ocid1.loadbalancerattachment.oc1.ap-sydney-1.aaaaaaaaynbsysqdfrfcs2pg4um7hsodjwv4pd43qog3aan7jlmdnbhrxdwq",
                "instance_pool_id": "ocid1.instancepool.oc1.ap-sydney-1.aaaaaaaagj677ykjonia7kcvw3tabogqidwb3dhcycvuw4o3i2ufpysupofa",
                "load_balancer_id": "ocid1.loadbalancer.oc1.ap-sydney-1.aaaaaaaafmhiilpdqfz3qfnnz62kzb6b32u3jubgglazdtbiv3jo7qlwfyha",
                "port": 80,
                "state": "ATTACHED",
                "vnic_selection": "PrimaryVnic"
              }
            ],
            "placement_configurations": [
              {
                "availability_domain": "dTZF:AP-SYDNEY-1-AD-1",
                "fault_domains": [],
                "primary_subnet_id": "ocid1.subnet.oc1.ap-sydney-1.aaaaaaaatshrskehn3igmlbmbcoukbmypuj7d7iddiay37aywtfuhcfub7uq",
                "secondary_vnic_subnets": []
              }
            ],
            "size": 1,
            "state": "RUNNING",
            "time_created": "2021-03-24 09:04:19.089 +0000 UTC",
            "timeouts": null
          },
          "sensitive_attributes": [],
          "private": "eyJlMmJmYjczMC1lY2FhLTExZTYtOGY4OC0zNDM2M2JjN2M0YzAiOnsiY3JlYXRlIjozNjAwMDAwMDAwMDAwLCJkZWxldGUiOjM2MDAwMDAwMDAwMDAsInVwZGF0ZSI6MzYwMDAwMDAwMDAwMH19",
          "dependencies": [
            "data.oci_identity_availability_domains.ads",
            "module.a_vcn.oci_core_subnet.app-public-subnet",
            "module.lb.oci_load_balancer_backend_set.set1",
            "module.lb.oci_load_balancer_load_balancer.lb1",
            "module.web_autoscaling.data.template_file.installhttpd",
            "module.web_autoscaling.oci_core_instance_configuration.instanceconfiguration"
          ]
        }
      ]
    }
  ]
}
